PODS:
  - Expecta (0.3.1)
  - Expecta+Snapshots (1.2.1):
    - Expecta
    - FBSnapshotTestCase
  - FBSnapshotTestCase (1.1)
  - pjsip (2.2):
    - pjsip/pjlib
    - pjsip/pjlib_util
    - pjsip/pjmedia
    - pjsip/pjnath
    - pjsip/pjsip
    - pjsip/third_party
  - pjsip/pjlib (2.2)
  - pjsip/pjlib_util (2.2)
  - pjsip/pjmedia (2.2)
  - pjsip/pjnath (2.2)
  - pjsip/pjsip (2.2)
  - pjsip/third_party (2.2)
  - Specta (0.2.1)
  - Swig (0.1.0):
    - pjsip (~> 2.2)

DEPENDENCIES:
  - Expecta
  - Expecta+Snapshots
  - FBSnapshotTestCase
  - Specta (~> 0.2.1)
  - Swig (from `../`)

EXTERNAL SOURCES:
  Swig:
    :path: ../

SPEC CHECKSUMS:
  Expecta: 03aabd0a89d8dea843baecb19a7fd7466a69a31d
  Expecta+Snapshots: 30c28e3d8104665ee70e32df1cfc030bb37a8a6c
  FBSnapshotTestCase: 9053afee1d66b4c7c313fcb0ae582a5e47bea9d0
  pjsip: d757149590986cefc74104a4aeb1668a2dd8fa43
  Specta: 9141310f46b1f68b676650ff2854e1ed0b74163a
  Swig: 51cc8793f43eae862d8f04de6f4d62f6303f5568

COCOAPODS: 0.33.1
