PODS:
  - AFNetworking/Reachability (2.5.0)
  - CocoaLumberjack (2.0.0-beta):
    - CocoaLumberjack/CLI (= 2.0.0-beta)
    - CocoaLumberjack/Core (= 2.0.0-beta)
    - CocoaLumberjack/Extensions (= 2.0.0-beta)
  - CocoaLumberjack/CLI (2.0.0-beta):
    - CocoaLumberjack/Core
  - CocoaLumberjack/Core (2.0.0-beta)
  - CocoaLumberjack/Extensions (2.0.0-beta):
    - CocoaLumberjack/Core
  - libextobjc (0.4.1):
    - libextobjc/EXTADT (= 0.4.1)
    - libextobjc/EXTConcreteProtocol (= 0.4.1)
    - libextobjc/EXTKeyPathCoding (= 0.4.1)
    - libextobjc/EXTNil (= 0.4.1)
    - libextobjc/EXTSafeCategory (= 0.4.1)
    - libextobjc/EXTScope (= 0.4.1)
    - libextobjc/EXTSelectorChecking (= 0.4.1)
    - libextobjc/EXTSynthesize (= 0.4.1)
    - libextobjc/NSInvocation+EXT (= 0.4.1)
    - libextobjc/NSMethodSignature+EXT (= 0.4.1)
    - libextobjc/RuntimeExtensions (= 0.4.1)
    - libextobjc/UmbrellaHeader (= 0.4.1)
  - libextobjc/EXTADT (0.4.1):
    - libextobjc/RuntimeExtensions
  - libextobjc/EXTConcreteProtocol (0.4.1):
    - libextobjc/RuntimeExtensions
  - libextobjc/EXTKeyPathCoding (0.4.1):
    - libextobjc/RuntimeExtensions
  - libextobjc/EXTNil (0.4.1):
    - libextobjc/RuntimeExtensions
  - libextobjc/EXTSafeCategory (0.4.1):
    - libextobjc/RuntimeExtensions
  - libextobjc/EXTScope (0.4.1):
    - libextobjc/RuntimeExtensions
  - libextobjc/EXTSelectorChecking (0.4.1):
    - libextobjc/RuntimeExtensions
  - libextobjc/EXTSynthesize (0.4.1):
    - libextobjc/RuntimeExtensions
  - libextobjc/NSInvocation+EXT (0.4.1):
    - libextobjc/RuntimeExtensions
  - libextobjc/NSMethodSignature+EXT (0.4.1):
    - libextobjc/RuntimeExtensions
  - libextobjc/RuntimeExtensions (0.4.1)
  - libextobjc/UmbrellaHeader (0.4.1)
  - OpenSSL-Universal (1.0.1.k)
  - pjsip-ios (0.1.3):
    - OpenSSL-Universal (= 1.0.1.k)
  - Swig (0.1.6):
    - AFNetworking/Reachability (~> 2.3)
    - CocoaLumberjack (= 2.0.0-beta)
    - libextobjc (~> 0.4)
    - pjsip-ios (~> 0.1)

DEPENDENCIES:
  - AFNetworking/Reachability (~> 2.3)
  - CocoaLumberjack (= 2.0.0-beta)
  - libextobjc (~> 0.4)
  - pjsip-ios (~> 0.1)
  - Swig (from `../`)

EXTERNAL SOURCES:
  Swig:
    :path: ../

SPEC CHECKSUMS:
  AFNetworking: 0f54cb5d16ce38c1b76948faffb8d5fb705021c7
  CocoaLumberjack: aadc76d7bd6c839ca84b38ed50cbf89d7cf8c693
  libextobjc: d6146fce3ebea986b7f75fcb4c967639200b88b0
  OpenSSL-Universal: 60ee5ddf6530100c0aa702c2e0c9881cfd4a89a5
  pjsip-ios: 9fae04e5a783b4b416302e8dd9b0b107eaeee374
  Swig: 5d18131ed6f6f262459df184b7f4341462f1e8ef

COCOAPODS: 0.35.0
