PODS:
  - AFNetworking/Reachability (2.3.1)
  - CocoaLumberjack (2.0.0-beta):
    - CocoaLumberjack/CLI
    - CocoaLumberjack/Core
    - CocoaLumberjack/Extensions
  - CocoaLumberjack/CLI (2.0.0-beta):
    - CocoaLumberjack/Core
  - CocoaLumberjack/Core (2.0.0-beta)
  - CocoaLumberjack/Extensions (2.0.0-beta):
    - CocoaLumberjack/Core
  - pjsip (2.2):
    - pjsip/pjlib
    - pjsip/pjlib_util
    - pjsip/pjmedia
    - pjsip/pjnath
    - pjsip/pjsip
    - pjsip/third_party
  - pjsip/pjlib (2.2)
  - pjsip/pjlib_util (2.2)
  - pjsip/pjmedia (2.2)
  - pjsip/pjnath (2.2)
  - pjsip/pjsip (2.2)
  - pjsip/third_party (2.2)

DEPENDENCIES:
  - AFNetworking/Reachability (~> 2.3)
  - CocoaLumberjack
  - pjsip (~> 2.2)

SPEC CHECKSUMS:
  AFNetworking: 6d7b76aa5d04c8c37daad3eef4b7e3f2a7620da3
  CocoaLumberjack: aadc76d7bd6c839ca84b38ed50cbf89d7cf8c693
  pjsip: d757149590986cefc74104a4aeb1668a2dd8fa43

COCOAPODS: 0.33.1
