// !$*UTF8*$!
{
	archiveVersion = 1;
	classes = {
	};
	objectVersion = 46;
	objects = {

/* Begin PBXBuildFile section */
		2B2EB6DD19AE69AA000D3767 /* main.m in Sources */ = {isa = PBXBuildFile; fileRef = 2B2EB6DB19AE69AA000D3767 /* main.m */; };
		2B2EB6E119AE7C86000D3767 /* SWRingback.m in Sources */ = {isa = PBXBuildFile; fileRef = 2B2EB6E019AE7C86000D3767 /* SWRingback.m */; };
		2B414A2C19A53CC80012891F /* SWEndpoint.m in Sources */ = {isa = PBXBuildFile; fileRef = 2B414A2B19A53CC80012891F /* SWEndpoint.m */; };
		2B414A4219A53FDC0012891F /* SWAccountConfiguration.m in Sources */ = {isa = PBXBuildFile; fileRef = 2B414A4119A53FDC0012891F /* SWAccountConfiguration.m */; };
		2B414A4519A541050012891F /* SWTransportConfiguration.m in Sources */ = {isa = PBXBuildFile; fileRef = 2B414A4419A541050012891F /* SWTransportConfiguration.m */; };
		2B414A4819A541D90012891F /* SWEndpointConfiguration.m in Sources */ = {isa = PBXBuildFile; fileRef = 2B414A4719A541D90012891F /* SWEndpointConfiguration.m */; };
		2B4BA25819A64C790089478D /* SWAccount.m in Sources */ = {isa = PBXBuildFile; fileRef = 2B4BA25719A64C790089478D /* SWAccount.m */; };
		2B4BA25F19A652610089478D /* SWUriFormatter.m in Sources */ = {isa = PBXBuildFile; fileRef = 2B4BA25E19A652610089478D /* SWUriFormatter.m */; };
		2B4BA26619A672D10089478D /* SWCall.m in Sources */ = {isa = PBXBuildFile; fileRef = 2B4BA26519A672D10089478D /* SWCall.m */; };
		2B87877119A7D19C00920A05 /* NSString+PJString.m in Sources */ = {isa = PBXBuildFile; fileRef = 2B87877019A7D19C00920A05 /* NSString+PJString.m */; };
		2BD641CA199CE50C00589024 /* AppDelegate.m in Sources */ = {isa = PBXBuildFile; fileRef = 2BD641C9199CE50C00589024 /* AppDelegate.m */; };
		2BD641CD199CE50C00589024 /* ViewController.m in Sources */ = {isa = PBXBuildFile; fileRef = 2BD641CC199CE50C00589024 /* ViewController.m */; };
		2BD641D0199CE50C00589024 /* Main.storyboard in Resources */ = {isa = PBXBuildFile; fileRef = 2BD641CE199CE50C00589024 /* Main.storyboard */; };
		2BD641D2199CE50C00589024 /* Images.xcassets in Resources */ = {isa = PBXBuildFile; fileRef = 2BD641D1199CE50C00589024 /* Images.xcassets */; };
		2BD641DE199CE50C00589024 /* swigTests.m in Sources */ = {isa = PBXBuildFile; fileRef = 2BD641DD199CE50C00589024 /* swigTests.m */; };
		F00DCE0DE3794D569ECA384E /* libPods.a in Frameworks */ = {isa = PBXBuildFile; fileRef = EECE01F87D604B298F68AD38 /* libPods.a */; };
/* End PBXBuildFile section */

/* Begin PBXContainerItemProxy section */
		2BD641D8199CE50C00589024 /* PBXContainerItemProxy */ = {
			isa = PBXContainerItemProxy;
			containerPortal = 2BD641B9199CE50C00589024 /* Project object */;
			proxyType = 1;
			remoteGlobalIDString = 2BD641C0199CE50C00589024;
			remoteInfo = swig;
		};
/* End PBXContainerItemProxy section */

/* Begin PBXFileReference section */
		2B2EB6DA19AE69AA000D3767 /* Info.plist */ = {isa = PBXFileReference; fileEncoding = 4; lastKnownFileType = text.plist.xml; path = Info.plist; sourceTree = "<group>"; };
		2B2EB6DB19AE69AA000D3767 /* main.m */ = {isa = PBXFileReference; fileEncoding = 4; lastKnownFileType = sourcecode.c.objc; path = main.m; sourceTree = "<group>"; };
		2B2EB6DE19AE69E1000D3767 /* PrefixHeader.pch */ = {isa = PBXFileReference; lastKnownFileType = sourcecode.c.h; path = PrefixHeader.pch; sourceTree = "<group>"; };
		2B2EB6DF19AE7C86000D3767 /* SWRingback.h */ = {isa = PBXFileReference; fileEncoding = 4; lastKnownFileType = sourcecode.c.h; path = SWRingback.h; sourceTree = "<group>"; };
		2B2EB6E019AE7C86000D3767 /* SWRingback.m */ = {isa = PBXFileReference; fileEncoding = 4; lastKnownFileType = sourcecode.c.objc; path = SWRingback.m; sourceTree = "<group>"; };
		2B414A2019A53CAB0012891F /* Swig.h */ = {isa = PBXFileReference; fileEncoding = 4; lastKnownFileType = sourcecode.c.h; path = Swig.h; sourceTree = "<group>"; };
		2B414A2A19A53CC80012891F /* SWEndpoint.h */ = {isa = PBXFileReference; fileEncoding = 4; lastKnownFileType = sourcecode.c.h; path = SWEndpoint.h; sourceTree = "<group>"; };
		2B414A2B19A53CC80012891F /* SWEndpoint.m */ = {isa = PBXFileReference; fileEncoding = 4; lastKnownFileType = sourcecode.c.objc; path = SWEndpoint.m; sourceTree = "<group>"; };
		2B414A4019A53FDC0012891F /* SWAccountConfiguration.h */ = {isa = PBXFileReference; fileEncoding = 4; lastKnownFileType = sourcecode.c.h; path = SWAccountConfiguration.h; sourceTree = "<group>"; };
		2B414A4119A53FDC0012891F /* SWAccountConfiguration.m */ = {isa = PBXFileReference; fileEncoding = 4; lastKnownFileType = sourcecode.c.objc; path = SWAccountConfiguration.m; sourceTree = "<group>"; };
		2B414A4319A541050012891F /* SWTransportConfiguration.h */ = {isa = PBXFileReference; fileEncoding = 4; lastKnownFileType = sourcecode.c.h; path = SWTransportConfiguration.h; sourceTree = "<group>"; };
		2B414A4419A541050012891F /* SWTransportConfiguration.m */ = {isa = PBXFileReference; fileEncoding = 4; lastKnownFileType = sourcecode.c.objc; path = SWTransportConfiguration.m; sourceTree = "<group>"; };
		2B414A4619A541D90012891F /* SWEndpointConfiguration.h */ = {isa = PBXFileReference; fileEncoding = 4; lastKnownFileType = sourcecode.c.h; path = SWEndpointConfiguration.h; sourceTree = "<group>"; };
		2B414A4719A541D90012891F /* SWEndpointConfiguration.m */ = {isa = PBXFileReference; fileEncoding = 4; lastKnownFileType = sourcecode.c.objc; path = SWEndpointConfiguration.m; sourceTree = "<group>"; };
		2B4BA25619A64C790089478D /* SWAccount.h */ = {isa = PBXFileReference; fileEncoding = 4; lastKnownFileType = sourcecode.c.h; path = SWAccount.h; sourceTree = "<group>"; };
		2B4BA25719A64C790089478D /* SWAccount.m */ = {isa = PBXFileReference; fileEncoding = 4; lastKnownFileType = sourcecode.c.objc; path = SWAccount.m; sourceTree = "<group>"; };
		2B4BA25D19A652610089478D /* SWUriFormatter.h */ = {isa = PBXFileReference; fileEncoding = 4; lastKnownFileType = sourcecode.c.h; path = SWUriFormatter.h; sourceTree = "<group>"; };
		2B4BA25E19A652610089478D /* SWUriFormatter.m */ = {isa = PBXFileReference; fileEncoding = 4; lastKnownFileType = sourcecode.c.objc; path = SWUriFormatter.m; sourceTree = "<group>"; };
		2B4BA26419A672D10089478D /* SWCall.h */ = {isa = PBXFileReference; fileEncoding = 4; lastKnownFileType = sourcecode.c.h; path = SWCall.h; sourceTree = "<group>"; };
		2B4BA26519A672D10089478D /* SWCall.m */ = {isa = PBXFileReference; fileEncoding = 4; lastKnownFileType = sourcecode.c.objc; path = SWCall.m; sourceTree = "<group>"; };
		2B87876F19A7D19C00920A05 /* NSString+PJString.h */ = {isa = PBXFileReference; fileEncoding = 4; lastKnownFileType = sourcecode.c.h; path = "NSString+PJString.h"; sourceTree = "<group>"; };
		2B87877019A7D19C00920A05 /* NSString+PJString.m */ = {isa = PBXFileReference; fileEncoding = 4; lastKnownFileType = sourcecode.c.objc; path = "NSString+PJString.m"; sourceTree = "<group>"; };
		2BD641C1199CE50C00589024 /* swig.app */ = {isa = PBXFileReference; explicitFileType = wrapper.application; includeInIndex = 0; path = swig.app; sourceTree = BUILT_PRODUCTS_DIR; };
		2BD641C8199CE50C00589024 /* AppDelegate.h */ = {isa = PBXFileReference; lastKnownFileType = sourcecode.c.h; path = AppDelegate.h; sourceTree = "<group>"; };
		2BD641C9199CE50C00589024 /* AppDelegate.m */ = {isa = PBXFileReference; lastKnownFileType = sourcecode.c.objc; path = AppDelegate.m; sourceTree = "<group>"; };
		2BD641CB199CE50C00589024 /* ViewController.h */ = {isa = PBXFileReference; lastKnownFileType = sourcecode.c.h; path = ViewController.h; sourceTree = "<group>"; };
		2BD641CC199CE50C00589024 /* ViewController.m */ = {isa = PBXFileReference; lastKnownFileType = sourcecode.c.objc; path = ViewController.m; sourceTree = "<group>"; };
		2BD641CF199CE50C00589024 /* Base */ = {isa = PBXFileReference; lastKnownFileType = file.storyboard; name = Base; path = Base.lproj/Main.storyboard; sourceTree = "<group>"; };
		2BD641D1199CE50C00589024 /* Images.xcassets */ = {isa = PBXFileReference; lastKnownFileType = folder.assetcatalog; path = Images.xcassets; sourceTree = "<group>"; };
		2BD641D7199CE50C00589024 /* swigTests.xctest */ = {isa = PBXFileReference; explicitFileType = wrapper.cfbundle; includeInIndex = 0; path = swigTests.xctest; sourceTree = BUILT_PRODUCTS_DIR; };
		2BD641DC199CE50C00589024 /* Info.plist */ = {isa = PBXFileReference; lastKnownFileType = text.plist.xml; path = Info.plist; sourceTree = "<group>"; };
		2BD641DD199CE50C00589024 /* swigTests.m */ = {isa = PBXFileReference; lastKnownFileType = sourcecode.c.objc; path = swigTests.m; sourceTree = "<group>"; };
		2BD641E7199CE54200589024 /* CFNetwork.framework */ = {isa = PBXFileReference; lastKnownFileType = wrapper.framework; name = CFNetwork.framework; path = System/Library/Frameworks/CFNetwork.framework; sourceTree = SDKROOT; };
		2BD641E9199CE54A00589024 /* AudioToolbox.framework */ = {isa = PBXFileReference; lastKnownFileType = wrapper.framework; name = AudioToolbox.framework; path = System/Library/Frameworks/AudioToolbox.framework; sourceTree = SDKROOT; };
		2BD641EB199CE55200589024 /* CoreAudio.framework */ = {isa = PBXFileReference; lastKnownFileType = wrapper.framework; name = CoreAudio.framework; path = System/Library/Frameworks/CoreAudio.framework; sourceTree = SDKROOT; };
		2BD641ED199CE58D00589024 /* AVFoundation.framework */ = {isa = PBXFileReference; lastKnownFileType = wrapper.framework; name = AVFoundation.framework; path = System/Library/Frameworks/AVFoundation.framework; sourceTree = SDKROOT; };
		2BD641F0199CE5AE00589024 /* libg7221codec-arm-apple-darwin9.a */ = {isa = PBXFileReference; lastKnownFileType = archive.ar; name = "libg7221codec-arm-apple-darwin9.a"; path = "pjsip-lib/libg7221codec-arm-apple-darwin9.a"; sourceTree = "<group>"; };
		2BD641F1199CE5AE00589024 /* libgsmcodec-arm-apple-darwin9.a */ = {isa = PBXFileReference; lastKnownFileType = archive.ar; name = "libgsmcodec-arm-apple-darwin9.a"; path = "pjsip-lib/libgsmcodec-arm-apple-darwin9.a"; sourceTree = "<group>"; };
		2BD641F2199CE5AE00589024 /* libilbccodec-arm-apple-darwin9.a */ = {isa = PBXFileReference; lastKnownFileType = archive.ar; name = "libilbccodec-arm-apple-darwin9.a"; path = "pjsip-lib/libilbccodec-arm-apple-darwin9.a"; sourceTree = "<group>"; };
		2BD641F3199CE5AE00589024 /* libpj-arm-apple-darwin9.a */ = {isa = PBXFileReference; lastKnownFileType = archive.ar; name = "libpj-arm-apple-darwin9.a"; path = "pjsip-lib/libpj-arm-apple-darwin9.a"; sourceTree = "<group>"; };
		2BD641F4199CE5AE00589024 /* libpjlib-util-arm-apple-darwin9.a */ = {isa = PBXFileReference; lastKnownFileType = archive.ar; name = "libpjlib-util-arm-apple-darwin9.a"; path = "pjsip-lib/libpjlib-util-arm-apple-darwin9.a"; sourceTree = "<group>"; };
		2BD641F5199CE5AE00589024 /* libpjmedia-arm-apple-darwin9.a */ = {isa = PBXFileReference; lastKnownFileType = archive.ar; name = "libpjmedia-arm-apple-darwin9.a"; path = "pjsip-lib/libpjmedia-arm-apple-darwin9.a"; sourceTree = "<group>"; };
		2BD641F6199CE5AE00589024 /* libpjmedia-audiodev-arm-apple-darwin9.a */ = {isa = PBXFileReference; lastKnownFileType = archive.ar; name = "libpjmedia-audiodev-arm-apple-darwin9.a"; path = "pjsip-lib/libpjmedia-audiodev-arm-apple-darwin9.a"; sourceTree = "<group>"; };
		2BD641F7199CE5AE00589024 /* libpjmedia-codec-arm-apple-darwin9.a */ = {isa = PBXFileReference; lastKnownFileType = archive.ar; name = "libpjmedia-codec-arm-apple-darwin9.a"; path = "pjsip-lib/libpjmedia-codec-arm-apple-darwin9.a"; sourceTree = "<group>"; };
		2BD641F8199CE5AE00589024 /* libpjmedia-videodev-arm-apple-darwin9.a */ = {isa = PBXFileReference; lastKnownFileType = archive.ar; name = "libpjmedia-videodev-arm-apple-darwin9.a"; path = "pjsip-lib/libpjmedia-videodev-arm-apple-darwin9.a"; sourceTree = "<group>"; };
		2BD641F9199CE5AE00589024 /* libpjnath-arm-apple-darwin9.a */ = {isa = PBXFileReference; lastKnownFileType = archive.ar; name = "libpjnath-arm-apple-darwin9.a"; path = "pjsip-lib/libpjnath-arm-apple-darwin9.a"; sourceTree = "<group>"; };
		2BD641FA199CE5AE00589024 /* libpjsip-arm-apple-darwin9.a */ = {isa = PBXFileReference; lastKnownFileType = archive.ar; name = "libpjsip-arm-apple-darwin9.a"; path = "pjsip-lib/libpjsip-arm-apple-darwin9.a"; sourceTree = "<group>"; };
		2BD641FB199CE5AE00589024 /* libpjsip-simple-arm-apple-darwin9.a */ = {isa = PBXFileReference; lastKnownFileType = archive.ar; name = "libpjsip-simple-arm-apple-darwin9.a"; path = "pjsip-lib/libpjsip-simple-arm-apple-darwin9.a"; sourceTree = "<group>"; };
		2BD641FC199CE5AE00589024 /* libpjsip-ua-arm-apple-darwin9.a */ = {isa = PBXFileReference; lastKnownFileType = archive.ar; name = "libpjsip-ua-arm-apple-darwin9.a"; path = "pjsip-lib/libpjsip-ua-arm-apple-darwin9.a"; sourceTree = "<group>"; };
		2BD641FD199CE5AE00589024 /* libpjsua-arm-apple-darwin9.a */ = {isa = PBXFileReference; lastKnownFileType = archive.ar; name = "libpjsua-arm-apple-darwin9.a"; path = "pjsip-lib/libpjsua-arm-apple-darwin9.a"; sourceTree = "<group>"; };
		2BD641FE199CE5AE00589024 /* libpjsua2-arm-apple-darwin9.a */ = {isa = PBXFileReference; lastKnownFileType = archive.ar; name = "libpjsua2-arm-apple-darwin9.a"; path = "pjsip-lib/libpjsua2-arm-apple-darwin9.a"; sourceTree = "<group>"; };
		2BD641FF199CE5AE00589024 /* libresample-arm-apple-darwin9.a */ = {isa = PBXFileReference; lastKnownFileType = archive.ar; name = "libresample-arm-apple-darwin9.a"; path = "pjsip-lib/libresample-arm-apple-darwin9.a"; sourceTree = "<group>"; };
		2BD64200199CE5AE00589024 /* libspeex-arm-apple-darwin9.a */ = {isa = PBXFileReference; lastKnownFileType = archive.ar; name = "libspeex-arm-apple-darwin9.a"; path = "pjsip-lib/libspeex-arm-apple-darwin9.a"; sourceTree = "<group>"; };
		2BD64201199CE5AE00589024 /* libsrtp-arm-apple-darwin9.a */ = {isa = PBXFileReference; lastKnownFileType = archive.ar; name = "libsrtp-arm-apple-darwin9.a"; path = "pjsip-lib/libsrtp-arm-apple-darwin9.a"; sourceTree = "<group>"; };
		5B038208D76F4F9493DED839 /* Pods.xcconfig */ = {isa = PBXFileReference; includeInIndex = 1; lastKnownFileType = text.xcconfig; name = Pods.xcconfig; path = Pods/Pods.xcconfig; sourceTree = "<group>"; };
		EECE01F87D604B298F68AD38 /* libPods.a */ = {isa = PBXFileReference; explicitFileType = archive.ar; includeInIndex = 0; path = libPods.a; sourceTree = BUILT_PRODUCTS_DIR; };
/* End PBXFileReference section */

/* Begin PBXFrameworksBuildPhase section */
		2BD641BE199CE50C00589024 /* Frameworks */ = {
			isa = PBXFrameworksBuildPhase;
			buildActionMask = 2147483647;
			files = (
				F00DCE0DE3794D569ECA384E /* libPods.a in Frameworks */,
			);
			runOnlyForDeploymentPostprocessing = 0;
		};
		2BD641D4199CE50C00589024 /* Frameworks */ = {
			isa = PBXFrameworksBuildPhase;
			buildActionMask = 2147483647;
			files = (
			);
			runOnlyForDeploymentPostprocessing = 0;
		};
/* End PBXFrameworksBuildPhase section */

/* Begin PBXGroup section */
		2B2EB6D919AE69AA000D3767 /* Supporting Files */ = {
			isa = PBXGroup;
			children = (
				2B2EB6DA19AE69AA000D3767 /* Info.plist */,
				2B2EB6DB19AE69AA000D3767 /* main.m */,
				2B2EB6DE19AE69E1000D3767 /* PrefixHeader.pch */,
			);
			name = "Supporting Files";
			path = "swig/Supporting Files";
			sourceTree = "<group>";
		};
		2B414A0719A53CAB0012891F /* Swig */ = {
			isa = PBXGroup;
			children = (
				2B414A2019A53CAB0012891F /* Swig.h */,
				2B414A2D19A53DEA0012891F /* SipTypes */,
				2B414A1D19A53CAB0012891F /* Endpoint */,
				2B414A0819A53CAB0012891F /* Account */,
				2B414A0B19A53CAB0012891F /* Call */,
				2B414A0E19A53CAB0012891F /* Categories */,
				2B414A1E19A53CAB0012891F /* Media */,
				2B4BA25C19A652160089478D /* Formatters */,
			);
			path = Swig;
			sourceTree = "<group>";
		};
		2B414A0819A53CAB0012891F /* Account */ = {
			isa = PBXGroup;
			children = (
				2B4BA25619A64C790089478D /* SWAccount.h */,
				2B4BA25719A64C790089478D /* SWAccount.m */,
				2B414A4019A53FDC0012891F /* SWAccountConfiguration.h */,
				2B414A4119A53FDC0012891F /* SWAccountConfiguration.m */,
			);
			path = Account;
			sourceTree = "<group>";
		};
		2B414A0B19A53CAB0012891F /* Call */ = {
			isa = PBXGroup;
			children = (
				2B4BA26419A672D10089478D /* SWCall.h */,
				2B4BA26519A672D10089478D /* SWCall.m */,
			);
			path = Call;
			sourceTree = "<group>";
		};
		2B414A0E19A53CAB0012891F /* Categories */ = {
			isa = PBXGroup;
			children = (
				2B87876F19A7D19C00920A05 /* NSString+PJString.h */,
				2B87877019A7D19C00920A05 /* NSString+PJString.m */,
			);
			path = Categories;
			sourceTree = "<group>";
		};
		2B414A1D19A53CAB0012891F /* Endpoint */ = {
			isa = PBXGroup;
			children = (
				2B414A2A19A53CC80012891F /* SWEndpoint.h */,
				2B414A2B19A53CC80012891F /* SWEndpoint.m */,
				2B414A4619A541D90012891F /* SWEndpointConfiguration.h */,
				2B414A4719A541D90012891F /* SWEndpointConfiguration.m */,
				2B414A4319A541050012891F /* SWTransportConfiguration.h */,
				2B414A4419A541050012891F /* SWTransportConfiguration.m */,
				2B2EB6DF19AE7C86000D3767 /* SWRingback.h */,
				2B2EB6E019AE7C86000D3767 /* SWRingback.m */,
			);
			path = Endpoint;
			sourceTree = "<group>";
		};
		2B414A1E19A53CAB0012891F /* Media */ = {
			isa = PBXGroup;
			children = (
			);
			path = Media;
			sourceTree = "<group>";
		};
		2B414A2D19A53DEA0012891F /* SipTypes */ = {
			isa = PBXGroup;
			children = (
			);
			path = SipTypes;
			sourceTree = "<group>";
		};
		2B4BA25C19A652160089478D /* Formatters */ = {
			isa = PBXGroup;
			children = (
				2B4BA25D19A652610089478D /* SWUriFormatter.h */,
				2B4BA25E19A652610089478D /* SWUriFormatter.m */,
			);
			path = Formatters;
			sourceTree = "<group>";
		};
		2BD641B8199CE50C00589024 = {
			isa = PBXGroup;
			children = (
				2BD641C3199CE50C00589024 /* swig */,
				2B2EB6D919AE69AA000D3767 /* Supporting Files */,
				2BD641DA199CE50C00589024 /* swigTests */,
				2BD641EF199CE59500589024 /* Frameworks */,
				2BD641C2199CE50C00589024 /* Products */,
				5B038208D76F4F9493DED839 /* Pods.xcconfig */,
			);
			sourceTree = "<group>";
		};
		2BD641C2199CE50C00589024 /* Products */ = {
			isa = PBXGroup;
			children = (
				2BD641C1199CE50C00589024 /* swig.app */,
				2BD641D7199CE50C00589024 /* swigTests.xctest */,
			);
			name = Products;
			sourceTree = "<group>";
		};
		2BD641C3199CE50C00589024 /* swig */ = {
			isa = PBXGroup;
			children = (
				2BD641C8199CE50C00589024 /* AppDelegate.h */,
				2BD641C9199CE50C00589024 /* AppDelegate.m */,
				2BD641CB199CE50C00589024 /* ViewController.h */,
				2BD641CC199CE50C00589024 /* ViewController.m */,
				2BD641CE199CE50C00589024 /* Main.storyboard */,
				2BD641D1199CE50C00589024 /* Images.xcassets */,
				2B414A0719A53CAB0012891F /* Swig */,
			);
			path = swig;
			sourceTree = "<group>";
		};
		2BD641DA199CE50C00589024 /* swigTests */ = {
			isa = PBXGroup;
			children = (
				2BD641DD199CE50C00589024 /* swigTests.m */,
				2BD641DB199CE50C00589024 /* Supporting Files */,
			);
			path = swigTests;
			sourceTree = "<group>";
		};
		2BD641DB199CE50C00589024 /* Supporting Files */ = {
			isa = PBXGroup;
			children = (
				2BD641DC199CE50C00589024 /* Info.plist */,
			);
			name = "Supporting Files";
			sourceTree = "<group>";
		};
		2BD641EF199CE59500589024 /* Frameworks */ = {
			isa = PBXGroup;
			children = (
				2BD641F0199CE5AE00589024 /* libg7221codec-arm-apple-darwin9.a */,
				2BD641F1199CE5AE00589024 /* libgsmcodec-arm-apple-darwin9.a */,
				2BD641F2199CE5AE00589024 /* libilbccodec-arm-apple-darwin9.a */,
				2BD641F3199CE5AE00589024 /* libpj-arm-apple-darwin9.a */,
				2BD641F4199CE5AE00589024 /* libpjlib-util-arm-apple-darwin9.a */,
				2BD641F5199CE5AE00589024 /* libpjmedia-arm-apple-darwin9.a */,
				2BD641F6199CE5AE00589024 /* libpjmedia-audiodev-arm-apple-darwin9.a */,
				2BD641F7199CE5AE00589024 /* libpjmedia-codec-arm-apple-darwin9.a */,
				2BD641F8199CE5AE00589024 /* libpjmedia-videodev-arm-apple-darwin9.a */,
				2BD641F9199CE5AE00589024 /* libpjnath-arm-apple-darwin9.a */,
				2BD641FA199CE5AE00589024 /* libpjsip-arm-apple-darwin9.a */,
				2BD641FB199CE5AE00589024 /* libpjsip-simple-arm-apple-darwin9.a */,
				2BD641FC199CE5AE00589024 /* libpjsip-ua-arm-apple-darwin9.a */,
				2BD641FD199CE5AE00589024 /* libpjsua-arm-apple-darwin9.a */,
				2BD641FE199CE5AE00589024 /* libpjsua2-arm-apple-darwin9.a */,
				2BD641FF199CE5AE00589024 /* libresample-arm-apple-darwin9.a */,
				2BD64200199CE5AE00589024 /* libspeex-arm-apple-darwin9.a */,
				2BD64201199CE5AE00589024 /* libsrtp-arm-apple-darwin9.a */,
				2BD641ED199CE58D00589024 /* AVFoundation.framework */,
				2BD641EB199CE55200589024 /* CoreAudio.framework */,
				2BD641E9199CE54A00589024 /* AudioToolbox.framework */,
				2BD641E7199CE54200589024 /* CFNetwork.framework */,
				EECE01F87D604B298F68AD38 /* libPods.a */,
			);
			name = Frameworks;
			sourceTree = "<group>";
		};
/* End PBXGroup section */

/* Begin PBXNativeTarget section */
		2BD641C0199CE50C00589024 /* swig */ = {
			isa = PBXNativeTarget;
			buildConfigurationList = 2BD641E1199CE50C00589024 /* Build configuration list for PBXNativeTarget "swig" */;
			buildPhases = (
				AE5F42BC7F1E4A9693A6FBD0 /* Check Pods Manifest.lock */,
				2BD641BD199CE50C00589024 /* Sources */,
				2BD641BE199CE50C00589024 /* Frameworks */,
				2BD641BF199CE50C00589024 /* Resources */,
				7E40AA0525E7488C92A86752 /* Copy Pods Resources */,
			);
			buildRules = (
			);
			dependencies = (
			);
			name = swig;
			productName = swig;
			productReference = 2BD641C1199CE50C00589024 /* swig.app */;
			productType = "com.apple.product-type.application";
		};
		2BD641D6199CE50C00589024 /* swigTests */ = {
			isa = PBXNativeTarget;
			buildConfigurationList = 2BD641E4199CE50C00589024 /* Build configuration list for PBXNativeTarget "swigTests" */;
			buildPhases = (
				2BD641D3199CE50C00589024 /* Sources */,
				2BD641D4199CE50C00589024 /* Frameworks */,
				2BD641D5199CE50C00589024 /* Resources */,
			);
			buildRules = (
			);
			dependencies = (
				2BD641D9199CE50C00589024 /* PBXTargetDependency */,
			);
			name = swigTests;
			productName = swigTests;
			productReference = 2BD641D7199CE50C00589024 /* swigTests.xctest */;
			productType = "com.apple.product-type.bundle.unit-test";
		};
/* End PBXNativeTarget section */

/* Begin PBXProject section */
		2BD641B9199CE50C00589024 /* Project object */ = {
			isa = PBXProject;
			attributes = {
				LastUpgradeCheck = 0600;
				ORGANIZATIONNAME = PeteAppDesigns;
				TargetAttributes = {
					2BD641C0199CE50C00589024 = {
						CreatedOnToolsVersion = 6.0;
					};
					2BD641D6199CE50C00589024 = {
						CreatedOnToolsVersion = 6.0;
						TestTargetID = 2BD641C0199CE50C00589024;
					};
				};
			};
			buildConfigurationList = 2BD641BC199CE50C00589024 /* Build configuration list for PBXProject "swig" */;
			compatibilityVersion = "Xcode 3.2";
			developmentRegion = English;
			hasScannedForEncodings = 0;
			knownRegions = (
				en,
				Base,
			);
			mainGroup = 2BD641B8199CE50C00589024;
			productRefGroup = 2BD641C2199CE50C00589024 /* Products */;
			projectDirPath = "";
			projectRoot = "";
			targets = (
				2BD641C0199CE50C00589024 /* swig */,
				2BD641D6199CE50C00589024 /* swigTests */,
			);
		};
/* End PBXProject section */

/* Begin PBXResourcesBuildPhase section */
		2BD641BF199CE50C00589024 /* Resources */ = {
			isa = PBXResourcesBuildPhase;
			buildActionMask = 2147483647;
			files = (
				2BD641D0199CE50C00589024 /* Main.storyboard in Resources */,
				2BD641D2199CE50C00589024 /* Images.xcassets in Resources */,
			);
			runOnlyForDeploymentPostprocessing = 0;
		};
		2BD641D5199CE50C00589024 /* Resources */ = {
			isa = PBXResourcesBuildPhase;
			buildActionMask = 2147483647;
			files = (
			);
			runOnlyForDeploymentPostprocessing = 0;
		};
/* End PBXResourcesBuildPhase section */

/* Begin PBXShellScriptBuildPhase section */
		7E40AA0525E7488C92A86752 /* Copy Pods Resources */ = {
			isa = PBXShellScriptBuildPhase;
			buildActionMask = 2147483647;
			files = (
			);
			inputPaths = (
			);
			name = "Copy Pods Resources";
			outputPaths = (
			);
			runOnlyForDeploymentPostprocessing = 0;
			shellPath = /bin/sh;
			shellScript = "\"${SRCROOT}/Pods/Pods-resources.sh\"\n";
			showEnvVarsInLog = 0;
		};
		AE5F42BC7F1E4A9693A6FBD0 /* Check Pods Manifest.lock */ = {
			isa = PBXShellScriptBuildPhase;
			buildActionMask = 2147483647;
			files = (
			);
			inputPaths = (
			);
			name = "Check Pods Manifest.lock";
			outputPaths = (
			);
			runOnlyForDeploymentPostprocessing = 0;
			shellPath = /bin/sh;
			shellScript = "diff \"${PODS_ROOT}/../Podfile.lock\" \"${PODS_ROOT}/Manifest.lock\" > /dev/null\nif [[ $? != 0 ]] ; then\n    cat << EOM\nerror: The sandbox is not in sync with the Podfile.lock. Run 'pod install' or update your CocoaPods installation.\nEOM\n    exit 1\nfi\n";
			showEnvVarsInLog = 0;
		};
/* End PBXShellScriptBuildPhase section */

/* Begin PBXSourcesBuildPhase section */
		2BD641BD199CE50C00589024 /* Sources */ = {
			isa = PBXSourcesBuildPhase;
			buildActionMask = 2147483647;
			files = (
				2B4BA25819A64C790089478D /* SWAccount.m in Sources */,
				2B414A4819A541D90012891F /* SWEndpointConfiguration.m in Sources */,
				2B2EB6E119AE7C86000D3767 /* SWRingback.m in Sources */,
				2B87877119A7D19C00920A05 /* NSString+PJString.m in Sources */,
				2B414A2C19A53CC80012891F /* SWEndpoint.m in Sources */,
				2BD641CD199CE50C00589024 /* ViewController.m in Sources */,
				2B4BA25F19A652610089478D /* SWUriFormatter.m in Sources */,
				2B414A4519A541050012891F /* SWTransportConfiguration.m in Sources */,
				2B4BA26619A672D10089478D /* SWCall.m in Sources */,
				2B414A4219A53FDC0012891F /* SWAccountConfiguration.m in Sources */,
				2B2EB6DD19AE69AA000D3767 /* main.m in Sources */,
				2BD641CA199CE50C00589024 /* AppDelegate.m in Sources */,
			);
			runOnlyForDeploymentPostprocessing = 0;
		};
		2BD641D3199CE50C00589024 /* Sources */ = {
			isa = PBXSourcesBuildPhase;
			buildActionMask = 2147483647;
			files = (
				2BD641DE199CE50C00589024 /* swigTests.m in Sources */,
			);
			runOnlyForDeploymentPostprocessing = 0;
		};
/* End PBXSourcesBuildPhase section */

/* Begin PBXTargetDependency section */
		2BD641D9199CE50C00589024 /* PBXTargetDependency */ = {
			isa = PBXTargetDependency;
			target = 2BD641C0199CE50C00589024 /* swig */;
			targetProxy = 2BD641D8199CE50C00589024 /* PBXContainerItemProxy */;
		};
/* End PBXTargetDependency section */

/* Begin PBXVariantGroup section */
		2BD641CE199CE50C00589024 /* Main.storyboard */ = {
			isa = PBXVariantGroup;
			children = (
				2BD641CF199CE50C00589024 /* Base */,
			);
			name = Main.storyboard;
			sourceTree = "<group>";
		};
/* End PBXVariantGroup section */

/* Begin XCBuildConfiguration section */
		2BD641DF199CE50C00589024 /* Debug */ = {
			isa = XCBuildConfiguration;
			buildSettings = {
				ALWAYS_SEARCH_USER_PATHS = NO;
				CLANG_CXX_LANGUAGE_STANDARD = "gnu++0x";
				CLANG_CXX_LIBRARY = "libc++";
				CLANG_ENABLE_MODULES = YES;
				CLANG_ENABLE_OBJC_ARC = YES;
				CLANG_WARN_BOOL_CONVERSION = YES;
				CLANG_WARN_CONSTANT_CONVERSION = YES;
				CLANG_WARN_DIRECT_OBJC_ISA_USAGE = YES_ERROR;
				CLANG_WARN_EMPTY_BODY = YES;
				CLANG_WARN_ENUM_CONVERSION = YES;
				CLANG_WARN_INT_CONVERSION = YES;
				CLANG_WARN_OBJC_ROOT_CLASS = YES_ERROR;
				CLANG_WARN_UNREACHABLE_CODE = YES;
				CLANG_WARN__DUPLICATE_METHOD_MATCH = YES;
				"CODE_SIGN_IDENTITY[sdk=iphoneos*]" = "iPhone Developer";
				COPY_PHASE_STRIP = NO;
				ENABLE_STRICT_OBJC_MSGSEND = YES;
				GCC_C_LANGUAGE_STANDARD = gnu99;
				GCC_DYNAMIC_NO_PIC = NO;
				GCC_OPTIMIZATION_LEVEL = 0;
				GCC_PREPROCESSOR_DEFINITIONS = (
					"DEBUG=1",
					"$(inherited)",
				);
				GCC_SYMBOLS_PRIVATE_EXTERN = NO;
				GCC_WARN_64_TO_32_BIT_CONVERSION = YES;
				GCC_WARN_ABOUT_RETURN_TYPE = YES_ERROR;
				GCC_WARN_UNDECLARED_SELECTOR = YES;
				GCC_WARN_UNINITIALIZED_AUTOS = YES_AGGRESSIVE;
				GCC_WARN_UNUSED_FUNCTION = YES;
				GCC_WARN_UNUSED_VARIABLE = YES;
				IPHONEOS_DEPLOYMENT_TARGET = 8.0;
				MTL_ENABLE_DEBUG_INFO = YES;
				ONLY_ACTIVE_ARCH = YES;
				SDKROOT = iphoneos;
			};
			name = Debug;
		};
		2BD641E0199CE50C00589024 /* Release */ = {
			isa = XCBuildConfiguration;
			buildSettings = {
				ALWAYS_SEARCH_USER_PATHS = NO;
				CLANG_CXX_LANGUAGE_STANDARD = "gnu++0x";
				CLANG_CXX_LIBRARY = "libc++";
				CLANG_ENABLE_MODULES = YES;
				CLANG_ENABLE_OBJC_ARC = YES;
				CLANG_WARN_BOOL_CONVERSION = YES;
				CLANG_WARN_CONSTANT_CONVERSION = YES;
				CLANG_WARN_DIRECT_OBJC_ISA_USAGE = YES_ERROR;
				CLANG_WARN_EMPTY_BODY = YES;
				CLANG_WARN_ENUM_CONVERSION = YES;
				CLANG_WARN_INT_CONVERSION = YES;
				CLANG_WARN_OBJC_ROOT_CLASS = YES_ERROR;
				CLANG_WARN_UNREACHABLE_CODE = YES;
				CLANG_WARN__DUPLICATE_METHOD_MATCH = YES;
				"CODE_SIGN_IDENTITY[sdk=iphoneos*]" = "iPhone Developer";
				COPY_PHASE_STRIP = YES;
				ENABLE_NS_ASSERTIONS = NO;
				ENABLE_STRICT_OBJC_MSGSEND = YES;
				GCC_C_LANGUAGE_STANDARD = gnu99;
				GCC_WARN_64_TO_32_BIT_CONVERSION = YES;
				GCC_WARN_ABOUT_RETURN_TYPE = YES_ERROR;
				GCC_WARN_UNDECLARED_SELECTOR = YES;
				GCC_WARN_UNINITIALIZED_AUTOS = YES_AGGRESSIVE;
				GCC_WARN_UNUSED_FUNCTION = YES;
				GCC_WARN_UNUSED_VARIABLE = YES;
				IPHONEOS_DEPLOYMENT_TARGET = 8.0;
				MTL_ENABLE_DEBUG_INFO = NO;
				SDKROOT = iphoneos;
				VALIDATE_PRODUCT = YES;
			};
			name = Release;
		};
		2BD641E2199CE50C00589024 /* Debug */ = {
			isa = XCBuildConfiguration;
			baseConfigurationReference = 5B038208D76F4F9493DED839 /* Pods.xcconfig */;
			buildSettings = {
				ALWAYS_SEARCH_USER_PATHS = YES;
				ASSETCATALOG_COMPILER_APPICON_NAME = AppIcon;
				ASSETCATALOG_COMPILER_LAUNCHIMAGE_NAME = LaunchImage;
				GCC_INPUT_FILETYPE = automatic;
				GCC_PREFIX_HEADER = "swig/Supporting Files/PrefixHeader.pch";
				GCC_PREPROCESSOR_DEFINITIONS = "$(inherited)";
				INFOPLIST_FILE = "$(SRCROOT)/swig/Supporting Files/Info.plist";
				IPHONEOS_DEPLOYMENT_TARGET = 7.0;
				LD_RUNPATH_SEARCH_PATHS = "$(inherited) @executable_path/Frameworks";
				LIBRARY_SEARCH_PATHS = "$(inherited)";
				PRODUCT_NAME = "$(TARGET_NAME)";
				USER_HEADER_SEARCH_PATHS = "";
			};
			name = Debug;
		};
		2BD641E3199CE50C00589024 /* Release */ = {
			isa = XCBuildConfiguration;
			baseConfigurationReference = 5B038208D76F4F9493DED839 /* Pods.xcconfig */;
			buildSettings = {
				ALWAYS_SEARCH_USER_PATHS = YES;
				ASSETCATALOG_COMPILER_APPICON_NAME = AppIcon;
				ASSETCATALOG_COMPILER_LAUNCHIMAGE_NAME = LaunchImage;
				GCC_INPUT_FILETYPE = automatic;
				GCC_PREFIX_HEADER = "swig/Supporting Files/PrefixHeader.pch";
				GCC_PREPROCESSOR_DEFINITIONS = "";
				INFOPLIST_FILE = "$(SRCROOT)/swig/Supporting Files/Info.plist";
				IPHONEOS_DEPLOYMENT_TARGET = 7.0;
				LD_RUNPATH_SEARCH_PATHS = "$(inherited) @executable_path/Frameworks";
				LIBRARY_SEARCH_PATHS = "$(inherited)";
				PRODUCT_NAME = "$(TARGET_NAME)";
				USER_HEADER_SEARCH_PATHS = "";
			};
			name = Release;
		};
		2BD641E5199CE50C00589024 /* Debug */ = {
			isa = XCBuildConfiguration;
			buildSettings = {
				BUNDLE_LOADER = "$(TEST_HOST)";
				FRAMEWORK_SEARCH_PATHS = (
					"$(SDKROOT)/Developer/Library/Frameworks",
					"$(inherited)",
				);
				GCC_PREPROCESSOR_DEFINITIONS = (
					"DEBUG=1",
					"$(inherited)",
				);
				INFOPLIST_FILE = swigTests/Info.plist;
				LD_RUNPATH_SEARCH_PATHS = "$(inherited) @executable_path/Frameworks @loader_path/Frameworks";
				PRODUCT_NAME = "$(TARGET_NAME)";
				TEST_HOST = "$(BUILT_PRODUCTS_DIR)/swig.app/swig";
			};
			name = Debug;
		};
		2BD641E6199CE50C00589024 /* Release */ = {
			isa = XCBuildConfiguration;
			buildSettings = {
				BUNDLE_LOADER = "$(TEST_HOST)";
				FRAMEWORK_SEARCH_PATHS = (
					"$(SDKROOT)/Developer/Library/Frameworks",
					"$(inherited)",
				);
				INFOPLIST_FILE = swigTests/Info.plist;
				LD_RUNPATH_SEARCH_PATHS = "$(inherited) @executable_path/Frameworks @loader_path/Frameworks";
				PRODUCT_NAME = "$(TARGET_NAME)";
				TEST_HOST = "$(BUILT_PRODUCTS_DIR)/swig.app/swig";
			};
			name = Release;
		};
/* End XCBuildConfiguration section */

/* Begin XCConfigurationList section */
		2BD641BC199CE50C00589024 /* Build configuration list for PBXProject "swig" */ = {
			isa = XCConfigurationList;
			buildConfigurations = (
				2BD641DF199CE50C00589024 /* Debug */,
				2BD641E0199CE50C00589024 /* Release */,
			);
			defaultConfigurationIsVisible = 0;
			defaultConfigurationName = Release;
		};
		2BD641E1199CE50C00589024 /* Build configuration list for PBXNativeTarget "swig" */ = {
			isa = XCConfigurationList;
			buildConfigurations = (
				2BD641E2199CE50C00589024 /* Debug */,
				2BD641E3199CE50C00589024 /* Release */,
			);
			defaultConfigurationIsVisible = 0;
			defaultConfigurationName = Release;
		};
		2BD641E4199CE50C00589024 /* Build configuration list for PBXNativeTarget "swigTests" */ = {
			isa = XCConfigurationList;
			buildConfigurations = (
				2BD641E5199CE50C00589024 /* Debug */,
				2BD641E6199CE50C00589024 /* Release */,
			);
			defaultConfigurationIsVisible = 0;
			defaultConfigurationName = Release;
		};
/* End XCConfigurationList section */
	};
	rootObject = 2BD641B9199CE50C00589024 /* Project object */;
}
