// !$*UTF8*$!
{
	archiveVersion = 1;
	classes = {
	};
	objectVersion = 46;
	objects = {

/* Begin PBXBuildFile section */
		064C304E19A10CE00055B20A /* SWTransportConfiguration.mm in Sources */ = {isa = PBXBuildFile; fileRef = 064C304D19A10CE00055B20A /* SWTransportConfiguration.mm */; };
		064C305119A113D00055B20A /* SWSipHeader.mm in Sources */ = {isa = PBXBuildFile; fileRef = 064C305019A113D00055B20A /* SWSipHeader.mm */; };
		064C305419A1153B0055B20A /* NSArray+SipHeaderVector.mm in Sources */ = {isa = PBXBuildFile; fileRef = 064C305319A1153B0055B20A /* NSArray+SipHeaderVector.mm */; };
		064C305719A11ACE0055B20A /* NSArray+AuthCredInfoVector.mm in Sources */ = {isa = PBXBuildFile; fileRef = 064C305619A11ACE0055B20A /* NSArray+AuthCredInfoVector.mm */; };
		064C305A19A11B450055B20A /* SWAuthCredInfo.mm in Sources */ = {isa = PBXBuildFile; fileRef = 064C305919A11B450055B20A /* SWAuthCredInfo.mm */; };
		064C305E19A156210055B20A /* SwigCall.mm in Sources */ = {isa = PBXBuildFile; fileRef = 064C305D19A156210055B20A /* SwigCall.mm */; };
		2B3D6BA2199E489D005AE349 /* SWUserAgent.mm in Sources */ = {isa = PBXBuildFile; fileRef = 2B3D6BA1199E489D005AE349 /* SWUserAgent.mm */; };
		2B3D6BFA199EA537005AE349 /* SWAccount.mm in Sources */ = {isa = PBXBuildFile; fileRef = 2B3D6BCD199EA537005AE349 /* SWAccount.mm */; };
		2B3D6BFB199EA537005AE349 /* SWAccountCallConfiguration.mm in Sources */ = {isa = PBXBuildFile; fileRef = 2B3D6BCF199EA537005AE349 /* SWAccountCallConfiguration.mm */; };
		2B3D6BFC199EA537005AE349 /* SWAccountConfiguration.mm in Sources */ = {isa = PBXBuildFile; fileRef = 2B3D6BD1199EA537005AE349 /* SWAccountConfiguration.mm */; };
		2B3D6BFD199EA537005AE349 /* SWAccountMediaConfiguration.mm in Sources */ = {isa = PBXBuildFile; fileRef = 2B3D6BD3199EA537005AE349 /* SWAccountMediaConfiguration.mm */; };
		2B3D6BFE199EA537005AE349 /* SWAccountMWIConfiguration.mm in Sources */ = {isa = PBXBuildFile; fileRef = 2B3D6BD5199EA537005AE349 /* SWAccountMWIConfiguration.mm */; };
		2B3D6BFF199EA537005AE349 /* SWAccountNATConfiguration.mm in Sources */ = {isa = PBXBuildFile; fileRef = 2B3D6BD7199EA537005AE349 /* SWAccountNATConfiguration.mm */; };
		2B3D6C00199EA537005AE349 /* SWAccountPresenceConfiguration.mm in Sources */ = {isa = PBXBuildFile; fileRef = 2B3D6BD9199EA537005AE349 /* SWAccountPresenceConfiguration.mm */; };
		2B3D6C01199EA537005AE349 /* SWAccountRegistrationConfiguration.mm in Sources */ = {isa = PBXBuildFile; fileRef = 2B3D6BDB199EA537005AE349 /* SWAccountRegistrationConfiguration.mm */; };
		2B3D6C02199EA537005AE349 /* SWAccountSipConfiguration.mm in Sources */ = {isa = PBXBuildFile; fileRef = 2B3D6BDD199EA537005AE349 /* SWAccountSipConfiguration.mm */; };
		2B3D6C03199EA537005AE349 /* SWAccountVideoConfiguration.mm in Sources */ = {isa = PBXBuildFile; fileRef = 2B3D6BDF199EA537005AE349 /* SWAccountVideoConfiguration.mm */; };
		2B3D6C04199EA537005AE349 /* SwigAccount.mm in Sources */ = {isa = PBXBuildFile; fileRef = 2B3D6BE1199EA537005AE349 /* SwigAccount.mm */; };
		2B3D6C05199EA537005AE349 /* NSArray+IntVector.mm in Sources */ = {isa = PBXBuildFile; fileRef = 2B3D6BE4199EA537005AE349 /* NSArray+IntVector.mm */; };
		2B3D6C06199EA537005AE349 /* NSArray+StringVector.mm in Sources */ = {isa = PBXBuildFile; fileRef = 2B3D6BE6199EA537005AE349 /* NSArray+StringVector.mm */; };
		2B3D6C07199EA537005AE349 /* NSError+Error.mm in Sources */ = {isa = PBXBuildFile; fileRef = 2B3D6BE8199EA537005AE349 /* NSError+Error.mm */; };
		2B3D6C08199EA537005AE349 /* NSString+String.mm in Sources */ = {isa = PBXBuildFile; fileRef = 2B3D6BEA199EA537005AE349 /* NSString+String.mm */; };
		2B3D6C09199EA537005AE349 /* SWEndpoint.mm in Sources */ = {isa = PBXBuildFile; fileRef = 2B3D6BED199EA537005AE349 /* SWEndpoint.mm */; };
		2B3D6C0A199EA537005AE349 /* SWEndpointConfiguration.mm in Sources */ = {isa = PBXBuildFile; fileRef = 2B3D6BEF199EA537005AE349 /* SWEndpointConfiguration.mm */; };
		2B3D6C0B199EA537005AE349 /* SWLogConfiguration.mm in Sources */ = {isa = PBXBuildFile; fileRef = 2B3D6BF1199EA537005AE349 /* SWLogConfiguration.mm */; };
		2B3D6C0C199EA537005AE349 /* SWMediaConfiguration.mm in Sources */ = {isa = PBXBuildFile; fileRef = 2B3D6BF3199EA537005AE349 /* SWMediaConfiguration.mm */; };
		2B3D6C0D199EA537005AE349 /* SWTlsConfig.mm in Sources */ = {isa = PBXBuildFile; fileRef = 2B3D6BF5199EA537005AE349 /* SWTlsConfig.mm */; };
		2B3D6C0F199EA537005AE349 /* SWUserAgentConfiguration.mm in Sources */ = {isa = PBXBuildFile; fileRef = 2B3D6BF9199EA537005AE349 /* SWUserAgentConfiguration.mm */; };
		2BD641C7199CE50C00589024 /* main.m in Sources */ = {isa = PBXBuildFile; fileRef = 2BD641C6199CE50C00589024 /* main.m */; };
		2BD641CA199CE50C00589024 /* AppDelegate.m in Sources */ = {isa = PBXBuildFile; fileRef = 2BD641C9199CE50C00589024 /* AppDelegate.m */; };
		2BD641CD199CE50C00589024 /* ViewController.m in Sources */ = {isa = PBXBuildFile; fileRef = 2BD641CC199CE50C00589024 /* ViewController.m */; };
		2BD641D0199CE50C00589024 /* Main.storyboard in Resources */ = {isa = PBXBuildFile; fileRef = 2BD641CE199CE50C00589024 /* Main.storyboard */; };
		2BD641D2199CE50C00589024 /* Images.xcassets in Resources */ = {isa = PBXBuildFile; fileRef = 2BD641D1199CE50C00589024 /* Images.xcassets */; };
		2BD641DE199CE50C00589024 /* swigTests.m in Sources */ = {isa = PBXBuildFile; fileRef = 2BD641DD199CE50C00589024 /* swigTests.m */; };
		2BD641E8199CE54200589024 /* CFNetwork.framework in Frameworks */ = {isa = PBXBuildFile; fileRef = 2BD641E7199CE54200589024 /* CFNetwork.framework */; };
		2BD641EA199CE54A00589024 /* AudioToolbox.framework in Frameworks */ = {isa = PBXBuildFile; fileRef = 2BD641E9199CE54A00589024 /* AudioToolbox.framework */; };
		2BD641EE199CE58D00589024 /* AVFoundation.framework in Frameworks */ = {isa = PBXBuildFile; fileRef = 2BD641ED199CE58D00589024 /* AVFoundation.framework */; };
		2BD64202199CE5AE00589024 /* libg7221codec-arm-apple-darwin9.a in Frameworks */ = {isa = PBXBuildFile; fileRef = 2BD641F0199CE5AE00589024 /* libg7221codec-arm-apple-darwin9.a */; };
		2BD64203199CE5AE00589024 /* libgsmcodec-arm-apple-darwin9.a in Frameworks */ = {isa = PBXBuildFile; fileRef = 2BD641F1199CE5AE00589024 /* libgsmcodec-arm-apple-darwin9.a */; };
		2BD64204199CE5AE00589024 /* libilbccodec-arm-apple-darwin9.a in Frameworks */ = {isa = PBXBuildFile; fileRef = 2BD641F2199CE5AE00589024 /* libilbccodec-arm-apple-darwin9.a */; };
		2BD64205199CE5AE00589024 /* libpj-arm-apple-darwin9.a in Frameworks */ = {isa = PBXBuildFile; fileRef = 2BD641F3199CE5AE00589024 /* libpj-arm-apple-darwin9.a */; };
		2BD64206199CE5AE00589024 /* libpjlib-util-arm-apple-darwin9.a in Frameworks */ = {isa = PBXBuildFile; fileRef = 2BD641F4199CE5AE00589024 /* libpjlib-util-arm-apple-darwin9.a */; };
		2BD64207199CE5AE00589024 /* libpjmedia-arm-apple-darwin9.a in Frameworks */ = {isa = PBXBuildFile; fileRef = 2BD641F5199CE5AE00589024 /* libpjmedia-arm-apple-darwin9.a */; };
		2BD64208199CE5AE00589024 /* libpjmedia-audiodev-arm-apple-darwin9.a in Frameworks */ = {isa = PBXBuildFile; fileRef = 2BD641F6199CE5AE00589024 /* libpjmedia-audiodev-arm-apple-darwin9.a */; };
		2BD64209199CE5AE00589024 /* libpjmedia-codec-arm-apple-darwin9.a in Frameworks */ = {isa = PBXBuildFile; fileRef = 2BD641F7199CE5AE00589024 /* libpjmedia-codec-arm-apple-darwin9.a */; };
		2BD6420A199CE5AE00589024 /* libpjmedia-videodev-arm-apple-darwin9.a in Frameworks */ = {isa = PBXBuildFile; fileRef = 2BD641F8199CE5AE00589024 /* libpjmedia-videodev-arm-apple-darwin9.a */; };
		2BD6420B199CE5AE00589024 /* libpjnath-arm-apple-darwin9.a in Frameworks */ = {isa = PBXBuildFile; fileRef = 2BD641F9199CE5AE00589024 /* libpjnath-arm-apple-darwin9.a */; };
		2BD6420C199CE5AE00589024 /* libpjsip-arm-apple-darwin9.a in Frameworks */ = {isa = PBXBuildFile; fileRef = 2BD641FA199CE5AE00589024 /* libpjsip-arm-apple-darwin9.a */; };
		2BD6420D199CE5AE00589024 /* libpjsip-simple-arm-apple-darwin9.a in Frameworks */ = {isa = PBXBuildFile; fileRef = 2BD641FB199CE5AE00589024 /* libpjsip-simple-arm-apple-darwin9.a */; };
		2BD6420E199CE5AE00589024 /* libpjsip-ua-arm-apple-darwin9.a in Frameworks */ = {isa = PBXBuildFile; fileRef = 2BD641FC199CE5AE00589024 /* libpjsip-ua-arm-apple-darwin9.a */; };
		2BD6420F199CE5AE00589024 /* libpjsua-arm-apple-darwin9.a in Frameworks */ = {isa = PBXBuildFile; fileRef = 2BD641FD199CE5AE00589024 /* libpjsua-arm-apple-darwin9.a */; };
		2BD64210199CE5AE00589024 /* libpjsua2-arm-apple-darwin9.a in Frameworks */ = {isa = PBXBuildFile; fileRef = 2BD641FE199CE5AE00589024 /* libpjsua2-arm-apple-darwin9.a */; };
		2BD64211199CE5AE00589024 /* libresample-arm-apple-darwin9.a in Frameworks */ = {isa = PBXBuildFile; fileRef = 2BD641FF199CE5AE00589024 /* libresample-arm-apple-darwin9.a */; };
		2BD64212199CE5AE00589024 /* libspeex-arm-apple-darwin9.a in Frameworks */ = {isa = PBXBuildFile; fileRef = 2BD64200199CE5AE00589024 /* libspeex-arm-apple-darwin9.a */; };
		2BD64213199CE5AE00589024 /* libsrtp-arm-apple-darwin9.a in Frameworks */ = {isa = PBXBuildFile; fileRef = 2BD64201199CE5AE00589024 /* libsrtp-arm-apple-darwin9.a */; };
/* End PBXBuildFile section */

/* Begin PBXContainerItemProxy section */
		2BD641D8199CE50C00589024 /* PBXContainerItemProxy */ = {
			isa = PBXContainerItemProxy;
			containerPortal = 2BD641B9199CE50C00589024 /* Project object */;
			proxyType = 1;
			remoteGlobalIDString = 2BD641C0199CE50C00589024;
			remoteInfo = swig;
		};
/* End PBXContainerItemProxy section */

/* Begin PBXFileReference section */
		064C304C19A10CE00055B20A /* SWTransportConfiguration.h */ = {isa = PBXFileReference; fileEncoding = 4; lastKnownFileType = sourcecode.c.h; path = SWTransportConfiguration.h; sourceTree = "<group>"; };
		064C304D19A10CE00055B20A /* SWTransportConfiguration.mm */ = {isa = PBXFileReference; fileEncoding = 4; lastKnownFileType = sourcecode.cpp.objcpp; path = SWTransportConfiguration.mm; sourceTree = "<group>"; };
		064C304F19A113D00055B20A /* SWSipHeader.h */ = {isa = PBXFileReference; fileEncoding = 4; lastKnownFileType = sourcecode.c.h; path = SWSipHeader.h; sourceTree = "<group>"; };
		064C305019A113D00055B20A /* SWSipHeader.mm */ = {isa = PBXFileReference; fileEncoding = 4; lastKnownFileType = sourcecode.cpp.objcpp; path = SWSipHeader.mm; sourceTree = "<group>"; };
		064C305219A1153B0055B20A /* NSArray+SipHeaderVector.h */ = {isa = PBXFileReference; fileEncoding = 4; lastKnownFileType = sourcecode.c.h; path = "NSArray+SipHeaderVector.h"; sourceTree = "<group>"; };
		064C305319A1153B0055B20A /* NSArray+SipHeaderVector.mm */ = {isa = PBXFileReference; fileEncoding = 4; lastKnownFileType = sourcecode.cpp.objcpp; path = "NSArray+SipHeaderVector.mm"; sourceTree = "<group>"; };
		064C305519A11ACE0055B20A /* NSArray+AuthCredInfoVector.h */ = {isa = PBXFileReference; fileEncoding = 4; lastKnownFileType = sourcecode.c.h; path = "NSArray+AuthCredInfoVector.h"; sourceTree = "<group>"; };
		064C305619A11ACE0055B20A /* NSArray+AuthCredInfoVector.mm */ = {isa = PBXFileReference; fileEncoding = 4; lastKnownFileType = sourcecode.cpp.objcpp; path = "NSArray+AuthCredInfoVector.mm"; sourceTree = "<group>"; };
		064C305819A11B450055B20A /* SWAuthCredInfo.h */ = {isa = PBXFileReference; fileEncoding = 4; lastKnownFileType = sourcecode.c.h; path = SWAuthCredInfo.h; sourceTree = "<group>"; };
		064C305919A11B450055B20A /* SWAuthCredInfo.mm */ = {isa = PBXFileReference; fileEncoding = 4; lastKnownFileType = sourcecode.cpp.objcpp; path = SWAuthCredInfo.mm; sourceTree = "<group>"; };
		064C305C19A156210055B20A /* SwigCall.h */ = {isa = PBXFileReference; fileEncoding = 4; lastKnownFileType = sourcecode.c.h; path = SwigCall.h; sourceTree = "<group>"; };
		064C305D19A156210055B20A /* SwigCall.mm */ = {isa = PBXFileReference; fileEncoding = 4; lastKnownFileType = sourcecode.cpp.objcpp; path = SwigCall.mm; sourceTree = "<group>"; };
		2B3D6BA0199E489D005AE349 /* SWUserAgent.h */ = {isa = PBXFileReference; fileEncoding = 4; lastKnownFileType = sourcecode.c.h; path = SWUserAgent.h; sourceTree = "<group>"; };
		2B3D6BA1199E489D005AE349 /* SWUserAgent.mm */ = {isa = PBXFileReference; fileEncoding = 4; lastKnownFileType = sourcecode.cpp.objcpp; path = SWUserAgent.mm; sourceTree = "<group>"; };
		2B3D6BCC199EA537005AE349 /* SWAccount.h */ = {isa = PBXFileReference; fileEncoding = 4; lastKnownFileType = sourcecode.c.h; path = SWAccount.h; sourceTree = "<group>"; };
		2B3D6BCD199EA537005AE349 /* SWAccount.mm */ = {isa = PBXFileReference; fileEncoding = 4; lastKnownFileType = sourcecode.cpp.objcpp; path = SWAccount.mm; sourceTree = "<group>"; };
		2B3D6BCE199EA537005AE349 /* SWAccountCallConfiguration.h */ = {isa = PBXFileReference; fileEncoding = 4; lastKnownFileType = sourcecode.c.h; path = SWAccountCallConfiguration.h; sourceTree = "<group>"; };
		2B3D6BCF199EA537005AE349 /* SWAccountCallConfiguration.mm */ = {isa = PBXFileReference; fileEncoding = 4; lastKnownFileType = sourcecode.cpp.objcpp; path = SWAccountCallConfiguration.mm; sourceTree = "<group>"; };
		2B3D6BD0199EA537005AE349 /* SWAccountConfiguration.h */ = {isa = PBXFileReference; fileEncoding = 4; lastKnownFileType = sourcecode.c.h; path = SWAccountConfiguration.h; sourceTree = "<group>"; };
		2B3D6BD1199EA537005AE349 /* SWAccountConfiguration.mm */ = {isa = PBXFileReference; fileEncoding = 4; lastKnownFileType = sourcecode.cpp.objcpp; path = SWAccountConfiguration.mm; sourceTree = "<group>"; };
		2B3D6BD2199EA537005AE349 /* SWAccountMediaConfiguration.h */ = {isa = PBXFileReference; fileEncoding = 4; lastKnownFileType = sourcecode.c.h; path = SWAccountMediaConfiguration.h; sourceTree = "<group>"; };
		2B3D6BD3199EA537005AE349 /* SWAccountMediaConfiguration.mm */ = {isa = PBXFileReference; fileEncoding = 4; lastKnownFileType = sourcecode.cpp.objcpp; path = SWAccountMediaConfiguration.mm; sourceTree = "<group>"; };
		2B3D6BD4199EA537005AE349 /* SWAccountMWIConfiguration.h */ = {isa = PBXFileReference; fileEncoding = 4; lastKnownFileType = sourcecode.c.h; path = SWAccountMWIConfiguration.h; sourceTree = "<group>"; };
		2B3D6BD5199EA537005AE349 /* SWAccountMWIConfiguration.mm */ = {isa = PBXFileReference; fileEncoding = 4; lastKnownFileType = sourcecode.cpp.objcpp; path = SWAccountMWIConfiguration.mm; sourceTree = "<group>"; };
		2B3D6BD6199EA537005AE349 /* SWAccountNATConfiguration.h */ = {isa = PBXFileReference; fileEncoding = 4; lastKnownFileType = sourcecode.c.h; path = SWAccountNATConfiguration.h; sourceTree = "<group>"; };
		2B3D6BD7199EA537005AE349 /* SWAccountNATConfiguration.mm */ = {isa = PBXFileReference; fileEncoding = 4; lastKnownFileType = sourcecode.cpp.objcpp; path = SWAccountNATConfiguration.mm; sourceTree = "<group>"; };
		2B3D6BD8199EA537005AE349 /* SWAccountPresenceConfiguration.h */ = {isa = PBXFileReference; fileEncoding = 4; lastKnownFileType = sourcecode.c.h; path = SWAccountPresenceConfiguration.h; sourceTree = "<group>"; };
		2B3D6BD9199EA537005AE349 /* SWAccountPresenceConfiguration.mm */ = {isa = PBXFileReference; fileEncoding = 4; lastKnownFileType = sourcecode.cpp.objcpp; path = SWAccountPresenceConfiguration.mm; sourceTree = "<group>"; };
		2B3D6BDA199EA537005AE349 /* SWAccountRegistrationConfiguration.h */ = {isa = PBXFileReference; fileEncoding = 4; lastKnownFileType = sourcecode.c.h; path = SWAccountRegistrationConfiguration.h; sourceTree = "<group>"; };
		2B3D6BDB199EA537005AE349 /* SWAccountRegistrationConfiguration.mm */ = {isa = PBXFileReference; fileEncoding = 4; lastKnownFileType = sourcecode.cpp.objcpp; path = SWAccountRegistrationConfiguration.mm; sourceTree = "<group>"; };
		2B3D6BDC199EA537005AE349 /* SWAccountSipConfiguration.h */ = {isa = PBXFileReference; fileEncoding = 4; lastKnownFileType = sourcecode.c.h; path = SWAccountSipConfiguration.h; sourceTree = "<group>"; };
		2B3D6BDD199EA537005AE349 /* SWAccountSipConfiguration.mm */ = {isa = PBXFileReference; fileEncoding = 4; lastKnownFileType = sourcecode.cpp.objcpp; path = SWAccountSipConfiguration.mm; sourceTree = "<group>"; };
		2B3D6BDE199EA537005AE349 /* SWAccountVideoConfiguration.h */ = {isa = PBXFileReference; fileEncoding = 4; lastKnownFileType = sourcecode.c.h; path = SWAccountVideoConfiguration.h; sourceTree = "<group>"; };
		2B3D6BDF199EA537005AE349 /* SWAccountVideoConfiguration.mm */ = {isa = PBXFileReference; fileEncoding = 4; lastKnownFileType = sourcecode.cpp.objcpp; path = SWAccountVideoConfiguration.mm; sourceTree = "<group>"; };
		2B3D6BE0199EA537005AE349 /* SwigAccount.h */ = {isa = PBXFileReference; fileEncoding = 4; lastKnownFileType = sourcecode.c.h; path = SwigAccount.h; sourceTree = "<group>"; };
		2B3D6BE1199EA537005AE349 /* SwigAccount.mm */ = {isa = PBXFileReference; fileEncoding = 4; lastKnownFileType = sourcecode.cpp.objcpp; path = SwigAccount.mm; sourceTree = "<group>"; };
		2B3D6BE3199EA537005AE349 /* NSArray+IntVector.h */ = {isa = PBXFileReference; fileEncoding = 4; lastKnownFileType = sourcecode.c.h; path = "NSArray+IntVector.h"; sourceTree = "<group>"; };
		2B3D6BE4199EA537005AE349 /* NSArray+IntVector.mm */ = {isa = PBXFileReference; fileEncoding = 4; lastKnownFileType = sourcecode.cpp.objcpp; path = "NSArray+IntVector.mm"; sourceTree = "<group>"; };
		2B3D6BE5199EA537005AE349 /* NSArray+StringVector.h */ = {isa = PBXFileReference; fileEncoding = 4; lastKnownFileType = sourcecode.c.h; path = "NSArray+StringVector.h"; sourceTree = "<group>"; };
		2B3D6BE6199EA537005AE349 /* NSArray+StringVector.mm */ = {isa = PBXFileReference; fileEncoding = 4; lastKnownFileType = sourcecode.cpp.objcpp; path = "NSArray+StringVector.mm"; sourceTree = "<group>"; };
		2B3D6BE7199EA537005AE349 /* NSError+Error.h */ = {isa = PBXFileReference; fileEncoding = 4; lastKnownFileType = sourcecode.c.h; path = "NSError+Error.h"; sourceTree = "<group>"; };
		2B3D6BE8199EA537005AE349 /* NSError+Error.mm */ = {isa = PBXFileReference; fileEncoding = 4; lastKnownFileType = sourcecode.cpp.objcpp; path = "NSError+Error.mm"; sourceTree = "<group>"; };
		2B3D6BE9199EA537005AE349 /* NSString+String.h */ = {isa = PBXFileReference; fileEncoding = 4; lastKnownFileType = sourcecode.c.h; path = "NSString+String.h"; sourceTree = "<group>"; };
		2B3D6BEA199EA537005AE349 /* NSString+String.mm */ = {isa = PBXFileReference; fileEncoding = 4; lastKnownFileType = sourcecode.cpp.objcpp; path = "NSString+String.mm"; sourceTree = "<group>"; };
		2B3D6BEC199EA537005AE349 /* SWEndpoint.h */ = {isa = PBXFileReference; fileEncoding = 4; lastKnownFileType = sourcecode.c.h; path = SWEndpoint.h; sourceTree = "<group>"; };
		2B3D6BED199EA537005AE349 /* SWEndpoint.mm */ = {isa = PBXFileReference; fileEncoding = 4; lastKnownFileType = sourcecode.cpp.objcpp; path = SWEndpoint.mm; sourceTree = "<group>"; };
		2B3D6BEE199EA537005AE349 /* SWEndpointConfiguration.h */ = {isa = PBXFileReference; fileEncoding = 4; lastKnownFileType = sourcecode.c.h; path = SWEndpointConfiguration.h; sourceTree = "<group>"; };
		2B3D6BEF199EA537005AE349 /* SWEndpointConfiguration.mm */ = {isa = PBXFileReference; fileEncoding = 4; lastKnownFileType = sourcecode.cpp.objcpp; path = SWEndpointConfiguration.mm; sourceTree = "<group>"; };
		2B3D6BF0199EA537005AE349 /* SWLogConfiguration.h */ = {isa = PBXFileReference; fileEncoding = 4; lastKnownFileType = sourcecode.c.h; path = SWLogConfiguration.h; sourceTree = "<group>"; };
		2B3D6BF1199EA537005AE349 /* SWLogConfiguration.mm */ = {isa = PBXFileReference; fileEncoding = 4; lastKnownFileType = sourcecode.cpp.objcpp; path = SWLogConfiguration.mm; sourceTree = "<group>"; };
		2B3D6BF2199EA537005AE349 /* SWMediaConfiguration.h */ = {isa = PBXFileReference; fileEncoding = 4; lastKnownFileType = sourcecode.c.h; path = SWMediaConfiguration.h; sourceTree = "<group>"; };
		2B3D6BF3199EA537005AE349 /* SWMediaConfiguration.mm */ = {isa = PBXFileReference; fileEncoding = 4; lastKnownFileType = sourcecode.cpp.objcpp; path = SWMediaConfiguration.mm; sourceTree = "<group>"; };
		2B3D6BF4199EA537005AE349 /* SWTlsConfig.h */ = {isa = PBXFileReference; fileEncoding = 4; lastKnownFileType = sourcecode.c.h; path = SWTlsConfig.h; sourceTree = "<group>"; };
		2B3D6BF5199EA537005AE349 /* SWTlsConfig.mm */ = {isa = PBXFileReference; fileEncoding = 4; lastKnownFileType = sourcecode.cpp.objcpp; path = SWTlsConfig.mm; sourceTree = "<group>"; };
		2B3D6BF8199EA537005AE349 /* SWUserAgentConfiguration.h */ = {isa = PBXFileReference; fileEncoding = 4; lastKnownFileType = sourcecode.c.h; path = SWUserAgentConfiguration.h; sourceTree = "<group>"; };
		2B3D6BF9199EA537005AE349 /* SWUserAgentConfiguration.mm */ = {isa = PBXFileReference; fileEncoding = 4; lastKnownFileType = sourcecode.cpp.objcpp; path = SWUserAgentConfiguration.mm; sourceTree = "<group>"; };
		2BD641C1199CE50C00589024 /* swig.app */ = {isa = PBXFileReference; explicitFileType = wrapper.application; includeInIndex = 0; path = swig.app; sourceTree = BUILT_PRODUCTS_DIR; };
		2BD641C5199CE50C00589024 /* Info.plist */ = {isa = PBXFileReference; lastKnownFileType = text.plist.xml; path = Info.plist; sourceTree = "<group>"; };
		2BD641C6199CE50C00589024 /* main.m */ = {isa = PBXFileReference; lastKnownFileType = sourcecode.c.objc; path = main.m; sourceTree = "<group>"; };
		2BD641C8199CE50C00589024 /* AppDelegate.h */ = {isa = PBXFileReference; lastKnownFileType = sourcecode.c.h; path = AppDelegate.h; sourceTree = "<group>"; };
		2BD641C9199CE50C00589024 /* AppDelegate.m */ = {isa = PBXFileReference; lastKnownFileType = sourcecode.c.objc; path = AppDelegate.m; sourceTree = "<group>"; };
		2BD641CB199CE50C00589024 /* ViewController.h */ = {isa = PBXFileReference; lastKnownFileType = sourcecode.c.h; path = ViewController.h; sourceTree = "<group>"; };
		2BD641CC199CE50C00589024 /* ViewController.m */ = {isa = PBXFileReference; lastKnownFileType = sourcecode.c.objc; path = ViewController.m; sourceTree = "<group>"; };
		2BD641CF199CE50C00589024 /* Base */ = {isa = PBXFileReference; lastKnownFileType = file.storyboard; name = Base; path = Base.lproj/Main.storyboard; sourceTree = "<group>"; };
		2BD641D1199CE50C00589024 /* Images.xcassets */ = {isa = PBXFileReference; lastKnownFileType = folder.assetcatalog; path = Images.xcassets; sourceTree = "<group>"; };
		2BD641D7199CE50C00589024 /* swigTests.xctest */ = {isa = PBXFileReference; explicitFileType = wrapper.cfbundle; includeInIndex = 0; path = swigTests.xctest; sourceTree = BUILT_PRODUCTS_DIR; };
		2BD641DC199CE50C00589024 /* Info.plist */ = {isa = PBXFileReference; lastKnownFileType = text.plist.xml; path = Info.plist; sourceTree = "<group>"; };
		2BD641DD199CE50C00589024 /* swigTests.m */ = {isa = PBXFileReference; lastKnownFileType = sourcecode.c.objc; path = swigTests.m; sourceTree = "<group>"; };
		2BD641E7199CE54200589024 /* CFNetwork.framework */ = {isa = PBXFileReference; lastKnownFileType = wrapper.framework; name = CFNetwork.framework; path = System/Library/Frameworks/CFNetwork.framework; sourceTree = SDKROOT; };
		2BD641E9199CE54A00589024 /* AudioToolbox.framework */ = {isa = PBXFileReference; lastKnownFileType = wrapper.framework; name = AudioToolbox.framework; path = System/Library/Frameworks/AudioToolbox.framework; sourceTree = SDKROOT; };
		2BD641EB199CE55200589024 /* CoreAudio.framework */ = {isa = PBXFileReference; lastKnownFileType = wrapper.framework; name = CoreAudio.framework; path = System/Library/Frameworks/CoreAudio.framework; sourceTree = SDKROOT; };
		2BD641ED199CE58D00589024 /* AVFoundation.framework */ = {isa = PBXFileReference; lastKnownFileType = wrapper.framework; name = AVFoundation.framework; path = System/Library/Frameworks/AVFoundation.framework; sourceTree = SDKROOT; };
		2BD641F0199CE5AE00589024 /* libg7221codec-arm-apple-darwin9.a */ = {isa = PBXFileReference; lastKnownFileType = archive.ar; name = "libg7221codec-arm-apple-darwin9.a"; path = "pjsip-lib/libg7221codec-arm-apple-darwin9.a"; sourceTree = "<group>"; };
		2BD641F1199CE5AE00589024 /* libgsmcodec-arm-apple-darwin9.a */ = {isa = PBXFileReference; lastKnownFileType = archive.ar; name = "libgsmcodec-arm-apple-darwin9.a"; path = "pjsip-lib/libgsmcodec-arm-apple-darwin9.a"; sourceTree = "<group>"; };
		2BD641F2199CE5AE00589024 /* libilbccodec-arm-apple-darwin9.a */ = {isa = PBXFileReference; lastKnownFileType = archive.ar; name = "libilbccodec-arm-apple-darwin9.a"; path = "pjsip-lib/libilbccodec-arm-apple-darwin9.a"; sourceTree = "<group>"; };
		2BD641F3199CE5AE00589024 /* libpj-arm-apple-darwin9.a */ = {isa = PBXFileReference; lastKnownFileType = archive.ar; name = "libpj-arm-apple-darwin9.a"; path = "pjsip-lib/libpj-arm-apple-darwin9.a"; sourceTree = "<group>"; };
		2BD641F4199CE5AE00589024 /* libpjlib-util-arm-apple-darwin9.a */ = {isa = PBXFileReference; lastKnownFileType = archive.ar; name = "libpjlib-util-arm-apple-darwin9.a"; path = "pjsip-lib/libpjlib-util-arm-apple-darwin9.a"; sourceTree = "<group>"; };
		2BD641F5199CE5AE00589024 /* libpjmedia-arm-apple-darwin9.a */ = {isa = PBXFileReference; lastKnownFileType = archive.ar; name = "libpjmedia-arm-apple-darwin9.a"; path = "pjsip-lib/libpjmedia-arm-apple-darwin9.a"; sourceTree = "<group>"; };
		2BD641F6199CE5AE00589024 /* libpjmedia-audiodev-arm-apple-darwin9.a */ = {isa = PBXFileReference; lastKnownFileType = archive.ar; name = "libpjmedia-audiodev-arm-apple-darwin9.a"; path = "pjsip-lib/libpjmedia-audiodev-arm-apple-darwin9.a"; sourceTree = "<group>"; };
		2BD641F7199CE5AE00589024 /* libpjmedia-codec-arm-apple-darwin9.a */ = {isa = PBXFileReference; lastKnownFileType = archive.ar; name = "libpjmedia-codec-arm-apple-darwin9.a"; path = "pjsip-lib/libpjmedia-codec-arm-apple-darwin9.a"; sourceTree = "<group>"; };
		2BD641F8199CE5AE00589024 /* libpjmedia-videodev-arm-apple-darwin9.a */ = {isa = PBXFileReference; lastKnownFileType = archive.ar; name = "libpjmedia-videodev-arm-apple-darwin9.a"; path = "pjsip-lib/libpjmedia-videodev-arm-apple-darwin9.a"; sourceTree = "<group>"; };
		2BD641F9199CE5AE00589024 /* libpjnath-arm-apple-darwin9.a */ = {isa = PBXFileReference; lastKnownFileType = archive.ar; name = "libpjnath-arm-apple-darwin9.a"; path = "pjsip-lib/libpjnath-arm-apple-darwin9.a"; sourceTree = "<group>"; };
		2BD641FA199CE5AE00589024 /* libpjsip-arm-apple-darwin9.a */ = {isa = PBXFileReference; lastKnownFileType = archive.ar; name = "libpjsip-arm-apple-darwin9.a"; path = "pjsip-lib/libpjsip-arm-apple-darwin9.a"; sourceTree = "<group>"; };
		2BD641FB199CE5AE00589024 /* libpjsip-simple-arm-apple-darwin9.a */ = {isa = PBXFileReference; lastKnownFileType = archive.ar; name = "libpjsip-simple-arm-apple-darwin9.a"; path = "pjsip-lib/libpjsip-simple-arm-apple-darwin9.a"; sourceTree = "<group>"; };
		2BD641FC199CE5AE00589024 /* libpjsip-ua-arm-apple-darwin9.a */ = {isa = PBXFileReference; lastKnownFileType = archive.ar; name = "libpjsip-ua-arm-apple-darwin9.a"; path = "pjsip-lib/libpjsip-ua-arm-apple-darwin9.a"; sourceTree = "<group>"; };
		2BD641FD199CE5AE00589024 /* libpjsua-arm-apple-darwin9.a */ = {isa = PBXFileReference; lastKnownFileType = archive.ar; name = "libpjsua-arm-apple-darwin9.a"; path = "pjsip-lib/libpjsua-arm-apple-darwin9.a"; sourceTree = "<group>"; };
		2BD641FE199CE5AE00589024 /* libpjsua2-arm-apple-darwin9.a */ = {isa = PBXFileReference; lastKnownFileType = archive.ar; name = "libpjsua2-arm-apple-darwin9.a"; path = "pjsip-lib/libpjsua2-arm-apple-darwin9.a"; sourceTree = "<group>"; };
		2BD641FF199CE5AE00589024 /* libresample-arm-apple-darwin9.a */ = {isa = PBXFileReference; lastKnownFileType = archive.ar; name = "libresample-arm-apple-darwin9.a"; path = "pjsip-lib/libresample-arm-apple-darwin9.a"; sourceTree = "<group>"; };
		2BD64200199CE5AE00589024 /* libspeex-arm-apple-darwin9.a */ = {isa = PBXFileReference; lastKnownFileType = archive.ar; name = "libspeex-arm-apple-darwin9.a"; path = "pjsip-lib/libspeex-arm-apple-darwin9.a"; sourceTree = "<group>"; };
		2BD64201199CE5AE00589024 /* libsrtp-arm-apple-darwin9.a */ = {isa = PBXFileReference; lastKnownFileType = archive.ar; name = "libsrtp-arm-apple-darwin9.a"; path = "pjsip-lib/libsrtp-arm-apple-darwin9.a"; sourceTree = "<group>"; };
		2BD64235199CF1E700589024 /* Swig.h */ = {isa = PBXFileReference; lastKnownFileType = sourcecode.c.h; path = Swig.h; sourceTree = "<group>"; };
/* End PBXFileReference section */

/* Begin PBXFrameworksBuildPhase section */
		2BD641BE199CE50C00589024 /* Frameworks */ = {
			isa = PBXFrameworksBuildPhase;
			buildActionMask = 2147483647;
			files = (
				2BD64203199CE5AE00589024 /* libgsmcodec-arm-apple-darwin9.a in Frameworks */,
				2BD641EE199CE58D00589024 /* AVFoundation.framework in Frameworks */,
				2BD64207199CE5AE00589024 /* libpjmedia-arm-apple-darwin9.a in Frameworks */,
				2BD64202199CE5AE00589024 /* libg7221codec-arm-apple-darwin9.a in Frameworks */,
				2BD6420B199CE5AE00589024 /* libpjnath-arm-apple-darwin9.a in Frameworks */,
				2BD6420E199CE5AE00589024 /* libpjsip-ua-arm-apple-darwin9.a in Frameworks */,
				2BD64213199CE5AE00589024 /* libsrtp-arm-apple-darwin9.a in Frameworks */,
				2BD6420F199CE5AE00589024 /* libpjsua-arm-apple-darwin9.a in Frameworks */,
				2BD64209199CE5AE00589024 /* libpjmedia-codec-arm-apple-darwin9.a in Frameworks */,
				2BD641EA199CE54A00589024 /* AudioToolbox.framework in Frameworks */,
				2BD6420C199CE5AE00589024 /* libpjsip-arm-apple-darwin9.a in Frameworks */,
				2BD64204199CE5AE00589024 /* libilbccodec-arm-apple-darwin9.a in Frameworks */,
				2BD6420D199CE5AE00589024 /* libpjsip-simple-arm-apple-darwin9.a in Frameworks */,
				2BD64205199CE5AE00589024 /* libpj-arm-apple-darwin9.a in Frameworks */,
				2BD64206199CE5AE00589024 /* libpjlib-util-arm-apple-darwin9.a in Frameworks */,
				2BD6420A199CE5AE00589024 /* libpjmedia-videodev-arm-apple-darwin9.a in Frameworks */,
				2BD64208199CE5AE00589024 /* libpjmedia-audiodev-arm-apple-darwin9.a in Frameworks */,
				2BD641E8199CE54200589024 /* CFNetwork.framework in Frameworks */,
				2BD64211199CE5AE00589024 /* libresample-arm-apple-darwin9.a in Frameworks */,
				2BD64212199CE5AE00589024 /* libspeex-arm-apple-darwin9.a in Frameworks */,
				2BD64210199CE5AE00589024 /* libpjsua2-arm-apple-darwin9.a in Frameworks */,
			);
			runOnlyForDeploymentPostprocessing = 0;
		};
		2BD641D4199CE50C00589024 /* Frameworks */ = {
			isa = PBXFrameworksBuildPhase;
			buildActionMask = 2147483647;
			files = (
			);
			runOnlyForDeploymentPostprocessing = 0;
		};
/* End PBXFrameworksBuildPhase section */

/* Begin PBXGroup section */
		064C304B19A10CE00055B20A /* SipTypes */ = {
			isa = PBXGroup;
			children = (
				064C304C19A10CE00055B20A /* SWTransportConfiguration.h */,
				064C304D19A10CE00055B20A /* SWTransportConfiguration.mm */,
				064C304F19A113D00055B20A /* SWSipHeader.h */,
				064C305019A113D00055B20A /* SWSipHeader.mm */,
				064C305819A11B450055B20A /* SWAuthCredInfo.h */,
				064C305919A11B450055B20A /* SWAuthCredInfo.mm */,
			);
			path = SipTypes;
			sourceTree = "<group>";
		};
		064C305B19A156170055B20A /* Call */ = {
			isa = PBXGroup;
			children = (
				064C305C19A156210055B20A /* SwigCall.h */,
				064C305D19A156210055B20A /* SwigCall.mm */,
			);
			path = Call;
			sourceTree = "<group>";
		};
		2B3D6BCB199EA537005AE349 /* Account */ = {
			isa = PBXGroup;
			children = (
				2B3D6BE0199EA537005AE349 /* SwigAccount.h */,
				2B3D6BE1199EA537005AE349 /* SwigAccount.mm */,
				2B3D6BCC199EA537005AE349 /* SWAccount.h */,
				2B3D6BCD199EA537005AE349 /* SWAccount.mm */,
				2B3D6BCE199EA537005AE349 /* SWAccountCallConfiguration.h */,
				2B3D6BCF199EA537005AE349 /* SWAccountCallConfiguration.mm */,
				2B3D6BD0199EA537005AE349 /* SWAccountConfiguration.h */,
				2B3D6BD1199EA537005AE349 /* SWAccountConfiguration.mm */,
				2B3D6BD2199EA537005AE349 /* SWAccountMediaConfiguration.h */,
				2B3D6BD3199EA537005AE349 /* SWAccountMediaConfiguration.mm */,
				2B3D6BD4199EA537005AE349 /* SWAccountMWIConfiguration.h */,
				2B3D6BD5199EA537005AE349 /* SWAccountMWIConfiguration.mm */,
				2B3D6BD6199EA537005AE349 /* SWAccountNATConfiguration.h */,
				2B3D6BD7199EA537005AE349 /* SWAccountNATConfiguration.mm */,
				2B3D6BD8199EA537005AE349 /* SWAccountPresenceConfiguration.h */,
				2B3D6BD9199EA537005AE349 /* SWAccountPresenceConfiguration.mm */,
				2B3D6BDA199EA537005AE349 /* SWAccountRegistrationConfiguration.h */,
				2B3D6BDB199EA537005AE349 /* SWAccountRegistrationConfiguration.mm */,
				2B3D6BDC199EA537005AE349 /* SWAccountSipConfiguration.h */,
				2B3D6BDD199EA537005AE349 /* SWAccountSipConfiguration.mm */,
				2B3D6BDE199EA537005AE349 /* SWAccountVideoConfiguration.h */,
				2B3D6BDF199EA537005AE349 /* SWAccountVideoConfiguration.mm */,
			);
			path = Account;
			sourceTree = "<group>";
		};
		2B3D6BE2199EA537005AE349 /* Categories */ = {
			isa = PBXGroup;
			children = (
				2B3D6BE3199EA537005AE349 /* NSArray+IntVector.h */,
				2B3D6BE4199EA537005AE349 /* NSArray+IntVector.mm */,
				2B3D6BE5199EA537005AE349 /* NSArray+StringVector.h */,
				2B3D6BE6199EA537005AE349 /* NSArray+StringVector.mm */,
				2B3D6BE7199EA537005AE349 /* NSError+Error.h */,
				2B3D6BE8199EA537005AE349 /* NSError+Error.mm */,
				2B3D6BE9199EA537005AE349 /* NSString+String.h */,
				2B3D6BEA199EA537005AE349 /* NSString+String.mm */,
				064C305219A1153B0055B20A /* NSArray+SipHeaderVector.h */,
				064C305319A1153B0055B20A /* NSArray+SipHeaderVector.mm */,
				064C305519A11ACE0055B20A /* NSArray+AuthCredInfoVector.h */,
				064C305619A11ACE0055B20A /* NSArray+AuthCredInfoVector.mm */,
			);
			path = Categories;
			sourceTree = "<group>";
		};
		2B3D6BEB199EA537005AE349 /* Endpoint */ = {
			isa = PBXGroup;
			children = (
				2B3D6BEC199EA537005AE349 /* SWEndpoint.h */,
				2B3D6BED199EA537005AE349 /* SWEndpoint.mm */,
				2B3D6BEE199EA537005AE349 /* SWEndpointConfiguration.h */,
				2B3D6BEF199EA537005AE349 /* SWEndpointConfiguration.mm */,
				2B3D6BF0199EA537005AE349 /* SWLogConfiguration.h */,
				2B3D6BF1199EA537005AE349 /* SWLogConfiguration.mm */,
				2B3D6BF2199EA537005AE349 /* SWMediaConfiguration.h */,
				2B3D6BF3199EA537005AE349 /* SWMediaConfiguration.mm */,
				2B3D6BF4199EA537005AE349 /* SWTlsConfig.h */,
				2B3D6BF5199EA537005AE349 /* SWTlsConfig.mm */,
				2B3D6BF8199EA537005AE349 /* SWUserAgentConfiguration.h */,
				2B3D6BF9199EA537005AE349 /* SWUserAgentConfiguration.mm */,
			);
			path = Endpoint;
			sourceTree = "<group>";
		};
		2BD641B8199CE50C00589024 = {
			isa = PBXGroup;
			children = (
				2BD641C3199CE50C00589024 /* swig */,
				2BD641DA199CE50C00589024 /* swigTests */,
				2BD641EF199CE59500589024 /* Frameworks */,
				2BD641C2199CE50C00589024 /* Products */,
			);
			sourceTree = "<group>";
		};
		2BD641C2199CE50C00589024 /* Products */ = {
			isa = PBXGroup;
			children = (
				2BD641C1199CE50C00589024 /* swig.app */,
				2BD641D7199CE50C00589024 /* swigTests.xctest */,
			);
			name = Products;
			sourceTree = "<group>";
		};
		2BD641C3199CE50C00589024 /* swig */ = {
			isa = PBXGroup;
			children = (
				2BD641C8199CE50C00589024 /* AppDelegate.h */,
				2BD641C9199CE50C00589024 /* AppDelegate.m */,
				2BD641CB199CE50C00589024 /* ViewController.h */,
				2BD641CC199CE50C00589024 /* ViewController.m */,
				2BD641CE199CE50C00589024 /* Main.storyboard */,
				2BD641D1199CE50C00589024 /* Images.xcassets */,
				2BD64214199CE65300589024 /* Swig */,
				2BD641C4199CE50C00589024 /* Supporting Files */,
			);
			path = swig;
			sourceTree = "<group>";
		};
		2BD641C4199CE50C00589024 /* Supporting Files */ = {
			isa = PBXGroup;
			children = (
				2BD641C5199CE50C00589024 /* Info.plist */,
				2BD641C6199CE50C00589024 /* main.m */,
			);
			name = "Supporting Files";
			sourceTree = "<group>";
		};
		2BD641DA199CE50C00589024 /* swigTests */ = {
			isa = PBXGroup;
			children = (
				2BD641DD199CE50C00589024 /* swigTests.m */,
				2BD641DB199CE50C00589024 /* Supporting Files */,
			);
			path = swigTests;
			sourceTree = "<group>";
		};
		2BD641DB199CE50C00589024 /* Supporting Files */ = {
			isa = PBXGroup;
			children = (
				2BD641DC199CE50C00589024 /* Info.plist */,
			);
			name = "Supporting Files";
			sourceTree = "<group>";
		};
		2BD641EF199CE59500589024 /* Frameworks */ = {
			isa = PBXGroup;
			children = (
				2BD641F0199CE5AE00589024 /* libg7221codec-arm-apple-darwin9.a */,
				2BD641F1199CE5AE00589024 /* libgsmcodec-arm-apple-darwin9.a */,
				2BD641F2199CE5AE00589024 /* libilbccodec-arm-apple-darwin9.a */,
				2BD641F3199CE5AE00589024 /* libpj-arm-apple-darwin9.a */,
				2BD641F4199CE5AE00589024 /* libpjlib-util-arm-apple-darwin9.a */,
				2BD641F5199CE5AE00589024 /* libpjmedia-arm-apple-darwin9.a */,
				2BD641F6199CE5AE00589024 /* libpjmedia-audiodev-arm-apple-darwin9.a */,
				2BD641F7199CE5AE00589024 /* libpjmedia-codec-arm-apple-darwin9.a */,
				2BD641F8199CE5AE00589024 /* libpjmedia-videodev-arm-apple-darwin9.a */,
				2BD641F9199CE5AE00589024 /* libpjnath-arm-apple-darwin9.a */,
				2BD641FA199CE5AE00589024 /* libpjsip-arm-apple-darwin9.a */,
				2BD641FB199CE5AE00589024 /* libpjsip-simple-arm-apple-darwin9.a */,
				2BD641FC199CE5AE00589024 /* libpjsip-ua-arm-apple-darwin9.a */,
				2BD641FD199CE5AE00589024 /* libpjsua-arm-apple-darwin9.a */,
				2BD641FE199CE5AE00589024 /* libpjsua2-arm-apple-darwin9.a */,
				2BD641FF199CE5AE00589024 /* libresample-arm-apple-darwin9.a */,
				2BD64200199CE5AE00589024 /* libspeex-arm-apple-darwin9.a */,
				2BD64201199CE5AE00589024 /* libsrtp-arm-apple-darwin9.a */,
				2BD641ED199CE58D00589024 /* AVFoundation.framework */,
				2BD641EB199CE55200589024 /* CoreAudio.framework */,
				2BD641E9199CE54A00589024 /* AudioToolbox.framework */,
				2BD641E7199CE54200589024 /* CFNetwork.framework */,
			);
			name = Frameworks;
			sourceTree = "<group>";
		};
		2BD64214199CE65300589024 /* Swig */ = {
			isa = PBXGroup;
			children = (
				2BD64235199CF1E700589024 /* Swig.h */,
				2B3D6BA0199E489D005AE349 /* SWUserAgent.h */,
				2B3D6BA1199E489D005AE349 /* SWUserAgent.mm */,
				064C304B19A10CE00055B20A /* SipTypes */,
				2B3D6BEB199EA537005AE349 /* Endpoint */,
				2B3D6BCB199EA537005AE349 /* Account */,
				064C305B19A156170055B20A /* Call */,
				2B3D6BE2199EA537005AE349 /* Categories */,
			);
			path = Swig;
			sourceTree = "<group>";
		};
/* End PBXGroup section */

/* Begin PBXNativeTarget section */
		2BD641C0199CE50C00589024 /* swig */ = {
			isa = PBXNativeTarget;
			buildConfigurationList = 2BD641E1199CE50C00589024 /* Build configuration list for PBXNativeTarget "swig" */;
			buildPhases = (
				2BD641BD199CE50C00589024 /* Sources */,
				2BD641BE199CE50C00589024 /* Frameworks */,
				2BD641BF199CE50C00589024 /* Resources */,
			);
			buildRules = (
			);
			dependencies = (
			);
			name = swig;
			productName = swig;
			productReference = 2BD641C1199CE50C00589024 /* swig.app */;
			productType = "com.apple.product-type.application";
		};
		2BD641D6199CE50C00589024 /* swigTests */ = {
			isa = PBXNativeTarget;
			buildConfigurationList = 2BD641E4199CE50C00589024 /* Build configuration list for PBXNativeTarget "swigTests" */;
			buildPhases = (
				2BD641D3199CE50C00589024 /* Sources */,
				2BD641D4199CE50C00589024 /* Frameworks */,
				2BD641D5199CE50C00589024 /* Resources */,
			);
			buildRules = (
			);
			dependencies = (
				2BD641D9199CE50C00589024 /* PBXTargetDependency */,
			);
			name = swigTests;
			productName = swigTests;
			productReference = 2BD641D7199CE50C00589024 /* swigTests.xctest */;
			productType = "com.apple.product-type.bundle.unit-test";
		};
/* End PBXNativeTarget section */

/* Begin PBXProject section */
		2BD641B9199CE50C00589024 /* Project object */ = {
			isa = PBXProject;
			attributes = {
				LastUpgradeCheck = 0600;
				ORGANIZATIONNAME = PeteAppDesigns;
				TargetAttributes = {
					2BD641C0199CE50C00589024 = {
						CreatedOnToolsVersion = 6.0;
					};
					2BD641D6199CE50C00589024 = {
						CreatedOnToolsVersion = 6.0;
						TestTargetID = 2BD641C0199CE50C00589024;
					};
				};
			};
			buildConfigurationList = 2BD641BC199CE50C00589024 /* Build configuration list for PBXProject "swig" */;
			compatibilityVersion = "Xcode 3.2";
			developmentRegion = English;
			hasScannedForEncodings = 0;
			knownRegions = (
				en,
				Base,
			);
			mainGroup = 2BD641B8199CE50C00589024;
			productRefGroup = 2BD641C2199CE50C00589024 /* Products */;
			projectDirPath = "";
			projectRoot = "";
			targets = (
				2BD641C0199CE50C00589024 /* swig */,
				2BD641D6199CE50C00589024 /* swigTests */,
			);
		};
/* End PBXProject section */

/* Begin PBXResourcesBuildPhase section */
		2BD641BF199CE50C00589024 /* Resources */ = {
			isa = PBXResourcesBuildPhase;
			buildActionMask = 2147483647;
			files = (
				2BD641D0199CE50C00589024 /* Main.storyboard in Resources */,
				2BD641D2199CE50C00589024 /* Images.xcassets in Resources */,
			);
			runOnlyForDeploymentPostprocessing = 0;
		};
		2BD641D5199CE50C00589024 /* Resources */ = {
			isa = PBXResourcesBuildPhase;
			buildActionMask = 2147483647;
			files = (
			);
			runOnlyForDeploymentPostprocessing = 0;
		};
/* End PBXResourcesBuildPhase section */

/* Begin PBXSourcesBuildPhase section */
		2BD641BD199CE50C00589024 /* Sources */ = {
			isa = PBXSourcesBuildPhase;
			buildActionMask = 2147483647;
			files = (
				2B3D6C09199EA537005AE349 /* SWEndpoint.mm in Sources */,
				2B3D6C0D199EA537005AE349 /* SWTlsConfig.mm in Sources */,
				2BD641CD199CE50C00589024 /* ViewController.m in Sources */,
				2B3D6BFE199EA537005AE349 /* SWAccountMWIConfiguration.mm in Sources */,
				2B3D6BFF199EA537005AE349 /* SWAccountNATConfiguration.mm in Sources */,
				2BD641CA199CE50C00589024 /* AppDelegate.m in Sources */,
				2B3D6C0B199EA537005AE349 /* SWLogConfiguration.mm in Sources */,
				2B3D6C0F199EA537005AE349 /* SWUserAgentConfiguration.mm in Sources */,
				064C304E19A10CE00055B20A /* SWTransportConfiguration.mm in Sources */,
				2B3D6C07199EA537005AE349 /* NSError+Error.mm in Sources */,
				2B3D6BFC199EA537005AE349 /* SWAccountConfiguration.mm in Sources */,
				2B3D6C05199EA537005AE349 /* NSArray+IntVector.mm in Sources */,
				064C305719A11ACE0055B20A /* NSArray+AuthCredInfoVector.mm in Sources */,
				2B3D6C06199EA537005AE349 /* NSArray+StringVector.mm in Sources */,
				2BD641C7199CE50C00589024 /* main.m in Sources */,
				2B3D6C08199EA537005AE349 /* NSString+String.mm in Sources */,
				064C305E19A156210055B20A /* SwigCall.mm in Sources */,
				064C305419A1153B0055B20A /* NSArray+SipHeaderVector.mm in Sources */,
				2B3D6BA2199E489D005AE349 /* SWUserAgent.mm in Sources */,
				2B3D6BFD199EA537005AE349 /* SWAccountMediaConfiguration.mm in Sources */,
				2B3D6C0C199EA537005AE349 /* SWMediaConfiguration.mm in Sources */,
				2B3D6C02199EA537005AE349 /* SWAccountSipConfiguration.mm in Sources */,
				064C305A19A11B450055B20A /* SWAuthCredInfo.mm in Sources */,
				064C305119A113D00055B20A /* SWSipHeader.mm in Sources */,
				2B3D6C04199EA537005AE349 /* SwigAccount.mm in Sources */,
				2B3D6BFB199EA537005AE349 /* SWAccountCallConfiguration.mm in Sources */,
				2B3D6C00199EA537005AE349 /* SWAccountPresenceConfiguration.mm in Sources */,
				2B3D6BFA199EA537005AE349 /* SWAccount.mm in Sources */,
				2B3D6C0A199EA537005AE349 /* SWEndpointConfiguration.mm in Sources */,
				2B3D6C03199EA537005AE349 /* SWAccountVideoConfiguration.mm in Sources */,
				2B3D6C01199EA537005AE349 /* SWAccountRegistrationConfiguration.mm in Sources */,
			);
			runOnlyForDeploymentPostprocessing = 0;
		};
		2BD641D3199CE50C00589024 /* Sources */ = {
			isa = PBXSourcesBuildPhase;
			buildActionMask = 2147483647;
			files = (
				2BD641DE199CE50C00589024 /* swigTests.m in Sources */,
			);
			runOnlyForDeploymentPostprocessing = 0;
		};
/* End PBXSourcesBuildPhase section */

/* Begin PBXTargetDependency section */
		2BD641D9199CE50C00589024 /* PBXTargetDependency */ = {
			isa = PBXTargetDependency;
			target = 2BD641C0199CE50C00589024 /* swig */;
			targetProxy = 2BD641D8199CE50C00589024 /* PBXContainerItemProxy */;
		};
/* End PBXTargetDependency section */

/* Begin PBXVariantGroup section */
		2BD641CE199CE50C00589024 /* Main.storyboard */ = {
			isa = PBXVariantGroup;
			children = (
				2BD641CF199CE50C00589024 /* Base */,
			);
			name = Main.storyboard;
			sourceTree = "<group>";
		};
/* End PBXVariantGroup section */

/* Begin XCBuildConfiguration section */
		2BD641DF199CE50C00589024 /* Debug */ = {
			isa = XCBuildConfiguration;
			buildSettings = {
				ALWAYS_SEARCH_USER_PATHS = NO;
				CLANG_CXX_LANGUAGE_STANDARD = "gnu++0x";
				CLANG_CXX_LIBRARY = "libc++";
				CLANG_ENABLE_MODULES = YES;
				CLANG_ENABLE_OBJC_ARC = YES;
				CLANG_WARN_BOOL_CONVERSION = YES;
				CLANG_WARN_CONSTANT_CONVERSION = YES;
				CLANG_WARN_DIRECT_OBJC_ISA_USAGE = YES_ERROR;
				CLANG_WARN_EMPTY_BODY = YES;
				CLANG_WARN_ENUM_CONVERSION = YES;
				CLANG_WARN_INT_CONVERSION = YES;
				CLANG_WARN_OBJC_ROOT_CLASS = YES_ERROR;
				CLANG_WARN_UNREACHABLE_CODE = YES;
				CLANG_WARN__DUPLICATE_METHOD_MATCH = YES;
				"CODE_SIGN_IDENTITY[sdk=iphoneos*]" = "iPhone Developer";
				COPY_PHASE_STRIP = NO;
				ENABLE_STRICT_OBJC_MSGSEND = YES;
				GCC_C_LANGUAGE_STANDARD = gnu99;
				GCC_DYNAMIC_NO_PIC = NO;
				GCC_OPTIMIZATION_LEVEL = 0;
				GCC_PREPROCESSOR_DEFINITIONS = (
					"DEBUG=1",
					"$(inherited)",
				);
				GCC_SYMBOLS_PRIVATE_EXTERN = NO;
				GCC_WARN_64_TO_32_BIT_CONVERSION = YES;
				GCC_WARN_ABOUT_RETURN_TYPE = YES_ERROR;
				GCC_WARN_UNDECLARED_SELECTOR = YES;
				GCC_WARN_UNINITIALIZED_AUTOS = YES_AGGRESSIVE;
				GCC_WARN_UNUSED_FUNCTION = YES;
				GCC_WARN_UNUSED_VARIABLE = YES;
				IPHONEOS_DEPLOYMENT_TARGET = 8.0;
				MTL_ENABLE_DEBUG_INFO = YES;
				ONLY_ACTIVE_ARCH = YES;
				SDKROOT = iphoneos;
			};
			name = Debug;
		};
		2BD641E0199CE50C00589024 /* Release */ = {
			isa = XCBuildConfiguration;
			buildSettings = {
				ALWAYS_SEARCH_USER_PATHS = NO;
				CLANG_CXX_LANGUAGE_STANDARD = "gnu++0x";
				CLANG_CXX_LIBRARY = "libc++";
				CLANG_ENABLE_MODULES = YES;
				CLANG_ENABLE_OBJC_ARC = YES;
				CLANG_WARN_BOOL_CONVERSION = YES;
				CLANG_WARN_CONSTANT_CONVERSION = YES;
				CLANG_WARN_DIRECT_OBJC_ISA_USAGE = YES_ERROR;
				CLANG_WARN_EMPTY_BODY = YES;
				CLANG_WARN_ENUM_CONVERSION = YES;
				CLANG_WARN_INT_CONVERSION = YES;
				CLANG_WARN_OBJC_ROOT_CLASS = YES_ERROR;
				CLANG_WARN_UNREACHABLE_CODE = YES;
				CLANG_WARN__DUPLICATE_METHOD_MATCH = YES;
				"CODE_SIGN_IDENTITY[sdk=iphoneos*]" = "iPhone Developer";
				COPY_PHASE_STRIP = YES;
				ENABLE_NS_ASSERTIONS = NO;
				ENABLE_STRICT_OBJC_MSGSEND = YES;
				GCC_C_LANGUAGE_STANDARD = gnu99;
				GCC_WARN_64_TO_32_BIT_CONVERSION = YES;
				GCC_WARN_ABOUT_RETURN_TYPE = YES_ERROR;
				GCC_WARN_UNDECLARED_SELECTOR = YES;
				GCC_WARN_UNINITIALIZED_AUTOS = YES_AGGRESSIVE;
				GCC_WARN_UNUSED_FUNCTION = YES;
				GCC_WARN_UNUSED_VARIABLE = YES;
				IPHONEOS_DEPLOYMENT_TARGET = 8.0;
				MTL_ENABLE_DEBUG_INFO = NO;
				SDKROOT = iphoneos;
				VALIDATE_PRODUCT = YES;
			};
			name = Release;
		};
		2BD641E2199CE50C00589024 /* Debug */ = {
			isa = XCBuildConfiguration;
			buildSettings = {
				ALWAYS_SEARCH_USER_PATHS = YES;
				ASSETCATALOG_COMPILER_APPICON_NAME = AppIcon;
				ASSETCATALOG_COMPILER_LAUNCHIMAGE_NAME = LaunchImage;
				GCC_INPUT_FILETYPE = automatic;
				GCC_PREPROCESSOR_DEFINITIONS = (
					"$(inherited)",
					PJ_AUTOCONF,
				);
				INFOPLIST_FILE = swig/Info.plist;
				LD_RUNPATH_SEARCH_PATHS = "$(inherited) @executable_path/Frameworks";
				LIBRARY_SEARCH_PATHS = (
					"$(inherited)",
					"$(PROJECT_DIR)/pjsip-lib",
				);
				PRODUCT_NAME = "$(TARGET_NAME)";
				USER_HEADER_SEARCH_PATHS = "$(SRCROOT)/pjsip-include";
			};
			name = Debug;
		};
		2BD641E3199CE50C00589024 /* Release */ = {
			isa = XCBuildConfiguration;
			buildSettings = {
				ALWAYS_SEARCH_USER_PATHS = YES;
				ASSETCATALOG_COMPILER_APPICON_NAME = AppIcon;
				ASSETCATALOG_COMPILER_LAUNCHIMAGE_NAME = LaunchImage;
				GCC_INPUT_FILETYPE = automatic;
				GCC_PREPROCESSOR_DEFINITIONS = PJ_AUTOCONF;
				INFOPLIST_FILE = swig/Info.plist;
				LD_RUNPATH_SEARCH_PATHS = "$(inherited) @executable_path/Frameworks";
				LIBRARY_SEARCH_PATHS = (
					"$(inherited)",
					"$(PROJECT_DIR)/pjsip-lib",
				);
				PRODUCT_NAME = "$(TARGET_NAME)";
				USER_HEADER_SEARCH_PATHS = "$(SRCROOT)/pjsip-include";
			};
			name = Release;
		};
		2BD641E5199CE50C00589024 /* Debug */ = {
			isa = XCBuildConfiguration;
			buildSettings = {
				BUNDLE_LOADER = "$(TEST_HOST)";
				FRAMEWORK_SEARCH_PATHS = (
					"$(SDKROOT)/Developer/Library/Frameworks",
					"$(inherited)",
				);
				GCC_PREPROCESSOR_DEFINITIONS = (
					"DEBUG=1",
					"$(inherited)",
				);
				INFOPLIST_FILE = swigTests/Info.plist;
				LD_RUNPATH_SEARCH_PATHS = "$(inherited) @executable_path/Frameworks @loader_path/Frameworks";
				PRODUCT_NAME = "$(TARGET_NAME)";
				TEST_HOST = "$(BUILT_PRODUCTS_DIR)/swig.app/swig";
			};
			name = Debug;
		};
		2BD641E6199CE50C00589024 /* Release */ = {
			isa = XCBuildConfiguration;
			buildSettings = {
				BUNDLE_LOADER = "$(TEST_HOST)";
				FRAMEWORK_SEARCH_PATHS = (
					"$(SDKROOT)/Developer/Library/Frameworks",
					"$(inherited)",
				);
				INFOPLIST_FILE = swigTests/Info.plist;
				LD_RUNPATH_SEARCH_PATHS = "$(inherited) @executable_path/Frameworks @loader_path/Frameworks";
				PRODUCT_NAME = "$(TARGET_NAME)";
				TEST_HOST = "$(BUILT_PRODUCTS_DIR)/swig.app/swig";
			};
			name = Release;
		};
/* End XCBuildConfiguration section */

/* Begin XCConfigurationList section */
		2BD641BC199CE50C00589024 /* Build configuration list for PBXProject "swig" */ = {
			isa = XCConfigurationList;
			buildConfigurations = (
				2BD641DF199CE50C00589024 /* Debug */,
				2BD641E0199CE50C00589024 /* Release */,
			);
			defaultConfigurationIsVisible = 0;
			defaultConfigurationName = Release;
		};
		2BD641E1199CE50C00589024 /* Build configuration list for PBXNativeTarget "swig" */ = {
			isa = XCConfigurationList;
			buildConfigurations = (
				2BD641E2199CE50C00589024 /* Debug */,
				2BD641E3199CE50C00589024 /* Release */,
			);
			defaultConfigurationIsVisible = 0;
			defaultConfigurationName = Release;
		};
		2BD641E4199CE50C00589024 /* Build configuration list for PBXNativeTarget "swigTests" */ = {
			isa = XCConfigurationList;
			buildConfigurations = (
				2BD641E5199CE50C00589024 /* Debug */,
				2BD641E6199CE50C00589024 /* Release */,
			);
			defaultConfigurationIsVisible = 0;
			defaultConfigurationName = Release;
		};
/* End XCConfigurationList section */
	};
	rootObject = 2BD641B9199CE50C00589024 /* Project object */;
}
