// !$*UTF8*$!
{
	archiveVersion = 1;
	classes = {
	};
	objectVersion = 46;
	objects = {

/* Begin PBXBuildFile section */
		2B414A2119A53CAB0012891F /* SwigAccount.mm in Sources */ = {isa = PBXBuildFile; fileRef = 2B414A0A19A53CAB0012891F /* SwigAccount.mm */; };
		2B414A2219A53CAB0012891F /* SwigCall.mm in Sources */ = {isa = PBXBuildFile; fileRef = 2B414A0D19A53CAB0012891F /* SwigCall.mm */; };
		2B414A2319A53CAB0012891F /* NSArray+AuthCredInfoVector.mm in Sources */ = {isa = PBXBuildFile; fileRef = 2B414A1019A53CAB0012891F /* NSArray+AuthCredInfoVector.mm */; };
		2B414A2419A53CAB0012891F /* NSArray+IntVector.mm in Sources */ = {isa = PBXBuildFile; fileRef = 2B414A1219A53CAB0012891F /* NSArray+IntVector.mm */; };
		2B414A2519A53CAB0012891F /* NSArray+SipHeaderVector.mm in Sources */ = {isa = PBXBuildFile; fileRef = 2B414A1419A53CAB0012891F /* NSArray+SipHeaderVector.mm */; };
		2B414A2619A53CAB0012891F /* NSArray+SipMultipartPartVector.mm in Sources */ = {isa = PBXBuildFile; fileRef = 2B414A1619A53CAB0012891F /* NSArray+SipMultipartPartVector.mm */; };
		2B414A2719A53CAB0012891F /* NSArray+StringVector.mm in Sources */ = {isa = PBXBuildFile; fileRef = 2B414A1819A53CAB0012891F /* NSArray+StringVector.mm */; };
		2B414A2819A53CAB0012891F /* NSError+Error.mm in Sources */ = {isa = PBXBuildFile; fileRef = 2B414A1A19A53CAB0012891F /* NSError+Error.mm */; };
		2B414A2919A53CAB0012891F /* NSString+String.mm in Sources */ = {isa = PBXBuildFile; fileRef = 2B414A1C19A53CAB0012891F /* NSString+String.mm */; };
		2B414A2C19A53CC80012891F /* SWEndpoint.mm in Sources */ = {isa = PBXBuildFile; fileRef = 2B414A2B19A53CC80012891F /* SWEndpoint.mm */; };
		2B414A3A19A53DEA0012891F /* SWAuthCredInfo.mm in Sources */ = {isa = PBXBuildFile; fileRef = 2B414A2F19A53DEA0012891F /* SWAuthCredInfo.mm */; };
		2B414A3B19A53DEA0012891F /* SWSipHeader.mm in Sources */ = {isa = PBXBuildFile; fileRef = 2B414A3119A53DEA0012891F /* SWSipHeader.mm */; };
		2B414A3C19A53DEA0012891F /* SWSipMediaType.mm in Sources */ = {isa = PBXBuildFile; fileRef = 2B414A3319A53DEA0012891F /* SWSipMediaType.mm */; };
		2B414A3D19A53DEA0012891F /* SWSipMultipartPart.mm in Sources */ = {isa = PBXBuildFile; fileRef = 2B414A3519A53DEA0012891F /* SWSipMultipartPart.mm */; };
		2B414A3E19A53DEA0012891F /* SWSipRxData.mm in Sources */ = {isa = PBXBuildFile; fileRef = 2B414A3719A53DEA0012891F /* SWSipRxData.mm */; };
		2B414A3F19A53DEA0012891F /* SWSipTxOption.mm in Sources */ = {isa = PBXBuildFile; fileRef = 2B414A3919A53DEA0012891F /* SWSipTxOption.mm */; };
		2B414A4219A53FDC0012891F /* SWAccountConfiguration.m in Sources */ = {isa = PBXBuildFile; fileRef = 2B414A4119A53FDC0012891F /* SWAccountConfiguration.m */; };
		2B414A4519A541050012891F /* SWTransportConfiguration.m in Sources */ = {isa = PBXBuildFile; fileRef = 2B414A4419A541050012891F /* SWTransportConfiguration.m */; };
		2B414A4819A541D90012891F /* SWEndpointConfiguration.m in Sources */ = {isa = PBXBuildFile; fileRef = 2B414A4719A541D90012891F /* SWEndpointConfiguration.m */; };
		2B4BA25219A632E80089478D /* SWEndpointConfiguration+EpConfig.mm in Sources */ = {isa = PBXBuildFile; fileRef = 2B4BA25119A632E80089478D /* SWEndpointConfiguration+EpConfig.mm */; };
		2B4BA25519A63BFA0089478D /* SWTransportConfiguration+TransportConfig.mm in Sources */ = {isa = PBXBuildFile; fileRef = 2B4BA25419A63BFA0089478D /* SWTransportConfiguration+TransportConfig.mm */; };
		2B4BA25819A64C790089478D /* SWAccount.mm in Sources */ = {isa = PBXBuildFile; fileRef = 2B4BA25719A64C790089478D /* SWAccount.mm */; };
		2B4BA25B19A6519A0089478D /* SWAccountConfiguration+AccountConfig.mm in Sources */ = {isa = PBXBuildFile; fileRef = 2B4BA25A19A6519A0089478D /* SWAccountConfiguration+AccountConfig.mm */; };
		2B4BA25F19A652610089478D /* SWUriFormatter.m in Sources */ = {isa = PBXBuildFile; fileRef = 2B4BA25E19A652610089478D /* SWUriFormatter.m */; };
		2B4BA26619A672D10089478D /* SWCall.m in Sources */ = {isa = PBXBuildFile; fileRef = 2B4BA26519A672D10089478D /* SWCall.m */; };
		2BD641C7199CE50C00589024 /* main.m in Sources */ = {isa = PBXBuildFile; fileRef = 2BD641C6199CE50C00589024 /* main.m */; };
		2BD641CA199CE50C00589024 /* AppDelegate.mm in Sources */ = {isa = PBXBuildFile; fileRef = 2BD641C9199CE50C00589024 /* AppDelegate.mm */; };
		2BD641CD199CE50C00589024 /* ViewController.m in Sources */ = {isa = PBXBuildFile; fileRef = 2BD641CC199CE50C00589024 /* ViewController.m */; };
		2BD641D0199CE50C00589024 /* Main.storyboard in Resources */ = {isa = PBXBuildFile; fileRef = 2BD641CE199CE50C00589024 /* Main.storyboard */; };
		2BD641D2199CE50C00589024 /* Images.xcassets in Resources */ = {isa = PBXBuildFile; fileRef = 2BD641D1199CE50C00589024 /* Images.xcassets */; };
		2BD641DE199CE50C00589024 /* swigTests.m in Sources */ = {isa = PBXBuildFile; fileRef = 2BD641DD199CE50C00589024 /* swigTests.m */; };
		2BD641E8199CE54200589024 /* CFNetwork.framework in Frameworks */ = {isa = PBXBuildFile; fileRef = 2BD641E7199CE54200589024 /* CFNetwork.framework */; };
		2BD641EA199CE54A00589024 /* AudioToolbox.framework in Frameworks */ = {isa = PBXBuildFile; fileRef = 2BD641E9199CE54A00589024 /* AudioToolbox.framework */; };
		2BD641EE199CE58D00589024 /* AVFoundation.framework in Frameworks */ = {isa = PBXBuildFile; fileRef = 2BD641ED199CE58D00589024 /* AVFoundation.framework */; };
		2BD64202199CE5AE00589024 /* libg7221codec-arm-apple-darwin9.a in Frameworks */ = {isa = PBXBuildFile; fileRef = 2BD641F0199CE5AE00589024 /* libg7221codec-arm-apple-darwin9.a */; };
		2BD64203199CE5AE00589024 /* libgsmcodec-arm-apple-darwin9.a in Frameworks */ = {isa = PBXBuildFile; fileRef = 2BD641F1199CE5AE00589024 /* libgsmcodec-arm-apple-darwin9.a */; };
		2BD64204199CE5AE00589024 /* libilbccodec-arm-apple-darwin9.a in Frameworks */ = {isa = PBXBuildFile; fileRef = 2BD641F2199CE5AE00589024 /* libilbccodec-arm-apple-darwin9.a */; };
		2BD64205199CE5AE00589024 /* libpj-arm-apple-darwin9.a in Frameworks */ = {isa = PBXBuildFile; fileRef = 2BD641F3199CE5AE00589024 /* libpj-arm-apple-darwin9.a */; };
		2BD64206199CE5AE00589024 /* libpjlib-util-arm-apple-darwin9.a in Frameworks */ = {isa = PBXBuildFile; fileRef = 2BD641F4199CE5AE00589024 /* libpjlib-util-arm-apple-darwin9.a */; };
		2BD64207199CE5AE00589024 /* libpjmedia-arm-apple-darwin9.a in Frameworks */ = {isa = PBXBuildFile; fileRef = 2BD641F5199CE5AE00589024 /* libpjmedia-arm-apple-darwin9.a */; };
		2BD64208199CE5AE00589024 /* libpjmedia-audiodev-arm-apple-darwin9.a in Frameworks */ = {isa = PBXBuildFile; fileRef = 2BD641F6199CE5AE00589024 /* libpjmedia-audiodev-arm-apple-darwin9.a */; };
		2BD64209199CE5AE00589024 /* libpjmedia-codec-arm-apple-darwin9.a in Frameworks */ = {isa = PBXBuildFile; fileRef = 2BD641F7199CE5AE00589024 /* libpjmedia-codec-arm-apple-darwin9.a */; };
		2BD6420A199CE5AE00589024 /* libpjmedia-videodev-arm-apple-darwin9.a in Frameworks */ = {isa = PBXBuildFile; fileRef = 2BD641F8199CE5AE00589024 /* libpjmedia-videodev-arm-apple-darwin9.a */; };
		2BD6420B199CE5AE00589024 /* libpjnath-arm-apple-darwin9.a in Frameworks */ = {isa = PBXBuildFile; fileRef = 2BD641F9199CE5AE00589024 /* libpjnath-arm-apple-darwin9.a */; };
		2BD6420C199CE5AE00589024 /* libpjsip-arm-apple-darwin9.a in Frameworks */ = {isa = PBXBuildFile; fileRef = 2BD641FA199CE5AE00589024 /* libpjsip-arm-apple-darwin9.a */; };
		2BD6420D199CE5AE00589024 /* libpjsip-simple-arm-apple-darwin9.a in Frameworks */ = {isa = PBXBuildFile; fileRef = 2BD641FB199CE5AE00589024 /* libpjsip-simple-arm-apple-darwin9.a */; };
		2BD6420E199CE5AE00589024 /* libpjsip-ua-arm-apple-darwin9.a in Frameworks */ = {isa = PBXBuildFile; fileRef = 2BD641FC199CE5AE00589024 /* libpjsip-ua-arm-apple-darwin9.a */; };
		2BD6420F199CE5AE00589024 /* libpjsua-arm-apple-darwin9.a in Frameworks */ = {isa = PBXBuildFile; fileRef = 2BD641FD199CE5AE00589024 /* libpjsua-arm-apple-darwin9.a */; };
		2BD64210199CE5AE00589024 /* libpjsua2-arm-apple-darwin9.a in Frameworks */ = {isa = PBXBuildFile; fileRef = 2BD641FE199CE5AE00589024 /* libpjsua2-arm-apple-darwin9.a */; };
		2BD64211199CE5AE00589024 /* libresample-arm-apple-darwin9.a in Frameworks */ = {isa = PBXBuildFile; fileRef = 2BD641FF199CE5AE00589024 /* libresample-arm-apple-darwin9.a */; };
		2BD64212199CE5AE00589024 /* libspeex-arm-apple-darwin9.a in Frameworks */ = {isa = PBXBuildFile; fileRef = 2BD64200199CE5AE00589024 /* libspeex-arm-apple-darwin9.a */; };
		2BD64213199CE5AE00589024 /* libsrtp-arm-apple-darwin9.a in Frameworks */ = {isa = PBXBuildFile; fileRef = 2BD64201199CE5AE00589024 /* libsrtp-arm-apple-darwin9.a */; };
/* End PBXBuildFile section */

/* Begin PBXContainerItemProxy section */
		2BD641D8199CE50C00589024 /* PBXContainerItemProxy */ = {
			isa = PBXContainerItemProxy;
			containerPortal = 2BD641B9199CE50C00589024 /* Project object */;
			proxyType = 1;
			remoteGlobalIDString = 2BD641C0199CE50C00589024;
			remoteInfo = swig;
		};
/* End PBXContainerItemProxy section */

/* Begin PBXFileReference section */
		2B414A0919A53CAB0012891F /* SwigAccount.h */ = {isa = PBXFileReference; fileEncoding = 4; lastKnownFileType = sourcecode.c.h; path = SwigAccount.h; sourceTree = "<group>"; };
		2B414A0A19A53CAB0012891F /* SwigAccount.mm */ = {isa = PBXFileReference; fileEncoding = 4; lastKnownFileType = sourcecode.cpp.objcpp; path = SwigAccount.mm; sourceTree = "<group>"; };
		2B414A0C19A53CAB0012891F /* SwigCall.h */ = {isa = PBXFileReference; fileEncoding = 4; lastKnownFileType = sourcecode.c.h; path = SwigCall.h; sourceTree = "<group>"; };
		2B414A0D19A53CAB0012891F /* SwigCall.mm */ = {isa = PBXFileReference; fileEncoding = 4; lastKnownFileType = sourcecode.cpp.objcpp; path = SwigCall.mm; sourceTree = "<group>"; };
		2B414A0F19A53CAB0012891F /* NSArray+AuthCredInfoVector.h */ = {isa = PBXFileReference; fileEncoding = 4; lastKnownFileType = sourcecode.c.h; path = "NSArray+AuthCredInfoVector.h"; sourceTree = "<group>"; };
		2B414A1019A53CAB0012891F /* NSArray+AuthCredInfoVector.mm */ = {isa = PBXFileReference; fileEncoding = 4; lastKnownFileType = sourcecode.cpp.objcpp; path = "NSArray+AuthCredInfoVector.mm"; sourceTree = "<group>"; };
		2B414A1119A53CAB0012891F /* NSArray+IntVector.h */ = {isa = PBXFileReference; fileEncoding = 4; lastKnownFileType = sourcecode.c.h; path = "NSArray+IntVector.h"; sourceTree = "<group>"; };
		2B414A1219A53CAB0012891F /* NSArray+IntVector.mm */ = {isa = PBXFileReference; fileEncoding = 4; lastKnownFileType = sourcecode.cpp.objcpp; path = "NSArray+IntVector.mm"; sourceTree = "<group>"; };
		2B414A1319A53CAB0012891F /* NSArray+SipHeaderVector.h */ = {isa = PBXFileReference; fileEncoding = 4; lastKnownFileType = sourcecode.c.h; path = "NSArray+SipHeaderVector.h"; sourceTree = "<group>"; };
		2B414A1419A53CAB0012891F /* NSArray+SipHeaderVector.mm */ = {isa = PBXFileReference; fileEncoding = 4; lastKnownFileType = sourcecode.cpp.objcpp; path = "NSArray+SipHeaderVector.mm"; sourceTree = "<group>"; };
		2B414A1519A53CAB0012891F /* NSArray+SipMultipartPartVector.h */ = {isa = PBXFileReference; fileEncoding = 4; lastKnownFileType = sourcecode.c.h; path = "NSArray+SipMultipartPartVector.h"; sourceTree = "<group>"; };
		2B414A1619A53CAB0012891F /* NSArray+SipMultipartPartVector.mm */ = {isa = PBXFileReference; fileEncoding = 4; lastKnownFileType = sourcecode.cpp.objcpp; path = "NSArray+SipMultipartPartVector.mm"; sourceTree = "<group>"; };
		2B414A1719A53CAB0012891F /* NSArray+StringVector.h */ = {isa = PBXFileReference; fileEncoding = 4; lastKnownFileType = sourcecode.c.h; path = "NSArray+StringVector.h"; sourceTree = "<group>"; };
		2B414A1819A53CAB0012891F /* NSArray+StringVector.mm */ = {isa = PBXFileReference; fileEncoding = 4; lastKnownFileType = sourcecode.cpp.objcpp; path = "NSArray+StringVector.mm"; sourceTree = "<group>"; };
		2B414A1919A53CAB0012891F /* NSError+Error.h */ = {isa = PBXFileReference; fileEncoding = 4; lastKnownFileType = sourcecode.c.h; path = "NSError+Error.h"; sourceTree = "<group>"; };
		2B414A1A19A53CAB0012891F /* NSError+Error.mm */ = {isa = PBXFileReference; fileEncoding = 4; lastKnownFileType = sourcecode.cpp.objcpp; path = "NSError+Error.mm"; sourceTree = "<group>"; };
		2B414A1B19A53CAB0012891F /* NSString+String.h */ = {isa = PBXFileReference; fileEncoding = 4; lastKnownFileType = sourcecode.c.h; path = "NSString+String.h"; sourceTree = "<group>"; };
		2B414A1C19A53CAB0012891F /* NSString+String.mm */ = {isa = PBXFileReference; fileEncoding = 4; lastKnownFileType = sourcecode.cpp.objcpp; path = "NSString+String.mm"; sourceTree = "<group>"; };
		2B414A2019A53CAB0012891F /* Swig.h */ = {isa = PBXFileReference; fileEncoding = 4; lastKnownFileType = sourcecode.c.h; path = Swig.h; sourceTree = "<group>"; };
		2B414A2A19A53CC80012891F /* SWEndpoint.h */ = {isa = PBXFileReference; fileEncoding = 4; lastKnownFileType = sourcecode.c.h; path = SWEndpoint.h; sourceTree = "<group>"; };
		2B414A2B19A53CC80012891F /* SWEndpoint.mm */ = {isa = PBXFileReference; fileEncoding = 4; lastKnownFileType = sourcecode.cpp.objcpp; path = SWEndpoint.mm; sourceTree = "<group>"; };
		2B414A2E19A53DEA0012891F /* SWAuthCredInfo.h */ = {isa = PBXFileReference; fileEncoding = 4; lastKnownFileType = sourcecode.c.h; path = SWAuthCredInfo.h; sourceTree = "<group>"; };
		2B414A2F19A53DEA0012891F /* SWAuthCredInfo.mm */ = {isa = PBXFileReference; fileEncoding = 4; lastKnownFileType = sourcecode.cpp.objcpp; path = SWAuthCredInfo.mm; sourceTree = "<group>"; };
		2B414A3019A53DEA0012891F /* SWSipHeader.h */ = {isa = PBXFileReference; fileEncoding = 4; lastKnownFileType = sourcecode.c.h; path = SWSipHeader.h; sourceTree = "<group>"; };
		2B414A3119A53DEA0012891F /* SWSipHeader.mm */ = {isa = PBXFileReference; fileEncoding = 4; lastKnownFileType = sourcecode.cpp.objcpp; path = SWSipHeader.mm; sourceTree = "<group>"; };
		2B414A3219A53DEA0012891F /* SWSipMediaType.h */ = {isa = PBXFileReference; fileEncoding = 4; lastKnownFileType = sourcecode.c.h; path = SWSipMediaType.h; sourceTree = "<group>"; };
		2B414A3319A53DEA0012891F /* SWSipMediaType.mm */ = {isa = PBXFileReference; fileEncoding = 4; lastKnownFileType = sourcecode.cpp.objcpp; path = SWSipMediaType.mm; sourceTree = "<group>"; };
		2B414A3419A53DEA0012891F /* SWSipMultipartPart.h */ = {isa = PBXFileReference; fileEncoding = 4; lastKnownFileType = sourcecode.c.h; path = SWSipMultipartPart.h; sourceTree = "<group>"; };
		2B414A3519A53DEA0012891F /* SWSipMultipartPart.mm */ = {isa = PBXFileReference; fileEncoding = 4; lastKnownFileType = sourcecode.cpp.objcpp; path = SWSipMultipartPart.mm; sourceTree = "<group>"; };
		2B414A3619A53DEA0012891F /* SWSipRxData.h */ = {isa = PBXFileReference; fileEncoding = 4; lastKnownFileType = sourcecode.c.h; path = SWSipRxData.h; sourceTree = "<group>"; };
		2B414A3719A53DEA0012891F /* SWSipRxData.mm */ = {isa = PBXFileReference; fileEncoding = 4; lastKnownFileType = sourcecode.cpp.objcpp; path = SWSipRxData.mm; sourceTree = "<group>"; };
		2B414A3819A53DEA0012891F /* SWSipTxOption.h */ = {isa = PBXFileReference; fileEncoding = 4; lastKnownFileType = sourcecode.c.h; path = SWSipTxOption.h; sourceTree = "<group>"; };
		2B414A3919A53DEA0012891F /* SWSipTxOption.mm */ = {isa = PBXFileReference; fileEncoding = 4; lastKnownFileType = sourcecode.cpp.objcpp; path = SWSipTxOption.mm; sourceTree = "<group>"; };
		2B414A4019A53FDC0012891F /* SWAccountConfiguration.h */ = {isa = PBXFileReference; fileEncoding = 4; lastKnownFileType = sourcecode.c.h; path = SWAccountConfiguration.h; sourceTree = "<group>"; };
		2B414A4119A53FDC0012891F /* SWAccountConfiguration.m */ = {isa = PBXFileReference; fileEncoding = 4; lastKnownFileType = sourcecode.c.objc; path = SWAccountConfiguration.m; sourceTree = "<group>"; };
		2B414A4319A541050012891F /* SWTransportConfiguration.h */ = {isa = PBXFileReference; fileEncoding = 4; lastKnownFileType = sourcecode.c.h; path = SWTransportConfiguration.h; sourceTree = "<group>"; };
		2B414A4419A541050012891F /* SWTransportConfiguration.m */ = {isa = PBXFileReference; fileEncoding = 4; lastKnownFileType = sourcecode.c.objc; path = SWTransportConfiguration.m; sourceTree = "<group>"; };
		2B414A4619A541D90012891F /* SWEndpointConfiguration.h */ = {isa = PBXFileReference; fileEncoding = 4; lastKnownFileType = sourcecode.c.h; path = SWEndpointConfiguration.h; sourceTree = "<group>"; };
		2B414A4719A541D90012891F /* SWEndpointConfiguration.m */ = {isa = PBXFileReference; fileEncoding = 4; lastKnownFileType = sourcecode.c.objc; path = SWEndpointConfiguration.m; sourceTree = "<group>"; };
		2B4BA25019A632E80089478D /* SWEndpointConfiguration+EpConfig.h */ = {isa = PBXFileReference; fileEncoding = 4; lastKnownFileType = sourcecode.c.h; path = "SWEndpointConfiguration+EpConfig.h"; sourceTree = "<group>"; };
		2B4BA25119A632E80089478D /* SWEndpointConfiguration+EpConfig.mm */ = {isa = PBXFileReference; fileEncoding = 4; lastKnownFileType = sourcecode.cpp.objcpp; path = "SWEndpointConfiguration+EpConfig.mm"; sourceTree = "<group>"; };
		2B4BA25319A63BFA0089478D /* SWTransportConfiguration+TransportConfig.h */ = {isa = PBXFileReference; fileEncoding = 4; lastKnownFileType = sourcecode.c.h; path = "SWTransportConfiguration+TransportConfig.h"; sourceTree = "<group>"; };
		2B4BA25419A63BFA0089478D /* SWTransportConfiguration+TransportConfig.mm */ = {isa = PBXFileReference; fileEncoding = 4; lastKnownFileType = sourcecode.cpp.objcpp; path = "SWTransportConfiguration+TransportConfig.mm"; sourceTree = "<group>"; };
		2B4BA25619A64C790089478D /* SWAccount.h */ = {isa = PBXFileReference; fileEncoding = 4; lastKnownFileType = sourcecode.c.h; path = SWAccount.h; sourceTree = "<group>"; };
		2B4BA25719A64C790089478D /* SWAccount.mm */ = {isa = PBXFileReference; fileEncoding = 4; lastKnownFileType = sourcecode.cpp.objcpp; path = SWAccount.mm; sourceTree = "<group>"; };
		2B4BA25919A6519A0089478D /* SWAccountConfiguration+AccountConfig.h */ = {isa = PBXFileReference; fileEncoding = 4; lastKnownFileType = sourcecode.c.h; path = "SWAccountConfiguration+AccountConfig.h"; sourceTree = "<group>"; };
		2B4BA25A19A6519A0089478D /* SWAccountConfiguration+AccountConfig.mm */ = {isa = PBXFileReference; fileEncoding = 4; lastKnownFileType = sourcecode.cpp.objcpp; path = "SWAccountConfiguration+AccountConfig.mm"; sourceTree = "<group>"; };
		2B4BA25D19A652610089478D /* SWUriFormatter.h */ = {isa = PBXFileReference; fileEncoding = 4; lastKnownFileType = sourcecode.c.h; path = SWUriFormatter.h; sourceTree = "<group>"; };
		2B4BA25E19A652610089478D /* SWUriFormatter.m */ = {isa = PBXFileReference; fileEncoding = 4; lastKnownFileType = sourcecode.c.objc; path = SWUriFormatter.m; sourceTree = "<group>"; };
		2B4BA26319A668C70089478D /* SWAccountCallbackProtocol.h */ = {isa = PBXFileReference; lastKnownFileType = sourcecode.c.h; path = SWAccountCallbackProtocol.h; sourceTree = "<group>"; };
		2B4BA26419A672D10089478D /* SWCall.h */ = {isa = PBXFileReference; fileEncoding = 4; lastKnownFileType = sourcecode.c.h; path = SWCall.h; sourceTree = "<group>"; };
		2B4BA26519A672D10089478D /* SWCall.m */ = {isa = PBXFileReference; fileEncoding = 4; lastKnownFileType = sourcecode.c.objc; path = SWCall.m; sourceTree = "<group>"; };
		2BD641C1199CE50C00589024 /* swig.app */ = {isa = PBXFileReference; explicitFileType = wrapper.application; includeInIndex = 0; path = swig.app; sourceTree = BUILT_PRODUCTS_DIR; };
		2BD641C5199CE50C00589024 /* Info.plist */ = {isa = PBXFileReference; lastKnownFileType = text.plist.xml; path = Info.plist; sourceTree = "<group>"; };
		2BD641C6199CE50C00589024 /* main.m */ = {isa = PBXFileReference; lastKnownFileType = sourcecode.c.objc; path = main.m; sourceTree = "<group>"; };
		2BD641C8199CE50C00589024 /* AppDelegate.h */ = {isa = PBXFileReference; lastKnownFileType = sourcecode.c.h; path = AppDelegate.h; sourceTree = "<group>"; };
		2BD641C9199CE50C00589024 /* AppDelegate.mm */ = {isa = PBXFileReference; lastKnownFileType = sourcecode.cpp.objcpp; path = AppDelegate.mm; sourceTree = "<group>"; };
		2BD641CB199CE50C00589024 /* ViewController.h */ = {isa = PBXFileReference; lastKnownFileType = sourcecode.c.h; path = ViewController.h; sourceTree = "<group>"; };
		2BD641CC199CE50C00589024 /* ViewController.m */ = {isa = PBXFileReference; lastKnownFileType = sourcecode.c.objc; path = ViewController.m; sourceTree = "<group>"; };
		2BD641CF199CE50C00589024 /* Base */ = {isa = PBXFileReference; lastKnownFileType = file.storyboard; name = Base; path = Base.lproj/Main.storyboard; sourceTree = "<group>"; };
		2BD641D1199CE50C00589024 /* Images.xcassets */ = {isa = PBXFileReference; lastKnownFileType = folder.assetcatalog; path = Images.xcassets; sourceTree = "<group>"; };
		2BD641D7199CE50C00589024 /* swigTests.xctest */ = {isa = PBXFileReference; explicitFileType = wrapper.cfbundle; includeInIndex = 0; path = swigTests.xctest; sourceTree = BUILT_PRODUCTS_DIR; };
		2BD641DC199CE50C00589024 /* Info.plist */ = {isa = PBXFileReference; lastKnownFileType = text.plist.xml; path = Info.plist; sourceTree = "<group>"; };
		2BD641DD199CE50C00589024 /* swigTests.m */ = {isa = PBXFileReference; lastKnownFileType = sourcecode.c.objc; path = swigTests.m; sourceTree = "<group>"; };
		2BD641E7199CE54200589024 /* CFNetwork.framework */ = {isa = PBXFileReference; lastKnownFileType = wrapper.framework; name = CFNetwork.framework; path = System/Library/Frameworks/CFNetwork.framework; sourceTree = SDKROOT; };
		2BD641E9199CE54A00589024 /* AudioToolbox.framework */ = {isa = PBXFileReference; lastKnownFileType = wrapper.framework; name = AudioToolbox.framework; path = System/Library/Frameworks/AudioToolbox.framework; sourceTree = SDKROOT; };
		2BD641EB199CE55200589024 /* CoreAudio.framework */ = {isa = PBXFileReference; lastKnownFileType = wrapper.framework; name = CoreAudio.framework; path = System/Library/Frameworks/CoreAudio.framework; sourceTree = SDKROOT; };
		2BD641ED199CE58D00589024 /* AVFoundation.framework */ = {isa = PBXFileReference; lastKnownFileType = wrapper.framework; name = AVFoundation.framework; path = System/Library/Frameworks/AVFoundation.framework; sourceTree = SDKROOT; };
		2BD641F0199CE5AE00589024 /* libg7221codec-arm-apple-darwin9.a */ = {isa = PBXFileReference; lastKnownFileType = archive.ar; name = "libg7221codec-arm-apple-darwin9.a"; path = "pjsip-lib/libg7221codec-arm-apple-darwin9.a"; sourceTree = "<group>"; };
		2BD641F1199CE5AE00589024 /* libgsmcodec-arm-apple-darwin9.a */ = {isa = PBXFileReference; lastKnownFileType = archive.ar; name = "libgsmcodec-arm-apple-darwin9.a"; path = "pjsip-lib/libgsmcodec-arm-apple-darwin9.a"; sourceTree = "<group>"; };
		2BD641F2199CE5AE00589024 /* libilbccodec-arm-apple-darwin9.a */ = {isa = PBXFileReference; lastKnownFileType = archive.ar; name = "libilbccodec-arm-apple-darwin9.a"; path = "pjsip-lib/libilbccodec-arm-apple-darwin9.a"; sourceTree = "<group>"; };
		2BD641F3199CE5AE00589024 /* libpj-arm-apple-darwin9.a */ = {isa = PBXFileReference; lastKnownFileType = archive.ar; name = "libpj-arm-apple-darwin9.a"; path = "pjsip-lib/libpj-arm-apple-darwin9.a"; sourceTree = "<group>"; };
		2BD641F4199CE5AE00589024 /* libpjlib-util-arm-apple-darwin9.a */ = {isa = PBXFileReference; lastKnownFileType = archive.ar; name = "libpjlib-util-arm-apple-darwin9.a"; path = "pjsip-lib/libpjlib-util-arm-apple-darwin9.a"; sourceTree = "<group>"; };
		2BD641F5199CE5AE00589024 /* libpjmedia-arm-apple-darwin9.a */ = {isa = PBXFileReference; lastKnownFileType = archive.ar; name = "libpjmedia-arm-apple-darwin9.a"; path = "pjsip-lib/libpjmedia-arm-apple-darwin9.a"; sourceTree = "<group>"; };
		2BD641F6199CE5AE00589024 /* libpjmedia-audiodev-arm-apple-darwin9.a */ = {isa = PBXFileReference; lastKnownFileType = archive.ar; name = "libpjmedia-audiodev-arm-apple-darwin9.a"; path = "pjsip-lib/libpjmedia-audiodev-arm-apple-darwin9.a"; sourceTree = "<group>"; };
		2BD641F7199CE5AE00589024 /* libpjmedia-codec-arm-apple-darwin9.a */ = {isa = PBXFileReference; lastKnownFileType = archive.ar; name = "libpjmedia-codec-arm-apple-darwin9.a"; path = "pjsip-lib/libpjmedia-codec-arm-apple-darwin9.a"; sourceTree = "<group>"; };
		2BD641F8199CE5AE00589024 /* libpjmedia-videodev-arm-apple-darwin9.a */ = {isa = PBXFileReference; lastKnownFileType = archive.ar; name = "libpjmedia-videodev-arm-apple-darwin9.a"; path = "pjsip-lib/libpjmedia-videodev-arm-apple-darwin9.a"; sourceTree = "<group>"; };
		2BD641F9199CE5AE00589024 /* libpjnath-arm-apple-darwin9.a */ = {isa = PBXFileReference; lastKnownFileType = archive.ar; name = "libpjnath-arm-apple-darwin9.a"; path = "pjsip-lib/libpjnath-arm-apple-darwin9.a"; sourceTree = "<group>"; };
		2BD641FA199CE5AE00589024 /* libpjsip-arm-apple-darwin9.a */ = {isa = PBXFileReference; lastKnownFileType = archive.ar; name = "libpjsip-arm-apple-darwin9.a"; path = "pjsip-lib/libpjsip-arm-apple-darwin9.a"; sourceTree = "<group>"; };
		2BD641FB199CE5AE00589024 /* libpjsip-simple-arm-apple-darwin9.a */ = {isa = PBXFileReference; lastKnownFileType = archive.ar; name = "libpjsip-simple-arm-apple-darwin9.a"; path = "pjsip-lib/libpjsip-simple-arm-apple-darwin9.a"; sourceTree = "<group>"; };
		2BD641FC199CE5AE00589024 /* libpjsip-ua-arm-apple-darwin9.a */ = {isa = PBXFileReference; lastKnownFileType = archive.ar; name = "libpjsip-ua-arm-apple-darwin9.a"; path = "pjsip-lib/libpjsip-ua-arm-apple-darwin9.a"; sourceTree = "<group>"; };
		2BD641FD199CE5AE00589024 /* libpjsua-arm-apple-darwin9.a */ = {isa = PBXFileReference; lastKnownFileType = archive.ar; name = "libpjsua-arm-apple-darwin9.a"; path = "pjsip-lib/libpjsua-arm-apple-darwin9.a"; sourceTree = "<group>"; };
		2BD641FE199CE5AE00589024 /* libpjsua2-arm-apple-darwin9.a */ = {isa = PBXFileReference; lastKnownFileType = archive.ar; name = "libpjsua2-arm-apple-darwin9.a"; path = "pjsip-lib/libpjsua2-arm-apple-darwin9.a"; sourceTree = "<group>"; };
		2BD641FF199CE5AE00589024 /* libresample-arm-apple-darwin9.a */ = {isa = PBXFileReference; lastKnownFileType = archive.ar; name = "libresample-arm-apple-darwin9.a"; path = "pjsip-lib/libresample-arm-apple-darwin9.a"; sourceTree = "<group>"; };
		2BD64200199CE5AE00589024 /* libspeex-arm-apple-darwin9.a */ = {isa = PBXFileReference; lastKnownFileType = archive.ar; name = "libspeex-arm-apple-darwin9.a"; path = "pjsip-lib/libspeex-arm-apple-darwin9.a"; sourceTree = "<group>"; };
		2BD64201199CE5AE00589024 /* libsrtp-arm-apple-darwin9.a */ = {isa = PBXFileReference; lastKnownFileType = archive.ar; name = "libsrtp-arm-apple-darwin9.a"; path = "pjsip-lib/libsrtp-arm-apple-darwin9.a"; sourceTree = "<group>"; };
/* End PBXFileReference section */

/* Begin PBXFrameworksBuildPhase section */
		2BD641BE199CE50C00589024 /* Frameworks */ = {
			isa = PBXFrameworksBuildPhase;
			buildActionMask = 2147483647;
			files = (
				2BD64203199CE5AE00589024 /* libgsmcodec-arm-apple-darwin9.a in Frameworks */,
				2BD641EE199CE58D00589024 /* AVFoundation.framework in Frameworks */,
				2BD64207199CE5AE00589024 /* libpjmedia-arm-apple-darwin9.a in Frameworks */,
				2BD64202199CE5AE00589024 /* libg7221codec-arm-apple-darwin9.a in Frameworks */,
				2BD6420B199CE5AE00589024 /* libpjnath-arm-apple-darwin9.a in Frameworks */,
				2BD6420E199CE5AE00589024 /* libpjsip-ua-arm-apple-darwin9.a in Frameworks */,
				2BD64213199CE5AE00589024 /* libsrtp-arm-apple-darwin9.a in Frameworks */,
				2BD6420F199CE5AE00589024 /* libpjsua-arm-apple-darwin9.a in Frameworks */,
				2BD64209199CE5AE00589024 /* libpjmedia-codec-arm-apple-darwin9.a in Frameworks */,
				2BD641EA199CE54A00589024 /* AudioToolbox.framework in Frameworks */,
				2BD6420C199CE5AE00589024 /* libpjsip-arm-apple-darwin9.a in Frameworks */,
				2BD64204199CE5AE00589024 /* libilbccodec-arm-apple-darwin9.a in Frameworks */,
				2BD6420D199CE5AE00589024 /* libpjsip-simple-arm-apple-darwin9.a in Frameworks */,
				2BD64205199CE5AE00589024 /* libpj-arm-apple-darwin9.a in Frameworks */,
				2BD64206199CE5AE00589024 /* libpjlib-util-arm-apple-darwin9.a in Frameworks */,
				2BD6420A199CE5AE00589024 /* libpjmedia-videodev-arm-apple-darwin9.a in Frameworks */,
				2BD64208199CE5AE00589024 /* libpjmedia-audiodev-arm-apple-darwin9.a in Frameworks */,
				2BD641E8199CE54200589024 /* CFNetwork.framework in Frameworks */,
				2BD64211199CE5AE00589024 /* libresample-arm-apple-darwin9.a in Frameworks */,
				2BD64212199CE5AE00589024 /* libspeex-arm-apple-darwin9.a in Frameworks */,
				2BD64210199CE5AE00589024 /* libpjsua2-arm-apple-darwin9.a in Frameworks */,
			);
			runOnlyForDeploymentPostprocessing = 0;
		};
		2BD641D4199CE50C00589024 /* Frameworks */ = {
			isa = PBXFrameworksBuildPhase;
			buildActionMask = 2147483647;
			files = (
			);
			runOnlyForDeploymentPostprocessing = 0;
		};
/* End PBXFrameworksBuildPhase section */

/* Begin PBXGroup section */
		2B414A0719A53CAB0012891F /* Swig */ = {
			isa = PBXGroup;
			children = (
				2B414A2019A53CAB0012891F /* Swig.h */,
				2B414A2D19A53DEA0012891F /* SipTypes */,
				2B414A1D19A53CAB0012891F /* Endpoint */,
				2B414A0819A53CAB0012891F /* Account */,
				2B414A0B19A53CAB0012891F /* Call */,
				2B414A0E19A53CAB0012891F /* Categories */,
				2B414A1E19A53CAB0012891F /* Media */,
				2B4BA25C19A652160089478D /* Formatters */,
			);
			path = Swig;
			sourceTree = "<group>";
		};
		2B414A0819A53CAB0012891F /* Account */ = {
			isa = PBXGroup;
			children = (
				2B414A0919A53CAB0012891F /* SwigAccount.h */,
				2B414A0A19A53CAB0012891F /* SwigAccount.mm */,
				2B4BA26319A668C70089478D /* SWAccountCallbackProtocol.h */,
				2B4BA25619A64C790089478D /* SWAccount.h */,
				2B4BA25719A64C790089478D /* SWAccount.mm */,
				2B414A4019A53FDC0012891F /* SWAccountConfiguration.h */,
				2B414A4119A53FDC0012891F /* SWAccountConfiguration.m */,
			);
			path = Account;
			sourceTree = "<group>";
		};
		2B414A0B19A53CAB0012891F /* Call */ = {
			isa = PBXGroup;
			children = (
				2B414A0C19A53CAB0012891F /* SwigCall.h */,
				2B414A0D19A53CAB0012891F /* SwigCall.mm */,
				2B4BA26419A672D10089478D /* SWCall.h */,
				2B4BA26519A672D10089478D /* SWCall.m */,
			);
			path = Call;
			sourceTree = "<group>";
		};
		2B414A0E19A53CAB0012891F /* Categories */ = {
			isa = PBXGroup;
			children = (
				2B414A0F19A53CAB0012891F /* NSArray+AuthCredInfoVector.h */,
				2B414A1019A53CAB0012891F /* NSArray+AuthCredInfoVector.mm */,
				2B414A1119A53CAB0012891F /* NSArray+IntVector.h */,
				2B414A1219A53CAB0012891F /* NSArray+IntVector.mm */,
				2B414A1319A53CAB0012891F /* NSArray+SipHeaderVector.h */,
				2B414A1419A53CAB0012891F /* NSArray+SipHeaderVector.mm */,
				2B414A1519A53CAB0012891F /* NSArray+SipMultipartPartVector.h */,
				2B414A1619A53CAB0012891F /* NSArray+SipMultipartPartVector.mm */,
				2B414A1719A53CAB0012891F /* NSArray+StringVector.h */,
				2B414A1819A53CAB0012891F /* NSArray+StringVector.mm */,
				2B414A1919A53CAB0012891F /* NSError+Error.h */,
				2B414A1A19A53CAB0012891F /* NSError+Error.mm */,
				2B414A1B19A53CAB0012891F /* NSString+String.h */,
				2B414A1C19A53CAB0012891F /* NSString+String.mm */,
				2B4BA25019A632E80089478D /* SWEndpointConfiguration+EpConfig.h */,
				2B4BA25119A632E80089478D /* SWEndpointConfiguration+EpConfig.mm */,
				2B4BA25319A63BFA0089478D /* SWTransportConfiguration+TransportConfig.h */,
				2B4BA25419A63BFA0089478D /* SWTransportConfiguration+TransportConfig.mm */,
				2B4BA25919A6519A0089478D /* SWAccountConfiguration+AccountConfig.h */,
				2B4BA25A19A6519A0089478D /* SWAccountConfiguration+AccountConfig.mm */,
			);
			path = Categories;
			sourceTree = "<group>";
		};
		2B414A1D19A53CAB0012891F /* Endpoint */ = {
			isa = PBXGroup;
			children = (
				2B414A2A19A53CC80012891F /* SWEndpoint.h */,
				2B414A2B19A53CC80012891F /* SWEndpoint.mm */,
				2B414A4619A541D90012891F /* SWEndpointConfiguration.h */,
				2B414A4719A541D90012891F /* SWEndpointConfiguration.m */,
				2B414A4319A541050012891F /* SWTransportConfiguration.h */,
				2B414A4419A541050012891F /* SWTransportConfiguration.m */,
			);
			path = Endpoint;
			sourceTree = "<group>";
		};
		2B414A1E19A53CAB0012891F /* Media */ = {
			isa = PBXGroup;
			children = (
			);
			path = Media;
			sourceTree = "<group>";
		};
		2B414A2D19A53DEA0012891F /* SipTypes */ = {
			isa = PBXGroup;
			children = (
				2B414A2E19A53DEA0012891F /* SWAuthCredInfo.h */,
				2B414A2F19A53DEA0012891F /* SWAuthCredInfo.mm */,
				2B414A3019A53DEA0012891F /* SWSipHeader.h */,
				2B414A3119A53DEA0012891F /* SWSipHeader.mm */,
				2B414A3219A53DEA0012891F /* SWSipMediaType.h */,
				2B414A3319A53DEA0012891F /* SWSipMediaType.mm */,
				2B414A3419A53DEA0012891F /* SWSipMultipartPart.h */,
				2B414A3519A53DEA0012891F /* SWSipMultipartPart.mm */,
				2B414A3619A53DEA0012891F /* SWSipRxData.h */,
				2B414A3719A53DEA0012891F /* SWSipRxData.mm */,
				2B414A3819A53DEA0012891F /* SWSipTxOption.h */,
				2B414A3919A53DEA0012891F /* SWSipTxOption.mm */,
			);
			path = SipTypes;
			sourceTree = "<group>";
		};
		2B4BA25C19A652160089478D /* Formatters */ = {
			isa = PBXGroup;
			children = (
				2B4BA25D19A652610089478D /* SWUriFormatter.h */,
				2B4BA25E19A652610089478D /* SWUriFormatter.m */,
			);
			path = Formatters;
			sourceTree = "<group>";
		};
		2BD641B8199CE50C00589024 = {
			isa = PBXGroup;
			children = (
				2BD641C3199CE50C00589024 /* swig */,
				2BD641DA199CE50C00589024 /* swigTests */,
				2BD641EF199CE59500589024 /* Frameworks */,
				2BD641C2199CE50C00589024 /* Products */,
			);
			sourceTree = "<group>";
		};
		2BD641C2199CE50C00589024 /* Products */ = {
			isa = PBXGroup;
			children = (
				2BD641C1199CE50C00589024 /* swig.app */,
				2BD641D7199CE50C00589024 /* swigTests.xctest */,
			);
			name = Products;
			sourceTree = "<group>";
		};
		2BD641C3199CE50C00589024 /* swig */ = {
			isa = PBXGroup;
			children = (
				2BD641C8199CE50C00589024 /* AppDelegate.h */,
				2BD641C9199CE50C00589024 /* AppDelegate.mm */,
				2BD641CB199CE50C00589024 /* ViewController.h */,
				2BD641CC199CE50C00589024 /* ViewController.m */,
				2BD641CE199CE50C00589024 /* Main.storyboard */,
				2BD641D1199CE50C00589024 /* Images.xcassets */,
				2B414A0719A53CAB0012891F /* Swig */,
				2BD641C4199CE50C00589024 /* Supporting Files */,
			);
			path = swig;
			sourceTree = "<group>";
		};
		2BD641C4199CE50C00589024 /* Supporting Files */ = {
			isa = PBXGroup;
			children = (
				2BD641C5199CE50C00589024 /* Info.plist */,
				2BD641C6199CE50C00589024 /* main.m */,
			);
			name = "Supporting Files";
			sourceTree = "<group>";
		};
		2BD641DA199CE50C00589024 /* swigTests */ = {
			isa = PBXGroup;
			children = (
				2BD641DD199CE50C00589024 /* swigTests.m */,
				2BD641DB199CE50C00589024 /* Supporting Files */,
			);
			path = swigTests;
			sourceTree = "<group>";
		};
		2BD641DB199CE50C00589024 /* Supporting Files */ = {
			isa = PBXGroup;
			children = (
				2BD641DC199CE50C00589024 /* Info.plist */,
			);
			name = "Supporting Files";
			sourceTree = "<group>";
		};
		2BD641EF199CE59500589024 /* Frameworks */ = {
			isa = PBXGroup;
			children = (
				2BD641F0199CE5AE00589024 /* libg7221codec-arm-apple-darwin9.a */,
				2BD641F1199CE5AE00589024 /* libgsmcodec-arm-apple-darwin9.a */,
				2BD641F2199CE5AE00589024 /* libilbccodec-arm-apple-darwin9.a */,
				2BD641F3199CE5AE00589024 /* libpj-arm-apple-darwin9.a */,
				2BD641F4199CE5AE00589024 /* libpjlib-util-arm-apple-darwin9.a */,
				2BD641F5199CE5AE00589024 /* libpjmedia-arm-apple-darwin9.a */,
				2BD641F6199CE5AE00589024 /* libpjmedia-audiodev-arm-apple-darwin9.a */,
				2BD641F7199CE5AE00589024 /* libpjmedia-codec-arm-apple-darwin9.a */,
				2BD641F8199CE5AE00589024 /* libpjmedia-videodev-arm-apple-darwin9.a */,
				2BD641F9199CE5AE00589024 /* libpjnath-arm-apple-darwin9.a */,
				2BD641FA199CE5AE00589024 /* libpjsip-arm-apple-darwin9.a */,
				2BD641FB199CE5AE00589024 /* libpjsip-simple-arm-apple-darwin9.a */,
				2BD641FC199CE5AE00589024 /* libpjsip-ua-arm-apple-darwin9.a */,
				2BD641FD199CE5AE00589024 /* libpjsua-arm-apple-darwin9.a */,
				2BD641FE199CE5AE00589024 /* libpjsua2-arm-apple-darwin9.a */,
				2BD641FF199CE5AE00589024 /* libresample-arm-apple-darwin9.a */,
				2BD64200199CE5AE00589024 /* libspeex-arm-apple-darwin9.a */,
				2BD64201199CE5AE00589024 /* libsrtp-arm-apple-darwin9.a */,
				2BD641ED199CE58D00589024 /* AVFoundation.framework */,
				2BD641EB199CE55200589024 /* CoreAudio.framework */,
				2BD641E9199CE54A00589024 /* AudioToolbox.framework */,
				2BD641E7199CE54200589024 /* CFNetwork.framework */,
			);
			name = Frameworks;
			sourceTree = "<group>";
		};
/* End PBXGroup section */

/* Begin PBXNativeTarget section */
		2BD641C0199CE50C00589024 /* swig */ = {
			isa = PBXNativeTarget;
			buildConfigurationList = 2BD641E1199CE50C00589024 /* Build configuration list for PBXNativeTarget "swig" */;
			buildPhases = (
				2BD641BD199CE50C00589024 /* Sources */,
				2BD641BE199CE50C00589024 /* Frameworks */,
				2BD641BF199CE50C00589024 /* Resources */,
			);
			buildRules = (
			);
			dependencies = (
			);
			name = swig;
			productName = swig;
			productReference = 2BD641C1199CE50C00589024 /* swig.app */;
			productType = "com.apple.product-type.application";
		};
		2BD641D6199CE50C00589024 /* swigTests */ = {
			isa = PBXNativeTarget;
			buildConfigurationList = 2BD641E4199CE50C00589024 /* Build configuration list for PBXNativeTarget "swigTests" */;
			buildPhases = (
				2BD641D3199CE50C00589024 /* Sources */,
				2BD641D4199CE50C00589024 /* Frameworks */,
				2BD641D5199CE50C00589024 /* Resources */,
			);
			buildRules = (
			);
			dependencies = (
				2BD641D9199CE50C00589024 /* PBXTargetDependency */,
			);
			name = swigTests;
			productName = swigTests;
			productReference = 2BD641D7199CE50C00589024 /* swigTests.xctest */;
			productType = "com.apple.product-type.bundle.unit-test";
		};
/* End PBXNativeTarget section */

/* Begin PBXProject section */
		2BD641B9199CE50C00589024 /* Project object */ = {
			isa = PBXProject;
			attributes = {
				LastUpgradeCheck = 0600;
				ORGANIZATIONNAME = PeteAppDesigns;
				TargetAttributes = {
					2BD641C0199CE50C00589024 = {
						CreatedOnToolsVersion = 6.0;
					};
					2BD641D6199CE50C00589024 = {
						CreatedOnToolsVersion = 6.0;
						TestTargetID = 2BD641C0199CE50C00589024;
					};
				};
			};
			buildConfigurationList = 2BD641BC199CE50C00589024 /* Build configuration list for PBXProject "swig" */;
			compatibilityVersion = "Xcode 3.2";
			developmentRegion = English;
			hasScannedForEncodings = 0;
			knownRegions = (
				en,
				Base,
			);
			mainGroup = 2BD641B8199CE50C00589024;
			productRefGroup = 2BD641C2199CE50C00589024 /* Products */;
			projectDirPath = "";
			projectRoot = "";
			targets = (
				2BD641C0199CE50C00589024 /* swig */,
				2BD641D6199CE50C00589024 /* swigTests */,
			);
		};
/* End PBXProject section */

/* Begin PBXResourcesBuildPhase section */
		2BD641BF199CE50C00589024 /* Resources */ = {
			isa = PBXResourcesBuildPhase;
			buildActionMask = 2147483647;
			files = (
				2BD641D0199CE50C00589024 /* Main.storyboard in Resources */,
				2BD641D2199CE50C00589024 /* Images.xcassets in Resources */,
			);
			runOnlyForDeploymentPostprocessing = 0;
		};
		2BD641D5199CE50C00589024 /* Resources */ = {
			isa = PBXResourcesBuildPhase;
			buildActionMask = 2147483647;
			files = (
			);
			runOnlyForDeploymentPostprocessing = 0;
		};
/* End PBXResourcesBuildPhase section */

/* Begin PBXSourcesBuildPhase section */
		2BD641BD199CE50C00589024 /* Sources */ = {
			isa = PBXSourcesBuildPhase;
			buildActionMask = 2147483647;
			files = (
				2B414A3F19A53DEA0012891F /* SWSipTxOption.mm in Sources */,
				2B4BA25819A64C790089478D /* SWAccount.mm in Sources */,
				2B414A4819A541D90012891F /* SWEndpointConfiguration.m in Sources */,
				2B4BA25519A63BFA0089478D /* SWTransportConfiguration+TransportConfig.mm in Sources */,
				2B414A2919A53CAB0012891F /* NSString+String.mm in Sources */,
				2B414A3C19A53DEA0012891F /* SWSipMediaType.mm in Sources */,
				2B414A2C19A53CC80012891F /* SWEndpoint.mm in Sources */,
				2BD641CD199CE50C00589024 /* ViewController.m in Sources */,
				2B414A3A19A53DEA0012891F /* SWAuthCredInfo.mm in Sources */,
				2B4BA25F19A652610089478D /* SWUriFormatter.m in Sources */,
				2B414A2619A53CAB0012891F /* NSArray+SipMultipartPartVector.mm in Sources */,
				2B414A2119A53CAB0012891F /* SwigAccount.mm in Sources */,
				2B414A2219A53CAB0012891F /* SwigCall.mm in Sources */,
				2B414A3B19A53DEA0012891F /* SWSipHeader.mm in Sources */,
				2B414A2819A53CAB0012891F /* NSError+Error.mm in Sources */,
				2B4BA25219A632E80089478D /* SWEndpointConfiguration+EpConfig.mm in Sources */,
				2B414A4519A541050012891F /* SWTransportConfiguration.m in Sources */,
				2B4BA26619A672D10089478D /* SWCall.m in Sources */,
				2B4BA25B19A6519A0089478D /* SWAccountConfiguration+AccountConfig.mm in Sources */,
				2B414A3E19A53DEA0012891F /* SWSipRxData.mm in Sources */,
				2B414A2719A53CAB0012891F /* NSArray+StringVector.mm in Sources */,
				2B414A2419A53CAB0012891F /* NSArray+IntVector.mm in Sources */,
				2B414A4219A53FDC0012891F /* SWAccountConfiguration.m in Sources */,
				2BD641CA199CE50C00589024 /* AppDelegate.mm in Sources */,
				2B414A3D19A53DEA0012891F /* SWSipMultipartPart.mm in Sources */,
				2B414A2519A53CAB0012891F /* NSArray+SipHeaderVector.mm in Sources */,
				2BD641C7199CE50C00589024 /* main.m in Sources */,
				2B414A2319A53CAB0012891F /* NSArray+AuthCredInfoVector.mm in Sources */,
			);
			runOnlyForDeploymentPostprocessing = 0;
		};
		2BD641D3199CE50C00589024 /* Sources */ = {
			isa = PBXSourcesBuildPhase;
			buildActionMask = 2147483647;
			files = (
				2BD641DE199CE50C00589024 /* swigTests.m in Sources */,
			);
			runOnlyForDeploymentPostprocessing = 0;
		};
/* End PBXSourcesBuildPhase section */

/* Begin PBXTargetDependency section */
		2BD641D9199CE50C00589024 /* PBXTargetDependency */ = {
			isa = PBXTargetDependency;
			target = 2BD641C0199CE50C00589024 /* swig */;
			targetProxy = 2BD641D8199CE50C00589024 /* PBXContainerItemProxy */;
		};
/* End PBXTargetDependency section */

/* Begin PBXVariantGroup section */
		2BD641CE199CE50C00589024 /* Main.storyboard */ = {
			isa = PBXVariantGroup;
			children = (
				2BD641CF199CE50C00589024 /* Base */,
			);
			name = Main.storyboard;
			sourceTree = "<group>";
		};
/* End PBXVariantGroup section */

/* Begin XCBuildConfiguration section */
		2BD641DF199CE50C00589024 /* Debug */ = {
			isa = XCBuildConfiguration;
			buildSettings = {
				ALWAYS_SEARCH_USER_PATHS = NO;
				CLANG_CXX_LANGUAGE_STANDARD = "gnu++0x";
				CLANG_CXX_LIBRARY = "libc++";
				CLANG_ENABLE_MODULES = YES;
				CLANG_ENABLE_OBJC_ARC = YES;
				CLANG_WARN_BOOL_CONVERSION = YES;
				CLANG_WARN_CONSTANT_CONVERSION = YES;
				CLANG_WARN_DIRECT_OBJC_ISA_USAGE = YES_ERROR;
				CLANG_WARN_EMPTY_BODY = YES;
				CLANG_WARN_ENUM_CONVERSION = YES;
				CLANG_WARN_INT_CONVERSION = YES;
				CLANG_WARN_OBJC_ROOT_CLASS = YES_ERROR;
				CLANG_WARN_UNREACHABLE_CODE = YES;
				CLANG_WARN__DUPLICATE_METHOD_MATCH = YES;
				"CODE_SIGN_IDENTITY[sdk=iphoneos*]" = "iPhone Developer";
				COPY_PHASE_STRIP = NO;
				ENABLE_STRICT_OBJC_MSGSEND = YES;
				GCC_C_LANGUAGE_STANDARD = gnu99;
				GCC_DYNAMIC_NO_PIC = NO;
				GCC_OPTIMIZATION_LEVEL = 0;
				GCC_PREPROCESSOR_DEFINITIONS = (
					"DEBUG=1",
					"$(inherited)",
				);
				GCC_SYMBOLS_PRIVATE_EXTERN = NO;
				GCC_WARN_64_TO_32_BIT_CONVERSION = YES;
				GCC_WARN_ABOUT_RETURN_TYPE = YES_ERROR;
				GCC_WARN_UNDECLARED_SELECTOR = YES;
				GCC_WARN_UNINITIALIZED_AUTOS = YES_AGGRESSIVE;
				GCC_WARN_UNUSED_FUNCTION = YES;
				GCC_WARN_UNUSED_VARIABLE = YES;
				IPHONEOS_DEPLOYMENT_TARGET = 8.0;
				MTL_ENABLE_DEBUG_INFO = YES;
				ONLY_ACTIVE_ARCH = YES;
				SDKROOT = iphoneos;
			};
			name = Debug;
		};
		2BD641E0199CE50C00589024 /* Release */ = {
			isa = XCBuildConfiguration;
			buildSettings = {
				ALWAYS_SEARCH_USER_PATHS = NO;
				CLANG_CXX_LANGUAGE_STANDARD = "gnu++0x";
				CLANG_CXX_LIBRARY = "libc++";
				CLANG_ENABLE_MODULES = YES;
				CLANG_ENABLE_OBJC_ARC = YES;
				CLANG_WARN_BOOL_CONVERSION = YES;
				CLANG_WARN_CONSTANT_CONVERSION = YES;
				CLANG_WARN_DIRECT_OBJC_ISA_USAGE = YES_ERROR;
				CLANG_WARN_EMPTY_BODY = YES;
				CLANG_WARN_ENUM_CONVERSION = YES;
				CLANG_WARN_INT_CONVERSION = YES;
				CLANG_WARN_OBJC_ROOT_CLASS = YES_ERROR;
				CLANG_WARN_UNREACHABLE_CODE = YES;
				CLANG_WARN__DUPLICATE_METHOD_MATCH = YES;
				"CODE_SIGN_IDENTITY[sdk=iphoneos*]" = "iPhone Developer";
				COPY_PHASE_STRIP = YES;
				ENABLE_NS_ASSERTIONS = NO;
				ENABLE_STRICT_OBJC_MSGSEND = YES;
				GCC_C_LANGUAGE_STANDARD = gnu99;
				GCC_WARN_64_TO_32_BIT_CONVERSION = YES;
				GCC_WARN_ABOUT_RETURN_TYPE = YES_ERROR;
				GCC_WARN_UNDECLARED_SELECTOR = YES;
				GCC_WARN_UNINITIALIZED_AUTOS = YES_AGGRESSIVE;
				GCC_WARN_UNUSED_FUNCTION = YES;
				GCC_WARN_UNUSED_VARIABLE = YES;
				IPHONEOS_DEPLOYMENT_TARGET = 8.0;
				MTL_ENABLE_DEBUG_INFO = NO;
				SDKROOT = iphoneos;
				VALIDATE_PRODUCT = YES;
			};
			name = Release;
		};
		2BD641E2199CE50C00589024 /* Debug */ = {
			isa = XCBuildConfiguration;
			buildSettings = {
				ALWAYS_SEARCH_USER_PATHS = YES;
				ASSETCATALOG_COMPILER_APPICON_NAME = AppIcon;
				ASSETCATALOG_COMPILER_LAUNCHIMAGE_NAME = LaunchImage;
				GCC_INPUT_FILETYPE = automatic;
				GCC_PREPROCESSOR_DEFINITIONS = (
					"$(inherited)",
					PJ_AUTOCONF,
				);
				INFOPLIST_FILE = swig/Info.plist;
				IPHONEOS_DEPLOYMENT_TARGET = 7.0;
				LD_RUNPATH_SEARCH_PATHS = "$(inherited) @executable_path/Frameworks";
				LIBRARY_SEARCH_PATHS = (
					"$(inherited)",
					"$(PROJECT_DIR)/pjsip-lib",
				);
				PRODUCT_NAME = "$(TARGET_NAME)";
				USER_HEADER_SEARCH_PATHS = "$(SRCROOT)/pjsip-include";
			};
			name = Debug;
		};
		2BD641E3199CE50C00589024 /* Release */ = {
			isa = XCBuildConfiguration;
			buildSettings = {
				ALWAYS_SEARCH_USER_PATHS = YES;
				ASSETCATALOG_COMPILER_APPICON_NAME = AppIcon;
				ASSETCATALOG_COMPILER_LAUNCHIMAGE_NAME = LaunchImage;
				GCC_INPUT_FILETYPE = automatic;
				GCC_PREPROCESSOR_DEFINITIONS = PJ_AUTOCONF;
				INFOPLIST_FILE = swig/Info.plist;
				IPHONEOS_DEPLOYMENT_TARGET = 7.0;
				LD_RUNPATH_SEARCH_PATHS = "$(inherited) @executable_path/Frameworks";
				LIBRARY_SEARCH_PATHS = (
					"$(inherited)",
					"$(PROJECT_DIR)/pjsip-lib",
				);
				PRODUCT_NAME = "$(TARGET_NAME)";
				USER_HEADER_SEARCH_PATHS = "$(SRCROOT)/pjsip-include";
			};
			name = Release;
		};
		2BD641E5199CE50C00589024 /* Debug */ = {
			isa = XCBuildConfiguration;
			buildSettings = {
				BUNDLE_LOADER = "$(TEST_HOST)";
				FRAMEWORK_SEARCH_PATHS = (
					"$(SDKROOT)/Developer/Library/Frameworks",
					"$(inherited)",
				);
				GCC_PREPROCESSOR_DEFINITIONS = (
					"DEBUG=1",
					"$(inherited)",
				);
				INFOPLIST_FILE = swigTests/Info.plist;
				LD_RUNPATH_SEARCH_PATHS = "$(inherited) @executable_path/Frameworks @loader_path/Frameworks";
				PRODUCT_NAME = "$(TARGET_NAME)";
				TEST_HOST = "$(BUILT_PRODUCTS_DIR)/swig.app/swig";
			};
			name = Debug;
		};
		2BD641E6199CE50C00589024 /* Release */ = {
			isa = XCBuildConfiguration;
			buildSettings = {
				BUNDLE_LOADER = "$(TEST_HOST)";
				FRAMEWORK_SEARCH_PATHS = (
					"$(SDKROOT)/Developer/Library/Frameworks",
					"$(inherited)",
				);
				INFOPLIST_FILE = swigTests/Info.plist;
				LD_RUNPATH_SEARCH_PATHS = "$(inherited) @executable_path/Frameworks @loader_path/Frameworks";
				PRODUCT_NAME = "$(TARGET_NAME)";
				TEST_HOST = "$(BUILT_PRODUCTS_DIR)/swig.app/swig";
			};
			name = Release;
		};
/* End XCBuildConfiguration section */

/* Begin XCConfigurationList section */
		2BD641BC199CE50C00589024 /* Build configuration list for PBXProject "swig" */ = {
			isa = XCConfigurationList;
			buildConfigurations = (
				2BD641DF199CE50C00589024 /* Debug */,
				2BD641E0199CE50C00589024 /* Release */,
			);
			defaultConfigurationIsVisible = 0;
			defaultConfigurationName = Release;
		};
		2BD641E1199CE50C00589024 /* Build configuration list for PBXNativeTarget "swig" */ = {
			isa = XCConfigurationList;
			buildConfigurations = (
				2BD641E2199CE50C00589024 /* Debug */,
				2BD641E3199CE50C00589024 /* Release */,
			);
			defaultConfigurationIsVisible = 0;
			defaultConfigurationName = Release;
		};
		2BD641E4199CE50C00589024 /* Build configuration list for PBXNativeTarget "swigTests" */ = {
			isa = XCConfigurationList;
			buildConfigurations = (
				2BD641E5199CE50C00589024 /* Debug */,
				2BD641E6199CE50C00589024 /* Release */,
			);
			defaultConfigurationIsVisible = 0;
			defaultConfigurationName = Release;
		};
/* End XCConfigurationList section */
	};
	rootObject = 2BD641B9199CE50C00589024 /* Project object */;
}
