// !$*UTF8*$!
{
	archiveVersion = 1;
	classes = {
	};
	objectVersion = 46;
	objects = {

/* Begin PBXBuildFile section */
		065687561A7B2FE400F3037B /* AppDelegate.swift in Sources */ = {isa = PBXBuildFile; fileRef = 065687551A7B2FE400F3037B /* AppDelegate.swift */; };
		065687581A7B2FE400F3037B /* ViewController.swift in Sources */ = {isa = PBXBuildFile; fileRef = 065687571A7B2FE400F3037B /* ViewController.swift */; };
		0656875B1A7B2FE400F3037B /* Main.storyboard in Resources */ = {isa = PBXBuildFile; fileRef = 065687591A7B2FE400F3037B /* Main.storyboard */; };
		0656875D1A7B2FE400F3037B /* Images.xcassets in Resources */ = {isa = PBXBuildFile; fileRef = 0656875C1A7B2FE400F3037B /* Images.xcassets */; };
		065D231C1A7B5ADA008A280F /* libSwig-Pod.a in Frameworks */ = {isa = PBXBuildFile; fileRef = 065D22FB1A7B5AB0008A280F /* libSwig-Pod.a */; };
		065D23511A7B5B01008A280F /* SWAccount.m in Sources */ = {isa = PBXBuildFile; fileRef = 065D232A1A7B5B01008A280F /* SWAccount.m */; };
		065D23521A7B5B01008A280F /* SWAccountConfiguration.m in Sources */ = {isa = PBXBuildFile; fileRef = 065D232C1A7B5B01008A280F /* SWAccountConfiguration.m */; };
		065D23531A7B5B01008A280F /* SWCall.m in Sources */ = {isa = PBXBuildFile; fileRef = 065D23301A7B5B01008A280F /* SWCall.m */; };
		065D23541A7B5B01008A280F /* SWContact.m in Sources */ = {isa = PBXBuildFile; fileRef = 065D23331A7B5B01008A280F /* SWContact.m */; };
		065D23551A7B5B01008A280F /* SWMutableCall.m in Sources */ = {isa = PBXBuildFile; fileRef = 065D23351A7B5B01008A280F /* SWMutableCall.m */; };
		065D23561A7B5B01008A280F /* SWMutableContact.m in Sources */ = {isa = PBXBuildFile; fileRef = 065D23371A7B5B01008A280F /* SWMutableContact.m */; };
		065D23571A7B5B01008A280F /* SWRingback.m in Sources */ = {isa = PBXBuildFile; fileRef = 065D233A1A7B5B01008A280F /* SWRingback.m */; };
		065D23581A7B5B01008A280F /* SWRingtone.m in Sources */ = {isa = PBXBuildFile; fileRef = 065D233C1A7B5B01008A280F /* SWRingtone.m */; };
		065D23591A7B5B01008A280F /* NSString+PJString.m in Sources */ = {isa = PBXBuildFile; fileRef = 065D233F1A7B5B01008A280F /* NSString+PJString.m */; };
		065D235A1A7B5B01008A280F /* SWEndpoint.m in Sources */ = {isa = PBXBuildFile; fileRef = 065D23421A7B5B01008A280F /* SWEndpoint.m */; };
		065D235B1A7B5B01008A280F /* SWEndpointConfiguration.m in Sources */ = {isa = PBXBuildFile; fileRef = 065D23441A7B5B01008A280F /* SWEndpointConfiguration.m */; };
		065D235C1A7B5B01008A280F /* SWTransportConfiguration.m in Sources */ = {isa = PBXBuildFile; fileRef = 065D23461A7B5B01008A280F /* SWTransportConfiguration.m */; };
		065D235D1A7B5B01008A280F /* SWUriFormatter.m in Sources */ = {isa = PBXBuildFile; fileRef = 065D23491A7B5B01008A280F /* SWUriFormatter.m */; };
		065D235E1A7B5B01008A280F /* SharkfoodMuteSwitchDetector.m in Sources */ = {isa = PBXBuildFile; fileRef = 065D234F1A7B5B01008A280F /* SharkfoodMuteSwitchDetector.m */; };
		065D23611A7B5B22008A280F /* SWEndpointTests.swift in Sources */ = {isa = PBXBuildFile; fileRef = 065D235F1A7B5B22008A280F /* SWEndpointTests.swift */; };
		065D23621A7B5B22008A280F /* SWUriFormatterTests.swift in Sources */ = {isa = PBXBuildFile; fileRef = 065D23601A7B5B22008A280F /* SWUriFormatterTests.swift */; };
		0948AC9E0C5BB8779345D59D /* libPods-Swig-PodTests.a in Frameworks */ = {isa = PBXBuildFile; fileRef = F493CF3E93CAF126C61F4AA5 /* libPods-Swig-PodTests.a */; };
		6003F58E195388D20070C39A /* Foundation.framework in Frameworks */ = {isa = PBXBuildFile; fileRef = 6003F58D195388D20070C39A /* Foundation.framework */; };
		6003F590195388D20070C39A /* CoreGraphics.framework in Frameworks */ = {isa = PBXBuildFile; fileRef = 6003F58F195388D20070C39A /* CoreGraphics.framework */; };
		6003F592195388D20070C39A /* UIKit.framework in Frameworks */ = {isa = PBXBuildFile; fileRef = 6003F591195388D20070C39A /* UIKit.framework */; };
		6003F598195388D20070C39A /* InfoPlist.strings in Resources */ = {isa = PBXBuildFile; fileRef = 6003F596195388D20070C39A /* InfoPlist.strings */; };
		6003F59A195388D20070C39A /* main.m in Sources */ = {isa = PBXBuildFile; fileRef = 6003F599195388D20070C39A /* main.m */; };
		6003F59E195388D20070C39A /* SWAppDelegate.m in Sources */ = {isa = PBXBuildFile; fileRef = 6003F59D195388D20070C39A /* SWAppDelegate.m */; };
		6003F5A1195388D20070C39A /* Main_iPhone.storyboard in Resources */ = {isa = PBXBuildFile; fileRef = 6003F59F195388D20070C39A /* Main_iPhone.storyboard */; };
		6003F5A7195388D20070C39A /* SWViewController.m in Sources */ = {isa = PBXBuildFile; fileRef = 6003F5A6195388D20070C39A /* SWViewController.m */; };
		6003F5A9195388D20070C39A /* Images.xcassets in Resources */ = {isa = PBXBuildFile; fileRef = 6003F5A8195388D20070C39A /* Images.xcassets */; };
		72B261CF1929CB7ADACD21E5 /* libPods-Swig-Swift.a in Frameworks */ = {isa = PBXBuildFile; fileRef = 50A8E91C7703D3CFFB120480 /* libPods-Swig-Swift.a */; };
		B9618FAF1DEC959433850E9A /* libPods-Swig-Pod.a in Frameworks */ = {isa = PBXBuildFile; fileRef = 5CD1291310B3C7F5C8557F20 /* libPods-Swig-Pod.a */; };
		CCB2210E764740748E6E6B2A /* libPods-Swig.a in Frameworks */ = {isa = PBXBuildFile; fileRef = 951CA6F74CD44B47AA67894A /* libPods-Swig.a */; };
/* End PBXBuildFile section */

/* Begin PBXContainerItemProxy section */
		065D231D1A7B5ADA008A280F /* PBXContainerItemProxy */ = {
			isa = PBXContainerItemProxy;
			containerPortal = 6003F582195388D10070C39A /* Project object */;
			proxyType = 1;
			remoteGlobalIDString = 065D22FA1A7B5AB0008A280F;
			remoteInfo = "Swig-Pod";
		};
/* End PBXContainerItemProxy section */

/* Begin PBXCopyFilesBuildPhase section */
		065D22F91A7B5AB0008A280F /* CopyFiles */ = {
			isa = PBXCopyFilesBuildPhase;
			buildActionMask = 2147483647;
			dstPath = "include/$(PRODUCT_NAME)";
			dstSubfolderSpec = 16;
			files = (
			);
			runOnlyForDeploymentPostprocessing = 0;
		};
/* End PBXCopyFilesBuildPhase section */

/* Begin PBXFileReference section */
		065687511A7B2FE400F3037B /* Swig-Swift.app */ = {isa = PBXFileReference; explicitFileType = wrapper.application; includeInIndex = 0; path = "Swig-Swift.app"; sourceTree = BUILT_PRODUCTS_DIR; };
		065687541A7B2FE400F3037B /* Info.plist */ = {isa = PBXFileReference; lastKnownFileType = text.plist.xml; path = Info.plist; sourceTree = "<group>"; };
		065687551A7B2FE400F3037B /* AppDelegate.swift */ = {isa = PBXFileReference; lastKnownFileType = sourcecode.swift; path = AppDelegate.swift; sourceTree = "<group>"; };
		065687571A7B2FE400F3037B /* ViewController.swift */ = {isa = PBXFileReference; lastKnownFileType = sourcecode.swift; path = ViewController.swift; sourceTree = "<group>"; };
		0656875A1A7B2FE400F3037B /* Base */ = {isa = PBXFileReference; lastKnownFileType = file.storyboard; name = Base; path = Base.lproj/Main.storyboard; sourceTree = "<group>"; };
		0656875C1A7B2FE400F3037B /* Images.xcassets */ = {isa = PBXFileReference; lastKnownFileType = folder.assetcatalog; path = Images.xcassets; sourceTree = "<group>"; };
		065D22FB1A7B5AB0008A280F /* libSwig-Pod.a */ = {isa = PBXFileReference; explicitFileType = archive.ar; includeInIndex = 0; path = "libSwig-Pod.a"; sourceTree = BUILT_PRODUCTS_DIR; };
		065D23161A7B5ADA008A280F /* Swig-PodTests.xctest */ = {isa = PBXFileReference; explicitFileType = wrapper.cfbundle; includeInIndex = 0; path = "Swig-PodTests.xctest"; sourceTree = BUILT_PRODUCTS_DIR; };
		065D23191A7B5ADA008A280F /* Info.plist */ = {isa = PBXFileReference; lastKnownFileType = text.plist.xml; path = Info.plist; sourceTree = "<group>"; };
		065D23241A7B5B01008A280F /* .gitkeep */ = {isa = PBXFileReference; fileEncoding = 4; lastKnownFileType = text; path = .gitkeep; sourceTree = "<group>"; };
		065D23251A7B5B01008A280F /* Ringtone.aif */ = {isa = PBXFileReference; lastKnownFileType = file; path = Ringtone.aif; sourceTree = "<group>"; };
		065D23271A7B5B01008A280F /* .gitkeep */ = {isa = PBXFileReference; fileEncoding = 4; lastKnownFileType = text; path = .gitkeep; sourceTree = "<group>"; };
		065D23291A7B5B01008A280F /* SWAccount.h */ = {isa = PBXFileReference; fileEncoding = 4; lastKnownFileType = sourcecode.c.h; path = SWAccount.h; sourceTree = "<group>"; };
		065D232A1A7B5B01008A280F /* SWAccount.m */ = {isa = PBXFileReference; fileEncoding = 4; lastKnownFileType = sourcecode.c.objc; path = SWAccount.m; sourceTree = "<group>"; };
		065D232B1A7B5B01008A280F /* SWAccountConfiguration.h */ = {isa = PBXFileReference; fileEncoding = 4; lastKnownFileType = sourcecode.c.h; path = SWAccountConfiguration.h; sourceTree = "<group>"; };
		065D232C1A7B5B01008A280F /* SWAccountConfiguration.m */ = {isa = PBXFileReference; fileEncoding = 4; lastKnownFileType = sourcecode.c.objc; path = SWAccountConfiguration.m; sourceTree = "<group>"; };
		065D232D1A7B5B01008A280F /* SWAccountProtocol.h */ = {isa = PBXFileReference; fileEncoding = 4; lastKnownFileType = sourcecode.c.h; path = SWAccountProtocol.h; sourceTree = "<group>"; };
		065D232F1A7B5B01008A280F /* SWCall.h */ = {isa = PBXFileReference; fileEncoding = 4; lastKnownFileType = sourcecode.c.h; path = SWCall.h; sourceTree = "<group>"; };
		065D23301A7B5B01008A280F /* SWCall.m */ = {isa = PBXFileReference; fileEncoding = 4; lastKnownFileType = sourcecode.c.objc; path = SWCall.m; sourceTree = "<group>"; };
		065D23311A7B5B01008A280F /* SWCallProtocol.h */ = {isa = PBXFileReference; fileEncoding = 4; lastKnownFileType = sourcecode.c.h; path = SWCallProtocol.h; sourceTree = "<group>"; };
		065D23321A7B5B01008A280F /* SWContact.h */ = {isa = PBXFileReference; fileEncoding = 4; lastKnownFileType = sourcecode.c.h; path = SWContact.h; sourceTree = "<group>"; };
		065D23331A7B5B01008A280F /* SWContact.m */ = {isa = PBXFileReference; fileEncoding = 4; lastKnownFileType = sourcecode.c.objc; path = SWContact.m; sourceTree = "<group>"; };
		065D23341A7B5B01008A280F /* SWMutableCall.h */ = {isa = PBXFileReference; fileEncoding = 4; lastKnownFileType = sourcecode.c.h; path = SWMutableCall.h; sourceTree = "<group>"; };
		065D23351A7B5B01008A280F /* SWMutableCall.m */ = {isa = PBXFileReference; fileEncoding = 4; lastKnownFileType = sourcecode.c.objc; path = SWMutableCall.m; sourceTree = "<group>"; };
		065D23361A7B5B01008A280F /* SWMutableContact.h */ = {isa = PBXFileReference; fileEncoding = 4; lastKnownFileType = sourcecode.c.h; path = SWMutableContact.h; sourceTree = "<group>"; };
		065D23371A7B5B01008A280F /* SWMutableContact.m */ = {isa = PBXFileReference; fileEncoding = 4; lastKnownFileType = sourcecode.c.objc; path = SWMutableContact.m; sourceTree = "<group>"; };
		065D23381A7B5B01008A280F /* SWPlayableProtocol.h */ = {isa = PBXFileReference; fileEncoding = 4; lastKnownFileType = sourcecode.c.h; path = SWPlayableProtocol.h; sourceTree = "<group>"; };
		065D23391A7B5B01008A280F /* SWRingback.h */ = {isa = PBXFileReference; fileEncoding = 4; lastKnownFileType = sourcecode.c.h; path = SWRingback.h; sourceTree = "<group>"; };
		065D233A1A7B5B01008A280F /* SWRingback.m */ = {isa = PBXFileReference; fileEncoding = 4; lastKnownFileType = sourcecode.c.objc; path = SWRingback.m; sourceTree = "<group>"; };
		065D233B1A7B5B01008A280F /* SWRingtone.h */ = {isa = PBXFileReference; fileEncoding = 4; lastKnownFileType = sourcecode.c.h; path = SWRingtone.h; sourceTree = "<group>"; };
		065D233C1A7B5B01008A280F /* SWRingtone.m */ = {isa = PBXFileReference; fileEncoding = 4; lastKnownFileType = sourcecode.c.objc; path = SWRingtone.m; sourceTree = "<group>"; };
		065D233E1A7B5B01008A280F /* NSString+PJString.h */ = {isa = PBXFileReference; fileEncoding = 4; lastKnownFileType = sourcecode.c.h; path = "NSString+PJString.h"; sourceTree = "<group>"; };
		065D233F1A7B5B01008A280F /* NSString+PJString.m */ = {isa = PBXFileReference; fileEncoding = 4; lastKnownFileType = sourcecode.c.objc; path = "NSString+PJString.m"; sourceTree = "<group>"; };
		065D23411A7B5B01008A280F /* SWEndpoint.h */ = {isa = PBXFileReference; fileEncoding = 4; lastKnownFileType = sourcecode.c.h; path = SWEndpoint.h; sourceTree = "<group>"; };
		065D23421A7B5B01008A280F /* SWEndpoint.m */ = {isa = PBXFileReference; fileEncoding = 4; lastKnownFileType = sourcecode.c.objc; path = SWEndpoint.m; sourceTree = "<group>"; };
		065D23431A7B5B01008A280F /* SWEndpointConfiguration.h */ = {isa = PBXFileReference; fileEncoding = 4; lastKnownFileType = sourcecode.c.h; path = SWEndpointConfiguration.h; sourceTree = "<group>"; };
		065D23441A7B5B01008A280F /* SWEndpointConfiguration.m */ = {isa = PBXFileReference; fileEncoding = 4; lastKnownFileType = sourcecode.c.objc; path = SWEndpointConfiguration.m; sourceTree = "<group>"; };
		065D23451A7B5B01008A280F /* SWTransportConfiguration.h */ = {isa = PBXFileReference; fileEncoding = 4; lastKnownFileType = sourcecode.c.h; path = SWTransportConfiguration.h; sourceTree = "<group>"; };
		065D23461A7B5B01008A280F /* SWTransportConfiguration.m */ = {isa = PBXFileReference; fileEncoding = 4; lastKnownFileType = sourcecode.c.objc; path = SWTransportConfiguration.m; sourceTree = "<group>"; };
		065D23481A7B5B01008A280F /* SWUriFormatter.h */ = {isa = PBXFileReference; fileEncoding = 4; lastKnownFileType = sourcecode.c.h; path = SWUriFormatter.h; sourceTree = "<group>"; };
		065D23491A7B5B01008A280F /* SWUriFormatter.m */ = {isa = PBXFileReference; fileEncoding = 4; lastKnownFileType = sourcecode.c.objc; path = SWUriFormatter.m; sourceTree = "<group>"; };
		065D234A1A7B5B01008A280F /* Swig.h */ = {isa = PBXFileReference; fileEncoding = 4; lastKnownFileType = sourcecode.c.h; path = Swig.h; sourceTree = "<group>"; };
		065D234C1A7B5B01008A280F /* License.txt */ = {isa = PBXFileReference; fileEncoding = 4; lastKnownFileType = text; path = License.txt; sourceTree = "<group>"; };
		065D234D1A7B5B01008A280F /* mute.caf */ = {isa = PBXFileReference; lastKnownFileType = file; path = mute.caf; sourceTree = "<group>"; };
		065D234E1A7B5B01008A280F /* SharkfoodMuteSwitchDetector.h */ = {isa = PBXFileReference; fileEncoding = 4; lastKnownFileType = sourcecode.c.h; path = SharkfoodMuteSwitchDetector.h; sourceTree = "<group>"; };
		065D234F1A7B5B01008A280F /* SharkfoodMuteSwitchDetector.m */ = {isa = PBXFileReference; fileEncoding = 4; lastKnownFileType = sourcecode.c.objc; path = SharkfoodMuteSwitchDetector.m; sourceTree = "<group>"; };
		065D23501A7B5B01008A280F /* Swig-Bridging-Header.h */ = {isa = PBXFileReference; fileEncoding = 4; lastKnownFileType = sourcecode.c.h; path = "Swig-Bridging-Header.h"; sourceTree = "<group>"; };
		065D235F1A7B5B22008A280F /* SWEndpointTests.swift */ = {isa = PBXFileReference; fileEncoding = 4; lastKnownFileType = sourcecode.swift; path = SWEndpointTests.swift; sourceTree = "<group>"; };
		065D23601A7B5B22008A280F /* SWUriFormatterTests.swift */ = {isa = PBXFileReference; fileEncoding = 4; lastKnownFileType = sourcecode.swift; path = SWUriFormatterTests.swift; sourceTree = "<group>"; };
		06998A1419B6D6F5003D3586 /* Swig-Bridging-Header.h */ = {isa = PBXFileReference; fileEncoding = 4; lastKnownFileType = sourcecode.c.h; path = "Swig-Bridging-Header.h"; sourceTree = "<group>"; };
		0F08AE48C39B4D60B3F5EAB9 /* Swig.podspec */ = {isa = PBXFileReference; includeInIndex = 1; lastKnownFileType = text; name = Swig.podspec; path = ../Swig.podspec; sourceTree = "<group>"; };
		13CE19D474FB9E04E5A83B66 /* Pods-Swig.release.xcconfig */ = {isa = PBXFileReference; includeInIndex = 1; lastKnownFileType = text.xcconfig; name = "Pods-Swig.release.xcconfig"; path = "Pods/Target Support Files/Pods-Swig/Pods-Swig.release.xcconfig"; sourceTree = "<group>"; };
		163C5DB0825CCFE532D353C7 /* Pods-Swig.debug.xcconfig */ = {isa = PBXFileReference; includeInIndex = 1; lastKnownFileType = text.xcconfig; name = "Pods-Swig.debug.xcconfig"; path = "Pods/Target Support Files/Pods-Swig/Pods-Swig.debug.xcconfig"; sourceTree = "<group>"; };
		255D1F5915454D01B14E6E84 /* README.md */ = {isa = PBXFileReference; includeInIndex = 1; lastKnownFileType = net.daringfireball.markdown; name = README.md; path = ../README.md; sourceTree = "<group>"; };
		2879288066F1AE75DB60C80B /* Pods-Swig-PodTests.debug.xcconfig */ = {isa = PBXFileReference; includeInIndex = 1; lastKnownFileType = text.xcconfig; name = "Pods-Swig-PodTests.debug.xcconfig"; path = "Pods/Target Support Files/Pods-Swig-PodTests/Pods-Swig-PodTests.debug.xcconfig"; sourceTree = "<group>"; };
		50A8E91C7703D3CFFB120480 /* libPods-Swig-Swift.a */ = {isa = PBXFileReference; explicitFileType = archive.ar; includeInIndex = 0; path = "libPods-Swig-Swift.a"; sourceTree = BUILT_PRODUCTS_DIR; };
		584E2E85D94A0DA2354E9B90 /* Pods-Swig-PodTests.release.xcconfig */ = {isa = PBXFileReference; includeInIndex = 1; lastKnownFileType = text.xcconfig; name = "Pods-Swig-PodTests.release.xcconfig"; path = "Pods/Target Support Files/Pods-Swig-PodTests/Pods-Swig-PodTests.release.xcconfig"; sourceTree = "<group>"; };
		5CD1291310B3C7F5C8557F20 /* libPods-Swig-Pod.a */ = {isa = PBXFileReference; explicitFileType = archive.ar; includeInIndex = 0; path = "libPods-Swig-Pod.a"; sourceTree = BUILT_PRODUCTS_DIR; };
		6003F58A195388D20070C39A /* Swig.app */ = {isa = PBXFileReference; explicitFileType = wrapper.application; includeInIndex = 0; path = Swig.app; sourceTree = BUILT_PRODUCTS_DIR; };
		6003F58D195388D20070C39A /* Foundation.framework */ = {isa = PBXFileReference; lastKnownFileType = wrapper.framework; name = Foundation.framework; path = System/Library/Frameworks/Foundation.framework; sourceTree = SDKROOT; };
		6003F58F195388D20070C39A /* CoreGraphics.framework */ = {isa = PBXFileReference; lastKnownFileType = wrapper.framework; name = CoreGraphics.framework; path = System/Library/Frameworks/CoreGraphics.framework; sourceTree = SDKROOT; };
		6003F591195388D20070C39A /* UIKit.framework */ = {isa = PBXFileReference; lastKnownFileType = wrapper.framework; name = UIKit.framework; path = System/Library/Frameworks/UIKit.framework; sourceTree = SDKROOT; };
		6003F595195388D20070C39A /* Swig-Info.plist */ = {isa = PBXFileReference; lastKnownFileType = text.plist.xml; path = "Swig-Info.plist"; sourceTree = "<group>"; };
		6003F597195388D20070C39A /* en */ = {isa = PBXFileReference; lastKnownFileType = text.plist.strings; name = en; path = en.lproj/InfoPlist.strings; sourceTree = "<group>"; };
		6003F599195388D20070C39A /* main.m */ = {isa = PBXFileReference; lastKnownFileType = sourcecode.c.objc; path = main.m; sourceTree = "<group>"; };
		6003F59B195388D20070C39A /* Swig-Prefix.pch */ = {isa = PBXFileReference; lastKnownFileType = sourcecode.c.h; path = "Swig-Prefix.pch"; sourceTree = "<group>"; };
		6003F59C195388D20070C39A /* SWAppDelegate.h */ = {isa = PBXFileReference; lastKnownFileType = sourcecode.c.h; path = SWAppDelegate.h; sourceTree = "<group>"; };
		6003F59D195388D20070C39A /* SWAppDelegate.m */ = {isa = PBXFileReference; lastKnownFileType = sourcecode.c.objc; path = SWAppDelegate.m; sourceTree = "<group>"; };
		6003F5A0195388D20070C39A /* Base */ = {isa = PBXFileReference; lastKnownFileType = file.storyboard; name = Base; path = Base.lproj/Main_iPhone.storyboard; sourceTree = "<group>"; };
		6003F5A5195388D20070C39A /* SWViewController.h */ = {isa = PBXFileReference; lastKnownFileType = sourcecode.c.h; path = SWViewController.h; sourceTree = "<group>"; };
		6003F5A6195388D20070C39A /* SWViewController.m */ = {isa = PBXFileReference; lastKnownFileType = sourcecode.c.objc; path = SWViewController.m; sourceTree = "<group>"; };
		6003F5A8195388D20070C39A /* Images.xcassets */ = {isa = PBXFileReference; lastKnownFileType = folder.assetcatalog; path = Images.xcassets; sourceTree = "<group>"; };
		6003F5AF195388D20070C39A /* XCTest.framework */ = {isa = PBXFileReference; lastKnownFileType = wrapper.framework; name = XCTest.framework; path = Library/Frameworks/XCTest.framework; sourceTree = DEVELOPER_DIR; };
		7A3A1D9390CB6FEDE2305AEB /* Pods-Swig-Pod.debug.xcconfig */ = {isa = PBXFileReference; includeInIndex = 1; lastKnownFileType = text.xcconfig; name = "Pods-Swig-Pod.debug.xcconfig"; path = "Pods/Target Support Files/Pods-Swig-Pod/Pods-Swig-Pod.debug.xcconfig"; sourceTree = "<group>"; };
		7C2779B85E5A40BBBC30E6A9 /* libPods-Tests.a */ = {isa = PBXFileReference; explicitFileType = archive.ar; includeInIndex = 0; path = "libPods-Tests.a"; sourceTree = BUILT_PRODUCTS_DIR; };
		92FED0AC9ECB4F44906D752B /* LICENSE */ = {isa = PBXFileReference; includeInIndex = 1; lastKnownFileType = text; name = LICENSE; path = ../LICENSE; sourceTree = "<group>"; };
		951CA6F74CD44B47AA67894A /* libPods-Swig.a */ = {isa = PBXFileReference; explicitFileType = archive.ar; includeInIndex = 0; path = "libPods-Swig.a"; sourceTree = BUILT_PRODUCTS_DIR; };
		BA3CBD7C3F13131444B77E72 /* Pods-Tests.release.xcconfig */ = {isa = PBXFileReference; includeInIndex = 1; lastKnownFileType = text.xcconfig; name = "Pods-Tests.release.xcconfig"; path = "Pods/Target Support Files/Pods-Tests/Pods-Tests.release.xcconfig"; sourceTree = "<group>"; };
		C3AF021100A61E6B171E89DD /* Pods-Tests.debug.xcconfig */ = {isa = PBXFileReference; includeInIndex = 1; lastKnownFileType = text.xcconfig; name = "Pods-Tests.debug.xcconfig"; path = "Pods/Target Support Files/Pods-Tests/Pods-Tests.debug.xcconfig"; sourceTree = "<group>"; };
		D3DA03DD79247CA0E2E03466 /* Pods-Swig-Swift.release.xcconfig */ = {isa = PBXFileReference; includeInIndex = 1; lastKnownFileType = text.xcconfig; name = "Pods-Swig-Swift.release.xcconfig"; path = "Pods/Target Support Files/Pods-Swig-Swift/Pods-Swig-Swift.release.xcconfig"; sourceTree = "<group>"; };
		E30759595FB1EFA6D21EEE23 /* Pods-Swig-Swift.debug.xcconfig */ = {isa = PBXFileReference; includeInIndex = 1; lastKnownFileType = text.xcconfig; name = "Pods-Swig-Swift.debug.xcconfig"; path = "Pods/Target Support Files/Pods-Swig-Swift/Pods-Swig-Swift.debug.xcconfig"; sourceTree = "<group>"; };
		F493CF3E93CAF126C61F4AA5 /* libPods-Swig-PodTests.a */ = {isa = PBXFileReference; explicitFileType = archive.ar; includeInIndex = 0; path = "libPods-Swig-PodTests.a"; sourceTree = BUILT_PRODUCTS_DIR; };
		F720336F7D193E89C8BE9B4B /* Pods-Swig-Pod.release.xcconfig */ = {isa = PBXFileReference; includeInIndex = 1; lastKnownFileType = text.xcconfig; name = "Pods-Swig-Pod.release.xcconfig"; path = "Pods/Target Support Files/Pods-Swig-Pod/Pods-Swig-Pod.release.xcconfig"; sourceTree = "<group>"; };
/* End PBXFileReference section */

/* Begin PBXFrameworksBuildPhase section */
		0656874E1A7B2FE400F3037B /* Frameworks */ = {
			isa = PBXFrameworksBuildPhase;
			buildActionMask = 2147483647;
			files = (
				72B261CF1929CB7ADACD21E5 /* libPods-Swig-Swift.a in Frameworks */,
			);
			runOnlyForDeploymentPostprocessing = 0;
		};
		065D22F81A7B5AB0008A280F /* Frameworks */ = {
			isa = PBXFrameworksBuildPhase;
			buildActionMask = 2147483647;
			files = (
				B9618FAF1DEC959433850E9A /* libPods-Swig-Pod.a in Frameworks */,
			);
			runOnlyForDeploymentPostprocessing = 0;
		};
		065D23131A7B5ADA008A280F /* Frameworks */ = {
			isa = PBXFrameworksBuildPhase;
			buildActionMask = 2147483647;
			files = (
				065D231C1A7B5ADA008A280F /* libSwig-Pod.a in Frameworks */,
				0948AC9E0C5BB8779345D59D /* libPods-Swig-PodTests.a in Frameworks */,
			);
			runOnlyForDeploymentPostprocessing = 0;
		};
		6003F587195388D20070C39A /* Frameworks */ = {
			isa = PBXFrameworksBuildPhase;
			buildActionMask = 2147483647;
			files = (
				6003F590195388D20070C39A /* CoreGraphics.framework in Frameworks */,
				6003F592195388D20070C39A /* UIKit.framework in Frameworks */,
				6003F58E195388D20070C39A /* Foundation.framework in Frameworks */,
				CCB2210E764740748E6E6B2A /* libPods-Swig.a in Frameworks */,
			);
			runOnlyForDeploymentPostprocessing = 0;
		};
/* End PBXFrameworksBuildPhase section */

/* Begin PBXGroup section */
		065687521A7B2FE400F3037B /* Swig-Swift */ = {
			isa = PBXGroup;
			children = (
				065687551A7B2FE400F3037B /* AppDelegate.swift */,
				065687571A7B2FE400F3037B /* ViewController.swift */,
				065687591A7B2FE400F3037B /* Main.storyboard */,
				0656875C1A7B2FE400F3037B /* Images.xcassets */,
				065687531A7B2FE400F3037B /* Supporting Files */,
			);
			path = "Swig-Swift";
			sourceTree = "<group>";
		};
		065687531A7B2FE400F3037B /* Supporting Files */ = {
			isa = PBXGroup;
			children = (
				065687541A7B2FE400F3037B /* Info.plist */,
			);
			name = "Supporting Files";
			sourceTree = "<group>";
		};
		065D23171A7B5ADA008A280F /* Swig-PodTests */ = {
			isa = PBXGroup;
			children = (
				065D235F1A7B5B22008A280F /* SWEndpointTests.swift */,
				065D23601A7B5B22008A280F /* SWUriFormatterTests.swift */,
				065D23181A7B5ADA008A280F /* Supporting Files */,
			);
			path = "Swig-PodTests";
			sourceTree = "<group>";
		};
		065D23181A7B5ADA008A280F /* Supporting Files */ = {
			isa = PBXGroup;
			children = (
				065D23191A7B5ADA008A280F /* Info.plist */,
			);
			name = "Supporting Files";
			sourceTree = "<group>";
		};
		065D23221A7B5B01008A280F /* Pod */ = {
			isa = PBXGroup;
			children = (
				065D23231A7B5B01008A280F /* Assets */,
				065D23261A7B5B01008A280F /* Classes */,
				065D234B1A7B5B01008A280F /* SoundSwitch */,
				065D23501A7B5B01008A280F /* Swig-Bridging-Header.h */,
			);
			name = Pod;
			path = ../Pod;
			sourceTree = "<group>";
		};
		065D23231A7B5B01008A280F /* Assets */ = {
			isa = PBXGroup;
			children = (
				065D23241A7B5B01008A280F /* .gitkeep */,
				065D23251A7B5B01008A280F /* Ringtone.aif */,
			);
			path = Assets;
			sourceTree = "<group>";
		};
		065D23261A7B5B01008A280F /* Classes */ = {
			isa = PBXGroup;
			children = (
				065D23271A7B5B01008A280F /* .gitkeep */,
				065D23281A7B5B01008A280F /* Account */,
				065D232E1A7B5B01008A280F /* Call */,
				065D233D1A7B5B01008A280F /* Categories */,
				065D23401A7B5B01008A280F /* Endpoint */,
				065D23471A7B5B01008A280F /* Formatters */,
				065D234A1A7B5B01008A280F /* Swig.h */,
			);
			path = Classes;
			sourceTree = "<group>";
		};
		065D23281A7B5B01008A280F /* Account */ = {
			isa = PBXGroup;
			children = (
				065D23291A7B5B01008A280F /* SWAccount.h */,
				065D232A1A7B5B01008A280F /* SWAccount.m */,
				065D232B1A7B5B01008A280F /* SWAccountConfiguration.h */,
				065D232C1A7B5B01008A280F /* SWAccountConfiguration.m */,
				065D232D1A7B5B01008A280F /* SWAccountProtocol.h */,
			);
			path = Account;
			sourceTree = "<group>";
		};
		065D232E1A7B5B01008A280F /* Call */ = {
			isa = PBXGroup;
			children = (
				065D232F1A7B5B01008A280F /* SWCall.h */,
				065D23301A7B5B01008A280F /* SWCall.m */,
				065D23311A7B5B01008A280F /* SWCallProtocol.h */,
				065D23321A7B5B01008A280F /* SWContact.h */,
				065D23331A7B5B01008A280F /* SWContact.m */,
				065D23341A7B5B01008A280F /* SWMutableCall.h */,
				065D23351A7B5B01008A280F /* SWMutableCall.m */,
				065D23361A7B5B01008A280F /* SWMutableContact.h */,
				065D23371A7B5B01008A280F /* SWMutableContact.m */,
				065D23381A7B5B01008A280F /* SWPlayableProtocol.h */,
				065D23391A7B5B01008A280F /* SWRingback.h */,
				065D233A1A7B5B01008A280F /* SWRingback.m */,
				065D233B1A7B5B01008A280F /* SWRingtone.h */,
				065D233C1A7B5B01008A280F /* SWRingtone.m */,
			);
			path = Call;
			sourceTree = "<group>";
		};
		065D233D1A7B5B01008A280F /* Categories */ = {
			isa = PBXGroup;
			children = (
				065D233E1A7B5B01008A280F /* NSString+PJString.h */,
				065D233F1A7B5B01008A280F /* NSString+PJString.m */,
			);
			path = Categories;
			sourceTree = "<group>";
		};
		065D23401A7B5B01008A280F /* Endpoint */ = {
			isa = PBXGroup;
			children = (
				065D23411A7B5B01008A280F /* SWEndpoint.h */,
				065D23421A7B5B01008A280F /* SWEndpoint.m */,
				065D23431A7B5B01008A280F /* SWEndpointConfiguration.h */,
				065D23441A7B5B01008A280F /* SWEndpointConfiguration.m */,
				065D23451A7B5B01008A280F /* SWTransportConfiguration.h */,
				065D23461A7B5B01008A280F /* SWTransportConfiguration.m */,
			);
			path = Endpoint;
			sourceTree = "<group>";
		};
		065D23471A7B5B01008A280F /* Formatters */ = {
			isa = PBXGroup;
			children = (
				065D23481A7B5B01008A280F /* SWUriFormatter.h */,
				065D23491A7B5B01008A280F /* SWUriFormatter.m */,
			);
			path = Formatters;
			sourceTree = "<group>";
		};
		065D234B1A7B5B01008A280F /* SoundSwitch */ = {
			isa = PBXGroup;
			children = (
				065D234C1A7B5B01008A280F /* License.txt */,
				065D234D1A7B5B01008A280F /* mute.caf */,
				065D234E1A7B5B01008A280F /* SharkfoodMuteSwitchDetector.h */,
				065D234F1A7B5B01008A280F /* SharkfoodMuteSwitchDetector.m */,
			);
			path = SoundSwitch;
			sourceTree = "<group>";
		};
		6003F581195388D10070C39A = {
			isa = PBXGroup;
			children = (
				60FF7A9C1954A5C5007DD14C /* Podspec Metadata */,
				065687521A7B2FE400F3037B /* Swig-Swift */,
				6003F593195388D20070C39A /* Swig */,
				065D23221A7B5B01008A280F /* Pod */,
				065D23171A7B5ADA008A280F /* Swig-PodTests */,
				6003F58C195388D20070C39A /* Frameworks */,
				6003F58B195388D20070C39A /* Products */,
				06998A1419B6D6F5003D3586 /* Swig-Bridging-Header.h */,
				BE9D18F9D420803D2A51BFD5 /* Pods */,
			);
			sourceTree = "<group>";
		};
		6003F58B195388D20070C39A /* Products */ = {
			isa = PBXGroup;
			children = (
				6003F58A195388D20070C39A /* Swig.app */,
				065687511A7B2FE400F3037B /* Swig-Swift.app */,
				065D22FB1A7B5AB0008A280F /* libSwig-Pod.a */,
				065D23161A7B5ADA008A280F /* Swig-PodTests.xctest */,
			);
			name = Products;
			sourceTree = "<group>";
		};
		6003F58C195388D20070C39A /* Frameworks */ = {
			isa = PBXGroup;
			children = (
				6003F58D195388D20070C39A /* Foundation.framework */,
				6003F58F195388D20070C39A /* CoreGraphics.framework */,
				6003F591195388D20070C39A /* UIKit.framework */,
				6003F5AF195388D20070C39A /* XCTest.framework */,
				951CA6F74CD44B47AA67894A /* libPods-Swig.a */,
				7C2779B85E5A40BBBC30E6A9 /* libPods-Tests.a */,
				50A8E91C7703D3CFFB120480 /* libPods-Swig-Swift.a */,
				5CD1291310B3C7F5C8557F20 /* libPods-Swig-Pod.a */,
				F493CF3E93CAF126C61F4AA5 /* libPods-Swig-PodTests.a */,
			);
			name = Frameworks;
			sourceTree = "<group>";
		};
		6003F593195388D20070C39A /* Swig */ = {
			isa = PBXGroup;
			children = (
				6003F59C195388D20070C39A /* SWAppDelegate.h */,
				6003F59D195388D20070C39A /* SWAppDelegate.m */,
				6003F59F195388D20070C39A /* Main_iPhone.storyboard */,
				6003F5A5195388D20070C39A /* SWViewController.h */,
				6003F5A6195388D20070C39A /* SWViewController.m */,
				6003F5A8195388D20070C39A /* Images.xcassets */,
				6003F594195388D20070C39A /* Supporting Files */,
			);
			path = Swig;
			sourceTree = "<group>";
		};
		6003F594195388D20070C39A /* Supporting Files */ = {
			isa = PBXGroup;
			children = (
				6003F595195388D20070C39A /* Swig-Info.plist */,
				6003F596195388D20070C39A /* InfoPlist.strings */,
				6003F599195388D20070C39A /* main.m */,
				6003F59B195388D20070C39A /* Swig-Prefix.pch */,
			);
			name = "Supporting Files";
			sourceTree = "<group>";
		};
		60FF7A9C1954A5C5007DD14C /* Podspec Metadata */ = {
			isa = PBXGroup;
			children = (
				0F08AE48C39B4D60B3F5EAB9 /* Swig.podspec */,
				255D1F5915454D01B14E6E84 /* README.md */,
				92FED0AC9ECB4F44906D752B /* LICENSE */,
			);
			name = "Podspec Metadata";
			sourceTree = "<group>";
		};
		BE9D18F9D420803D2A51BFD5 /* Pods */ = {
			isa = PBXGroup;
			children = (
				163C5DB0825CCFE532D353C7 /* Pods-Swig.debug.xcconfig */,
				13CE19D474FB9E04E5A83B66 /* Pods-Swig.release.xcconfig */,
				C3AF021100A61E6B171E89DD /* Pods-Tests.debug.xcconfig */,
				BA3CBD7C3F13131444B77E72 /* Pods-Tests.release.xcconfig */,
				E30759595FB1EFA6D21EEE23 /* Pods-Swig-Swift.debug.xcconfig */,
				D3DA03DD79247CA0E2E03466 /* Pods-Swig-Swift.release.xcconfig */,
				7A3A1D9390CB6FEDE2305AEB /* Pods-Swig-Pod.debug.xcconfig */,
				F720336F7D193E89C8BE9B4B /* Pods-Swig-Pod.release.xcconfig */,
				2879288066F1AE75DB60C80B /* Pods-Swig-PodTests.debug.xcconfig */,
				584E2E85D94A0DA2354E9B90 /* Pods-Swig-PodTests.release.xcconfig */,
			);
			name = Pods;
			sourceTree = "<group>";
		};
/* End PBXGroup section */

/* Begin PBXNativeTarget section */
		065687501A7B2FE400F3037B /* Swig-Swift */ = {
			isa = PBXNativeTarget;
			buildConfigurationList = 065687711A7B2FE400F3037B /* Build configuration list for PBXNativeTarget "Swig-Swift" */;
			buildPhases = (
				6D8CDB58A751AD921C404023 /* Check Pods Manifest.lock */,
				0656874D1A7B2FE400F3037B /* Sources */,
				0656874E1A7B2FE400F3037B /* Frameworks */,
				0656874F1A7B2FE400F3037B /* Resources */,
				17B6653ACB5E9389F8EBF4D0 /* Copy Pods Resources */,
			);
			buildRules = (
			);
			dependencies = (
			);
			name = "Swig-Swift";
			productName = "Swig-Swift";
			productReference = 065687511A7B2FE400F3037B /* Swig-Swift.app */;
			productType = "com.apple.product-type.application";
		};
		065D22FA1A7B5AB0008A280F /* Swig-Pod */ = {
			isa = PBXNativeTarget;
			buildConfigurationList = 065D230C1A7B5AB0008A280F /* Build configuration list for PBXNativeTarget "Swig-Pod" */;
			buildPhases = (
				9003D064BF7DC072A15B6F4A /* Check Pods Manifest.lock */,
				065D22F71A7B5AB0008A280F /* Sources */,
				065D22F81A7B5AB0008A280F /* Frameworks */,
				065D22F91A7B5AB0008A280F /* CopyFiles */,
				014475C385E009E91DE06F68 /* Copy Pods Resources */,
			);
			buildRules = (
			);
			dependencies = (
			);
			name = "Swig-Pod";
			productName = "Swig-Pod";
			productReference = 065D22FB1A7B5AB0008A280F /* libSwig-Pod.a */;
			productType = "com.apple.product-type.library.static";
		};
		065D23151A7B5ADA008A280F /* Swig-PodTests */ = {
			isa = PBXNativeTarget;
			buildConfigurationList = 065D231F1A7B5ADA008A280F /* Build configuration list for PBXNativeTarget "Swig-PodTests" */;
			buildPhases = (
				61DD867C04EB01DE4B66EA2D /* Check Pods Manifest.lock */,
				065D23121A7B5ADA008A280F /* Sources */,
				065D23131A7B5ADA008A280F /* Frameworks */,
				065D23141A7B5ADA008A280F /* Resources */,
				EC0222D0778F0E3B835AB2F0 /* Copy Pods Resources */,
			);
			buildRules = (
			);
			dependencies = (
				065D231E1A7B5ADA008A280F /* PBXTargetDependency */,
			);
			name = "Swig-PodTests";
			productName = "Swig-PodTests";
			productReference = 065D23161A7B5ADA008A280F /* Swig-PodTests.xctest */;
			productType = "com.apple.product-type.bundle.unit-test";
		};
		6003F589195388D20070C39A /* Swig */ = {
			isa = PBXNativeTarget;
			buildConfigurationList = 6003F5BF195388D20070C39A /* Build configuration list for PBXNativeTarget "Swig" */;
			buildPhases = (
				BEB05D3B19964CBD93259B29 /* Check Pods Manifest.lock */,
				6003F586195388D20070C39A /* Sources */,
				6003F587195388D20070C39A /* Frameworks */,
				6003F588195388D20070C39A /* Resources */,
				A92827CE5F054A2D9BE9632B /* Copy Pods Resources */,
			);
			buildRules = (
			);
			dependencies = (
			);
			name = Swig;
			productName = Swig;
			productReference = 6003F58A195388D20070C39A /* Swig.app */;
			productType = "com.apple.product-type.application";
		};
/* End PBXNativeTarget section */

/* Begin PBXProject section */
		6003F582195388D10070C39A /* Project object */ = {
			isa = PBXProject;
			attributes = {
				CLASSPREFIX = SW;
				LastUpgradeCheck = 0510;
				ORGANIZATIONNAME = "Pierre-Marc Airoldi";
				TargetAttributes = {
					065687501A7B2FE400F3037B = {
						CreatedOnToolsVersion = 6.2;
					};
					065D22FA1A7B5AB0008A280F = {
						CreatedOnToolsVersion = 6.1.1;
					};
					065D23151A7B5ADA008A280F = {
						CreatedOnToolsVersion = 6.1.1;
					};
					6003F589195388D20070C39A = {
						SystemCapabilities = {
							com.apple.BackgroundModes = {
								enabled = 1;
							};
						};
					};
				};
			};
			buildConfigurationList = 6003F585195388D10070C39A /* Build configuration list for PBXProject "Swig" */;
			compatibilityVersion = "Xcode 3.2";
			developmentRegion = English;
			hasScannedForEncodings = 0;
			knownRegions = (
				en,
				Base,
			);
			mainGroup = 6003F581195388D10070C39A;
			productRefGroup = 6003F58B195388D20070C39A /* Products */;
			projectDirPath = "";
			projectRoot = "";
			targets = (
				6003F589195388D20070C39A /* Swig */,
				065687501A7B2FE400F3037B /* Swig-Swift */,
				065D22FA1A7B5AB0008A280F /* Swig-Pod */,
				065D23151A7B5ADA008A280F /* Swig-PodTests */,
			);
		};
/* End PBXProject section */

/* Begin PBXResourcesBuildPhase section */
		0656874F1A7B2FE400F3037B /* Resources */ = {
			isa = PBXResourcesBuildPhase;
			buildActionMask = 2147483647;
			files = (
				0656875B1A7B2FE400F3037B /* Main.storyboard in Resources */,
				0656875D1A7B2FE400F3037B /* Images.xcassets in Resources */,
			);
			runOnlyForDeploymentPostprocessing = 0;
		};
		065D23141A7B5ADA008A280F /* Resources */ = {
			isa = PBXResourcesBuildPhase;
			buildActionMask = 2147483647;
			files = (
			);
			runOnlyForDeploymentPostprocessing = 0;
		};
		6003F588195388D20070C39A /* Resources */ = {
			isa = PBXResourcesBuildPhase;
			buildActionMask = 2147483647;
			files = (
				6003F5A9195388D20070C39A /* Images.xcassets in Resources */,
				6003F5A1195388D20070C39A /* Main_iPhone.storyboard in Resources */,
				6003F598195388D20070C39A /* InfoPlist.strings in Resources */,
			);
			runOnlyForDeploymentPostprocessing = 0;
		};
/* End PBXResourcesBuildPhase section */

/* Begin PBXShellScriptBuildPhase section */
		014475C385E009E91DE06F68 /* Copy Pods Resources */ = {
			isa = PBXShellScriptBuildPhase;
			buildActionMask = 2147483647;
			files = (
			);
			inputPaths = (
			);
			name = "Copy Pods Resources";
			outputPaths = (
			);
			runOnlyForDeploymentPostprocessing = 0;
			shellPath = /bin/sh;
			shellScript = "\"${SRCROOT}/Pods/Target Support Files/Pods-Swig-Pod/Pods-Swig-Pod-resources.sh\"\n";
			showEnvVarsInLog = 0;
		};
		17B6653ACB5E9389F8EBF4D0 /* Copy Pods Resources */ = {
			isa = PBXShellScriptBuildPhase;
			buildActionMask = 2147483647;
			files = (
			);
			inputPaths = (
			);
			name = "Copy Pods Resources";
			outputPaths = (
			);
			runOnlyForDeploymentPostprocessing = 0;
			shellPath = /bin/sh;
			shellScript = "\"${SRCROOT}/Pods/Target Support Files/Pods-Swig-Swift/Pods-Swig-Swift-resources.sh\"\n";
			showEnvVarsInLog = 0;
		};
		61DD867C04EB01DE4B66EA2D /* Check Pods Manifest.lock */ = {
			isa = PBXShellScriptBuildPhase;
			buildActionMask = 2147483647;
			files = (
			);
			inputPaths = (
			);
			name = "Check Pods Manifest.lock";
			outputPaths = (
			);
			runOnlyForDeploymentPostprocessing = 0;
			shellPath = /bin/sh;
			shellScript = "diff \"${PODS_ROOT}/../Podfile.lock\" \"${PODS_ROOT}/Manifest.lock\" > /dev/null\nif [[ $? != 0 ]] ; then\n    cat << EOM\nerror: The sandbox is not in sync with the Podfile.lock. Run 'pod install' or update your CocoaPods installation.\nEOM\n    exit 1\nfi\n";
			showEnvVarsInLog = 0;
		};
		6D8CDB58A751AD921C404023 /* Check Pods Manifest.lock */ = {
			isa = PBXShellScriptBuildPhase;
			buildActionMask = 2147483647;
			files = (
			);
			inputPaths = (
			);
			name = "Check Pods Manifest.lock";
			outputPaths = (
			);
			runOnlyForDeploymentPostprocessing = 0;
			shellPath = /bin/sh;
			shellScript = "diff \"${PODS_ROOT}/../Podfile.lock\" \"${PODS_ROOT}/Manifest.lock\" > /dev/null\nif [[ $? != 0 ]] ; then\n    cat << EOM\nerror: The sandbox is not in sync with the Podfile.lock. Run 'pod install' or update your CocoaPods installation.\nEOM\n    exit 1\nfi\n";
			showEnvVarsInLog = 0;
		};
		9003D064BF7DC072A15B6F4A /* Check Pods Manifest.lock */ = {
			isa = PBXShellScriptBuildPhase;
			buildActionMask = 2147483647;
			files = (
			);
			inputPaths = (
			);
			name = "Check Pods Manifest.lock";
			outputPaths = (
			);
			runOnlyForDeploymentPostprocessing = 0;
			shellPath = /bin/sh;
			shellScript = "diff \"${PODS_ROOT}/../Podfile.lock\" \"${PODS_ROOT}/Manifest.lock\" > /dev/null\nif [[ $? != 0 ]] ; then\n    cat << EOM\nerror: The sandbox is not in sync with the Podfile.lock. Run 'pod install' or update your CocoaPods installation.\nEOM\n    exit 1\nfi\n";
			showEnvVarsInLog = 0;
		};
		A92827CE5F054A2D9BE9632B /* Copy Pods Resources */ = {
			isa = PBXShellScriptBuildPhase;
			buildActionMask = 2147483647;
			files = (
			);
			inputPaths = (
			);
			name = "Copy Pods Resources";
			outputPaths = (
			);
			runOnlyForDeploymentPostprocessing = 0;
			shellPath = /bin/sh;
			shellScript = "\"${SRCROOT}/Pods/Target Support Files/Pods-Swig/Pods-Swig-resources.sh\"\n";
			showEnvVarsInLog = 0;
		};
		BEB05D3B19964CBD93259B29 /* Check Pods Manifest.lock */ = {
			isa = PBXShellScriptBuildPhase;
			buildActionMask = 2147483647;
			files = (
			);
			inputPaths = (
			);
			name = "Check Pods Manifest.lock";
			outputPaths = (
			);
			runOnlyForDeploymentPostprocessing = 0;
			shellPath = /bin/sh;
			shellScript = "diff \"${PODS_ROOT}/../Podfile.lock\" \"${PODS_ROOT}/Manifest.lock\" > /dev/null\nif [[ $? != 0 ]] ; then\n    cat << EOM\nerror: The sandbox is not in sync with the Podfile.lock. Run 'pod install' or update your CocoaPods installation.\nEOM\n    exit 1\nfi\n";
			showEnvVarsInLog = 0;
		};
		EC0222D0778F0E3B835AB2F0 /* Copy Pods Resources */ = {
			isa = PBXShellScriptBuildPhase;
			buildActionMask = 2147483647;
			files = (
			);
			inputPaths = (
			);
			name = "Copy Pods Resources";
			outputPaths = (
			);
			runOnlyForDeploymentPostprocessing = 0;
			shellPath = /bin/sh;
			shellScript = "\"${SRCROOT}/Pods/Target Support Files/Pods-Swig-PodTests/Pods-Swig-PodTests-resources.sh\"\n";
			showEnvVarsInLog = 0;
		};
/* End PBXShellScriptBuildPhase section */

/* Begin PBXSourcesBuildPhase section */
		0656874D1A7B2FE400F3037B /* Sources */ = {
			isa = PBXSourcesBuildPhase;
			buildActionMask = 2147483647;
			files = (
				065687581A7B2FE400F3037B /* ViewController.swift in Sources */,
				065687561A7B2FE400F3037B /* AppDelegate.swift in Sources */,
			);
			runOnlyForDeploymentPostprocessing = 0;
		};
		065D22F71A7B5AB0008A280F /* Sources */ = {
			isa = PBXSourcesBuildPhase;
			buildActionMask = 2147483647;
			files = (
				065D235A1A7B5B01008A280F /* SWEndpoint.m in Sources */,
				065D235B1A7B5B01008A280F /* SWEndpointConfiguration.m in Sources */,
				065D235E1A7B5B01008A280F /* SharkfoodMuteSwitchDetector.m in Sources */,
				065D23571A7B5B01008A280F /* SWRingback.m in Sources */,
				065D23591A7B5B01008A280F /* NSString+PJString.m in Sources */,
				065D235C1A7B5B01008A280F /* SWTransportConfiguration.m in Sources */,
				065D23551A7B5B01008A280F /* SWMutableCall.m in Sources */,
				065D23541A7B5B01008A280F /* SWContact.m in Sources */,
				065D23521A7B5B01008A280F /* SWAccountConfiguration.m in Sources */,
				065D23511A7B5B01008A280F /* SWAccount.m in Sources */,
				065D23531A7B5B01008A280F /* SWCall.m in Sources */,
				065D23561A7B5B01008A280F /* SWMutableContact.m in Sources */,
				065D235D1A7B5B01008A280F /* SWUriFormatter.m in Sources */,
				065D23581A7B5B01008A280F /* SWRingtone.m in Sources */,
			);
			runOnlyForDeploymentPostprocessing = 0;
		};
		065D23121A7B5ADA008A280F /* Sources */ = {
			isa = PBXSourcesBuildPhase;
			buildActionMask = 2147483647;
			files = (
				065D23621A7B5B22008A280F /* SWUriFormatterTests.swift in Sources */,
				065D23611A7B5B22008A280F /* SWEndpointTests.swift in Sources */,
			);
			runOnlyForDeploymentPostprocessing = 0;
		};
		6003F586195388D20070C39A /* Sources */ = {
			isa = PBXSourcesBuildPhase;
			buildActionMask = 2147483647;
			files = (
				6003F59E195388D20070C39A /* SWAppDelegate.m in Sources */,
				6003F5A7195388D20070C39A /* SWViewController.m in Sources */,
				6003F59A195388D20070C39A /* main.m in Sources */,
			);
			runOnlyForDeploymentPostprocessing = 0;
		};
/* End PBXSourcesBuildPhase section */

/* Begin PBXTargetDependency section */
		065D231E1A7B5ADA008A280F /* PBXTargetDependency */ = {
			isa = PBXTargetDependency;
			target = 065D22FA1A7B5AB0008A280F /* Swig-Pod */;
			targetProxy = 065D231D1A7B5ADA008A280F /* PBXContainerItemProxy */;
		};
/* End PBXTargetDependency section */

/* Begin PBXVariantGroup section */
		065687591A7B2FE400F3037B /* Main.storyboard */ = {
			isa = PBXVariantGroup;
			children = (
				0656875A1A7B2FE400F3037B /* Base */,
			);
			name = Main.storyboard;
			sourceTree = "<group>";
		};
		6003F596195388D20070C39A /* InfoPlist.strings */ = {
			isa = PBXVariantGroup;
			children = (
				6003F597195388D20070C39A /* en */,
			);
			name = InfoPlist.strings;
			sourceTree = "<group>";
		};
		6003F59F195388D20070C39A /* Main_iPhone.storyboard */ = {
			isa = PBXVariantGroup;
			children = (
				6003F5A0195388D20070C39A /* Base */,
			);
			name = Main_iPhone.storyboard;
			sourceTree = "<group>";
		};
/* End PBXVariantGroup section */

/* Begin XCBuildConfiguration section */
		0656876D1A7B2FE400F3037B /* Debug */ = {
			isa = XCBuildConfiguration;
			baseConfigurationReference = E30759595FB1EFA6D21EEE23 /* Pods-Swig-Swift.debug.xcconfig */;
			buildSettings = {
				ASSETCATALOG_COMPILER_APPICON_NAME = AppIcon;
				ASSETCATALOG_COMPILER_LAUNCHIMAGE_NAME = LaunchImage;
				CLANG_WARN_UNREACHABLE_CODE = YES;
				ENABLE_STRICT_OBJC_MSGSEND = YES;
				GCC_PREPROCESSOR_DEFINITIONS = (
					"DEBUG=1",
					"$(inherited)",
				);
				INFOPLIST_FILE = "Swig-Swift/Info.plist";
				IPHONEOS_DEPLOYMENT_TARGET = 7.0;
				LD_RUNPATH_SEARCH_PATHS = "$(inherited) @executable_path/Frameworks";
				MTL_ENABLE_DEBUG_INFO = YES;
				PRODUCT_NAME = "$(TARGET_NAME)";
				SWIFT_OBJC_BRIDGING_HEADER = "Swig-Bridging-Header.h";
				SWIFT_OPTIMIZATION_LEVEL = "-Onone";
			};
			name = Debug;
		};
		0656876E1A7B2FE400F3037B /* Release */ = {
			isa = XCBuildConfiguration;
			baseConfigurationReference = D3DA03DD79247CA0E2E03466 /* Pods-Swig-Swift.release.xcconfig */;
			buildSettings = {
				ASSETCATALOG_COMPILER_APPICON_NAME = AppIcon;
				ASSETCATALOG_COMPILER_LAUNCHIMAGE_NAME = LaunchImage;
				CLANG_WARN_UNREACHABLE_CODE = YES;
				COPY_PHASE_STRIP = NO;
				ENABLE_STRICT_OBJC_MSGSEND = YES;
				INFOPLIST_FILE = "Swig-Swift/Info.plist";
				IPHONEOS_DEPLOYMENT_TARGET = 7.0;
				LD_RUNPATH_SEARCH_PATHS = "$(inherited) @executable_path/Frameworks";
				MTL_ENABLE_DEBUG_INFO = NO;
				PRODUCT_NAME = "$(TARGET_NAME)";
				SWIFT_OBJC_BRIDGING_HEADER = "Swig-Bridging-Header.h";
			};
			name = Release;
		};
		065D230D1A7B5AB0008A280F /* Debug */ = {
			isa = XCBuildConfiguration;
			baseConfigurationReference = 7A3A1D9390CB6FEDE2305AEB /* Pods-Swig-Pod.debug.xcconfig */;
			buildSettings = {
				CLANG_WARN_UNREACHABLE_CODE = YES;
				ENABLE_STRICT_OBJC_MSGSEND = YES;
				GCC_PREPROCESSOR_DEFINITIONS = (
					"DEBUG=1",
					"$(inherited)",
				);
				IPHONEOS_DEPLOYMENT_TARGET = 8.1;
				MTL_ENABLE_DEBUG_INFO = YES;
				OTHER_LDFLAGS = (
					"$(inherited)",
					"-ObjC",
				);
				PRODUCT_NAME = "$(TARGET_NAME)";
				SKIP_INSTALL = YES;
			};
			name = Debug;
		};
		065D230E1A7B5AB0008A280F /* Release */ = {
			isa = XCBuildConfiguration;
			baseConfigurationReference = F720336F7D193E89C8BE9B4B /* Pods-Swig-Pod.release.xcconfig */;
			buildSettings = {
				CLANG_WARN_UNREACHABLE_CODE = YES;
				ENABLE_STRICT_OBJC_MSGSEND = YES;
				IPHONEOS_DEPLOYMENT_TARGET = 8.1;
				MTL_ENABLE_DEBUG_INFO = NO;
				OTHER_LDFLAGS = (
					"$(inherited)",
					"-ObjC",
				);
				PRODUCT_NAME = "$(TARGET_NAME)";
				SKIP_INSTALL = YES;
			};
			name = Release;
		};
		065D23201A7B5ADA008A280F /* Debug */ = {
			isa = XCBuildConfiguration;
			baseConfigurationReference = 2879288066F1AE75DB60C80B /* Pods-Swig-PodTests.debug.xcconfig */;
			buildSettings = {
				CLANG_WARN_UNREACHABLE_CODE = YES;
				ENABLE_STRICT_OBJC_MSGSEND = YES;
				FRAMEWORK_SEARCH_PATHS = (
					"$(SDKROOT)/Developer/Library/Frameworks",
					"$(inherited)",
				);
				GCC_PREPROCESSOR_DEFINITIONS = (
					"DEBUG=1",
					"$(inherited)",
				);
				INFOPLIST_FILE = "Swig-PodTests/Info.plist";
				IPHONEOS_DEPLOYMENT_TARGET = 8.1;
				LD_RUNPATH_SEARCH_PATHS = "$(inherited) @executable_path/Frameworks @loader_path/Frameworks";
				MTL_ENABLE_DEBUG_INFO = YES;
				PRODUCT_NAME = "$(TARGET_NAME)";
				SWIFT_OBJC_BRIDGING_HEADER = "../Pod/Swig-Bridging-Header.h";
				SWIFT_OPTIMIZATION_LEVEL = "-Onone";
			};
			name = Debug;
		};
		065D23211A7B5ADA008A280F /* Release */ = {
			isa = XCBuildConfiguration;
			baseConfigurationReference = 584E2E85D94A0DA2354E9B90 /* Pods-Swig-PodTests.release.xcconfig */;
			buildSettings = {
				CLANG_WARN_UNREACHABLE_CODE = YES;
				ENABLE_STRICT_OBJC_MSGSEND = YES;
				FRAMEWORK_SEARCH_PATHS = (
					"$(SDKROOT)/Developer/Library/Frameworks",
					"$(inherited)",
				);
				INFOPLIST_FILE = "Swig-PodTests/Info.plist";
				IPHONEOS_DEPLOYMENT_TARGET = 8.1;
				LD_RUNPATH_SEARCH_PATHS = "$(inherited) @executable_path/Frameworks @loader_path/Frameworks";
				MTL_ENABLE_DEBUG_INFO = NO;
				PRODUCT_NAME = "$(TARGET_NAME)";
				SWIFT_OBJC_BRIDGING_HEADER = "../Pod/Swig-Bridging-Header.h";
			};
			name = Release;
		};
		6003F5BD195388D20070C39A /* Debug */ = {
			isa = XCBuildConfiguration;
			buildSettings = {
				ALWAYS_SEARCH_USER_PATHS = NO;
				CLANG_CXX_LANGUAGE_STANDARD = "gnu++0x";
				CLANG_CXX_LIBRARY = "libc++";
				CLANG_ENABLE_MODULES = YES;
				CLANG_ENABLE_OBJC_ARC = YES;
				CLANG_WARN_BOOL_CONVERSION = YES;
				CLANG_WARN_CONSTANT_CONVERSION = YES;
				CLANG_WARN_DIRECT_OBJC_ISA_USAGE = YES_ERROR;
				CLANG_WARN_EMPTY_BODY = YES;
				CLANG_WARN_ENUM_CONVERSION = YES;
				CLANG_WARN_INT_CONVERSION = YES;
				CLANG_WARN_OBJC_ROOT_CLASS = YES_ERROR;
				CLANG_WARN__DUPLICATE_METHOD_MATCH = YES;
				"CODE_SIGN_IDENTITY[sdk=iphoneos*]" = "iPhone Developer";
				COPY_PHASE_STRIP = NO;
				GCC_C_LANGUAGE_STANDARD = gnu99;
				GCC_DYNAMIC_NO_PIC = NO;
				GCC_OPTIMIZATION_LEVEL = 0;
				GCC_PREPROCESSOR_DEFINITIONS = (
					"DEBUG=1",
					"$(inherited)",
				);
				GCC_SYMBOLS_PRIVATE_EXTERN = NO;
				GCC_WARN_64_TO_32_BIT_CONVERSION = YES;
				GCC_WARN_ABOUT_RETURN_TYPE = YES_ERROR;
				GCC_WARN_UNDECLARED_SELECTOR = YES;
				GCC_WARN_UNINITIALIZED_AUTOS = YES_AGGRESSIVE;
				GCC_WARN_UNUSED_FUNCTION = YES;
				GCC_WARN_UNUSED_VARIABLE = YES;
				IPHONEOS_DEPLOYMENT_TARGET = 7.1;
				ONLY_ACTIVE_ARCH = YES;
				SDKROOT = iphoneos;
				SWIFT_OBJC_BRIDGING_HEADER = "";
				TARGETED_DEVICE_FAMILY = "1,2";
			};
			name = Debug;
		};
		6003F5BE195388D20070C39A /* Release */ = {
			isa = XCBuildConfiguration;
			buildSettings = {
				ALWAYS_SEARCH_USER_PATHS = NO;
				CLANG_CXX_LANGUAGE_STANDARD = "gnu++0x";
				CLANG_CXX_LIBRARY = "libc++";
				CLANG_ENABLE_MODULES = YES;
				CLANG_ENABLE_OBJC_ARC = YES;
				CLANG_WARN_BOOL_CONVERSION = YES;
				CLANG_WARN_CONSTANT_CONVERSION = YES;
				CLANG_WARN_DIRECT_OBJC_ISA_USAGE = YES_ERROR;
				CLANG_WARN_EMPTY_BODY = YES;
				CLANG_WARN_ENUM_CONVERSION = YES;
				CLANG_WARN_INT_CONVERSION = YES;
				CLANG_WARN_OBJC_ROOT_CLASS = YES_ERROR;
				CLANG_WARN__DUPLICATE_METHOD_MATCH = YES;
				"CODE_SIGN_IDENTITY[sdk=iphoneos*]" = "iPhone Developer";
				COPY_PHASE_STRIP = YES;
				ENABLE_NS_ASSERTIONS = NO;
				GCC_C_LANGUAGE_STANDARD = gnu99;
				GCC_WARN_64_TO_32_BIT_CONVERSION = YES;
				GCC_WARN_ABOUT_RETURN_TYPE = YES_ERROR;
				GCC_WARN_UNDECLARED_SELECTOR = YES;
				GCC_WARN_UNINITIALIZED_AUTOS = YES_AGGRESSIVE;
				GCC_WARN_UNUSED_FUNCTION = YES;
				GCC_WARN_UNUSED_VARIABLE = YES;
				IPHONEOS_DEPLOYMENT_TARGET = 7.1;
				SDKROOT = iphoneos;
				SWIFT_OBJC_BRIDGING_HEADER = "";
				TARGETED_DEVICE_FAMILY = "1,2";
				VALIDATE_PRODUCT = YES;
			};
			name = Release;
		};
		6003F5C0195388D20070C39A /* Debug */ = {
			isa = XCBuildConfiguration;
			baseConfigurationReference = 163C5DB0825CCFE532D353C7 /* Pods-Swig.debug.xcconfig */;
			buildSettings = {
				ASSETCATALOG_COMPILER_APPICON_NAME = AppIcon;
				ASSETCATALOG_COMPILER_LAUNCHIMAGE_NAME = LaunchImage;
				CLANG_ENABLE_MODULES = YES;
				GCC_PRECOMPILE_PREFIX_HEADER = YES;
				GCC_PREFIX_HEADER = "Swig/Swig-Prefix.pch";
				INFOPLIST_FILE = "Swig/Swig-Info.plist";
				IPHONEOS_DEPLOYMENT_TARGET = 7.0;
				LD_RUNPATH_SEARCH_PATHS = "$(inherited) @executable_path/Frameworks";
				PRODUCT_NAME = "$(TARGET_NAME)";
				SWIFT_OBJC_BRIDGING_HEADER = "";
				TARGETED_DEVICE_FAMILY = 1;
				WRAPPER_EXTENSION = app;
			};
			name = Debug;
		};
		6003F5C1195388D20070C39A /* Release */ = {
			isa = XCBuildConfiguration;
			baseConfigurationReference = 13CE19D474FB9E04E5A83B66 /* Pods-Swig.release.xcconfig */;
			buildSettings = {
				ASSETCATALOG_COMPILER_APPICON_NAME = AppIcon;
				ASSETCATALOG_COMPILER_LAUNCHIMAGE_NAME = LaunchImage;
				CLANG_ENABLE_MODULES = YES;
				GCC_PRECOMPILE_PREFIX_HEADER = YES;
				GCC_PREFIX_HEADER = "Swig/Swig-Prefix.pch";
				INFOPLIST_FILE = "Swig/Swig-Info.plist";
				IPHONEOS_DEPLOYMENT_TARGET = 7.0;
				LD_RUNPATH_SEARCH_PATHS = "$(inherited) @executable_path/Frameworks";
				PRODUCT_NAME = "$(TARGET_NAME)";
				SWIFT_OBJC_BRIDGING_HEADER = "";
				TARGETED_DEVICE_FAMILY = 1;
				WRAPPER_EXTENSION = app;
			};
			name = Release;
		};
/* End XCBuildConfiguration section */

/* Begin XCConfigurationList section */
		065687711A7B2FE400F3037B /* Build configuration list for PBXNativeTarget "Swig-Swift" */ = {
			isa = XCConfigurationList;
			buildConfigurations = (
				0656876D1A7B2FE400F3037B /* Debug */,
				0656876E1A7B2FE400F3037B /* Release */,
			);
			defaultConfigurationIsVisible = 0;
			defaultConfigurationName = Release;
		};
		065D230C1A7B5AB0008A280F /* Build configuration list for PBXNativeTarget "Swig-Pod" */ = {
			isa = XCConfigurationList;
			buildConfigurations = (
				065D230D1A7B5AB0008A280F /* Debug */,
				065D230E1A7B5AB0008A280F /* Release */,
			);
			defaultConfigurationIsVisible = 0;
			defaultConfigurationName = Release;
		};
		065D231F1A7B5ADA008A280F /* Build configuration list for PBXNativeTarget "Swig-PodTests" */ = {
			isa = XCConfigurationList;
			buildConfigurations = (
				065D23201A7B5ADA008A280F /* Debug */,
				065D23211A7B5ADA008A280F /* Release */,
			);
			defaultConfigurationIsVisible = 0;
			defaultConfigurationName = Release;
		};
		6003F585195388D10070C39A /* Build configuration list for PBXProject "Swig" */ = {
			isa = XCConfigurationList;
			buildConfigurations = (
				6003F5BD195388D20070C39A /* Debug */,
				6003F5BE195388D20070C39A /* Release */,
			);
			defaultConfigurationIsVisible = 0;
			defaultConfigurationName = Release;
		};
		6003F5BF195388D20070C39A /* Build configuration list for PBXNativeTarget "Swig" */ = {
			isa = XCConfigurationList;
			buildConfigurations = (
				6003F5C0195388D20070C39A /* Debug */,
				6003F5C1195388D20070C39A /* Release */,
			);
			defaultConfigurationIsVisible = 0;
			defaultConfigurationName = Release;
		};
/* End XCConfigurationList section */
	};
	rootObject = 6003F582195388D10070C39A /* Project object */;
}
